// !$*UTF8*$!
{
	archiveVersion = 1;
	classes = {
	};
	objectVersion = 46;
	objects = {

/* Begin PBXBuildFile section */
		02591E549A177441AB0AD18C /* PINSetupViewController.swift in Sources */ = {isa = PBXBuildFile; fileRef = C52B0209140E9BD3C1E594D0 /* PINSetupViewController.swift */; };
		0A9B07FC81AAF04B844C7112 /* Albums+DIResolver.swift in Sources */ = {isa = PBXBuildFile; fileRef = EA97D81FD2EAEBAC33B7AF2B /* Albums+DIResolver.swift */; };
		0CB63070DC40AA0296B2C71D /* PINConfirmWireFrame.swift in Sources */ = {isa = PBXBuildFile; fileRef = 93BB0C26FAB2196109DE00FE /* PINConfirmWireFrame.swift */; };
		15E1008187E6DE7A7A6045AA /* Authorisation+DIResolver.swift in Sources */ = {isa = PBXBuildFile; fileRef = BF4B251FDC0E79BF0B10B070 /* Authorisation+DIResolver.swift */; };
		1EB793936023570AE5E12C66 /* OneTimeCodeViewController.swift in Sources */ = {isa = PBXBuildFile; fileRef = 1F20ADA71EB10D7F769790C6 /* OneTimeCodeViewController.swift */; };
		1FCC1AA437232EEEF49BE7D8 /* OneTimeCode+DIResolver.swift in Sources */ = {isa = PBXBuildFile; fileRef = B2770DB8D38B57AC2E2EE568 /* OneTimeCode+DIResolver.swift */; };
		281E789C35C1B73B56091702 /* PINConfirmInteractor.swift in Sources */ = {isa = PBXBuildFile; fileRef = 0B50B9C9537AD964B32B77EE /* PINConfirmInteractor.swift */; };
		31A2BD8DA724BE4AAAF0BB4C /* SSAlbumsInteractor.swift in Sources */ = {isa = PBXBuildFile; fileRef = F73E2441FF0FC51C919A15ED /* SSAlbumsInteractor.swift */; };
		32E9B2F781F2E13BA673662B /* PINSetupWireFrame.swift in Sources */ = {isa = PBXBuildFile; fileRef = 92C56700715980E2F16CA97C /* PINSetupWireFrame.swift */; };
		40C50E4F24512BC044BB3DEF /* MasterPasswordWireFrame.swift in Sources */ = {isa = PBXBuildFile; fileRef = AD7A1955165F77E52006A391 /* MasterPasswordWireFrame.swift */; };
		476D6274619001A99BE3C8CB /* OneTimeCodeWireFrame.swift in Sources */ = {isa = PBXBuildFile; fileRef = DF9EA79564F5F41566D6E92A /* OneTimeCodeWireFrame.swift */; };
		48B8B6D26D3AE607A5DA7040 /* MasterPassword+DIResolver.swift in Sources */ = {isa = PBXBuildFile; fileRef = 446ECD42A5EBC80430DEDA7F /* MasterPassword+DIResolver.swift */; };
		4F30A159482A60DD140ACB0F /* MasterPasswordProtocols.swift in Sources */ = {isa = PBXBuildFile; fileRef = 71E6BF7A932DAF814F2F5CA8 /* MasterPasswordProtocols.swift */; };
		50DFC3EA375EDCD75D7EE36E /* StartScreenViewController.swift in Sources */ = {isa = PBXBuildFile; fileRef = 6ACC5F99DA5B9550360309D4 /* StartScreenViewController.swift */; };
		53AB7586C5C8FB4220810D1A /* PINConfirm+DIResolver.swift in Sources */ = {isa = PBXBuildFile; fileRef = A0E2CBF447EA9442D3B2E02E /* PINConfirm+DIResolver.swift */; };
		5BF81DCE16149036719F01BD /* Pods_SecurePlace2UITests.framework in Frameworks */ = {isa = PBXBuildFile; fileRef = A1AF62B46DFD0E556B493460 /* Pods_SecurePlace2UITests.framework */; };
		5F770B63EC9642DC509D1700 /* PINSetupProtocols.swift in Sources */ = {isa = PBXBuildFile; fileRef = FA4176573BE30F8A818A004A /* PINSetupProtocols.swift */; };
		644D7A47F5053F3B6F53A1C5 /* Pods_SecurePlace2.framework in Frameworks */ = {isa = PBXBuildFile; fileRef = 042F932CA3B3425C5FD60228 /* Pods_SecurePlace2.framework */; };
		68B37E41E8D3B2E77BB9ED21 /* MasterPasswordInteractor.swift in Sources */ = {isa = PBXBuildFile; fileRef = BBC0D4028B3F29B2CCE35030 /* MasterPasswordInteractor.swift */; };
		6CF2B58EEA08A728686216B7 /* PINConfirmPresenter.swift in Sources */ = {isa = PBXBuildFile; fileRef = 5989C7A8F4C19EFEF8572602 /* PINConfirmPresenter.swift */; };
		77B58BD6637B726D817689E0 /* OneTimeCodeInteractor.swift in Sources */ = {isa = PBXBuildFile; fileRef = 3547C9E5EC87B50889A3BA91 /* OneTimeCodeInteractor.swift */; };
		86925EA765863C74E3675B56 /* StartScreenWireFrame.swift in Sources */ = {isa = PBXBuildFile; fileRef = 781C9358D26852BE14F7579E /* StartScreenWireFrame.swift */; };
		8B83C28F7F7D035A56691620 /* OneTimeCodeProtocols.swift in Sources */ = {isa = PBXBuildFile; fileRef = 0A59D1D970570823632684BE /* OneTimeCodeProtocols.swift */; };
		8E61625AF5FF83DF2CE2AA88 /* StartScreenInteractor.swift in Sources */ = {isa = PBXBuildFile; fileRef = 64BE3F883BFDA66FDF3179FD /* StartScreenInteractor.swift */; };
		8E74C342A6629E43220E335A /* SSAlbumsPresenter.swift in Sources */ = {isa = PBXBuildFile; fileRef = 8021EB019669A2BC6C9267BC /* SSAlbumsPresenter.swift */; };
		9FB7ACA5357449F43662EF3F /* OneTimeCodePresenter.swift in Sources */ = {isa = PBXBuildFile; fileRef = 4C1646A2E56A109CDD6CFDFA /* OneTimeCodePresenter.swift */; };
		ADC9D257B1368CBAB5EB389C /* MasterPasswordViewController.swift in Sources */ = {isa = PBXBuildFile; fileRef = 37689FDB60AF9D014A89836B /* MasterPasswordViewController.swift */; };
		B021A370F95BD675B2120C2B /* SSAlbumsWireFrame.swift in Sources */ = {isa = PBXBuildFile; fileRef = 64A45E515F4034EEC7E35495 /* SSAlbumsWireFrame.swift */; };
		B1127ED6225C95F20023D0AE /* AccountManager.swift in Sources */ = {isa = PBXBuildFile; fileRef = B1127ECA225C95F20023D0AE /* AccountManager.swift */; };
		B1127ED7225C95F20023D0AE /* NetworkRequest.swift in Sources */ = {isa = PBXBuildFile; fileRef = B1127ECD225C95F20023D0AE /* NetworkRequest.swift */; };
		B1127ED8225C95F20023D0AE /* NetworkTarget.swift in Sources */ = {isa = PBXBuildFile; fileRef = B1127ECF225C95F20023D0AE /* NetworkTarget.swift */; };
		B1127ED9225C95F20023D0AE /* NetworkRequestWrapper.swift in Sources */ = {isa = PBXBuildFile; fileRef = B1127ED0225C95F20023D0AE /* NetworkRequestWrapper.swift */; };
		B1127EDA225C95F20023D0AE /* NetworkError.swift in Sources */ = {isa = PBXBuildFile; fileRef = B1127ED2225C95F20023D0AE /* NetworkError.swift */; };
		B1127EDB225C95F20023D0AE /* AuthTokenRefresher.swift in Sources */ = {isa = PBXBuildFile; fileRef = B1127ED4225C95F20023D0AE /* AuthTokenRefresher.swift */; };
		B1127EDE225C97080023D0AE /* NetworkRequestProvider.swift in Sources */ = {isa = PBXBuildFile; fileRef = B1127EDD225C97080023D0AE /* NetworkRequestProvider.swift */; };
		B1127EE0225C972A0023D0AE /* NetworkRequestProviderProtocols.swift in Sources */ = {isa = PBXBuildFile; fileRef = B1127EDF225C972A0023D0AE /* NetworkRequestProviderProtocols.swift */; };
		B1127EE2225C9F5C0023D0AE /* Colors.swift in Sources */ = {isa = PBXBuildFile; fileRef = B1127EE1225C9F5C0023D0AE /* Colors.swift */; };
		B114596622835CB3008EAF69 /* Extensions.swift in Sources */ = {isa = PBXBuildFile; fileRef = B114596522835CB3008EAF69 /* Extensions.swift */; };
		B11ECCA0225B42E500B2CC4E /* AppDelegate.swift in Sources */ = {isa = PBXBuildFile; fileRef = B11ECC9F225B42E500B2CC4E /* AppDelegate.swift */; };
		B11ECCA2225B42E500B2CC4E /* ViewController.swift in Sources */ = {isa = PBXBuildFile; fileRef = B11ECCA1225B42E500B2CC4E /* ViewController.swift */; };
		B11ECCA5225B42E500B2CC4E /* Main.storyboard in Resources */ = {isa = PBXBuildFile; fileRef = B11ECCA3225B42E500B2CC4E /* Main.storyboard */; };
		B11ECCA7225B42E700B2CC4E /* Assets.xcassets in Resources */ = {isa = PBXBuildFile; fileRef = B11ECCA6225B42E700B2CC4E /* Assets.xcassets */; };
		B11ECCAA225B42E700B2CC4E /* LaunchScreen.storyboard in Resources */ = {isa = PBXBuildFile; fileRef = B11ECCA8225B42E700B2CC4E /* LaunchScreen.storyboard */; };
		B11ECCB5225B42E700B2CC4E /* SecurePlace2Tests.swift in Sources */ = {isa = PBXBuildFile; fileRef = B11ECCB4225B42E700B2CC4E /* SecurePlace2Tests.swift */; };
		B11ECCC0225B42E700B2CC4E /* SecurePlace2UITests.swift in Sources */ = {isa = PBXBuildFile; fileRef = B11ECCBF225B42E700B2CC4E /* SecurePlace2UITests.swift */; };
		B11ECD14225B520C00B2CC4E /* BaseWireFrame.swift in Sources */ = {isa = PBXBuildFile; fileRef = B11ECCF8225B520B00B2CC4E /* BaseWireFrame.swift */; };
		B11ECD15225B520C00B2CC4E /* BaseNavigationControllerPresenter.swift in Sources */ = {isa = PBXBuildFile; fileRef = B11ECCFB225B520B00B2CC4E /* BaseNavigationControllerPresenter.swift */; };
		B11ECD16225B520C00B2CC4E /* BaseNavigationControllerWireFrame.swift in Sources */ = {isa = PBXBuildFile; fileRef = B11ECCFD225B520B00B2CC4E /* BaseNavigationControllerWireFrame.swift */; };
		B11ECD17225B520C00B2CC4E /* BaseNavigationControllerViewController.swift in Sources */ = {isa = PBXBuildFile; fileRef = B11ECCFF225B520B00B2CC4E /* BaseNavigationControllerViewController.swift */; };
		B11ECD18225B520C00B2CC4E /* BaseNavigationControllerProtocols.swift in Sources */ = {isa = PBXBuildFile; fileRef = B11ECD01225B520B00B2CC4E /* BaseNavigationControllerProtocols.swift */; };
		B11ECD19225B520C00B2CC4E /* BaseNavigationControllerInteractor.swift in Sources */ = {isa = PBXBuildFile; fileRef = B11ECD03225B520B00B2CC4E /* BaseNavigationControllerInteractor.swift */; };
		B11ECD1A225B520C00B2CC4E /* BaseViewController.swift in Sources */ = {isa = PBXBuildFile; fileRef = B11ECD04225B520B00B2CC4E /* BaseViewController.swift */; };
		B11ECD1C225B520C00B2CC4E /* BaseInteractor.swift in Sources */ = {isa = PBXBuildFile; fileRef = B11ECD06225B520B00B2CC4E /* BaseInteractor.swift */; };
		B11ECD1E225B520C00B2CC4E /* BasePresenter.swift in Sources */ = {isa = PBXBuildFile; fileRef = B11ECD08225B520B00B2CC4E /* BasePresenter.swift */; };
		B11ECD26225B53CF00B2CC4E /* DIResolver.swift in Sources */ = {isa = PBXBuildFile; fileRef = B11ECD25225B53CE00B2CC4E /* DIResolver.swift */; };
		B136334F23AE91A300DDD935 /* SSPasscode.swift in Sources */ = {isa = PBXBuildFile; fileRef = B136334E23AE91A300DDD935 /* SSPasscode.swift */; };
		B136335223B295E300DDD935 /* KeychainManager.swift in Sources */ = {isa = PBXBuildFile; fileRef = B136335123B295E300DDD935 /* KeychainManager.swift */; };
		B1432E0C02B77327EAEABB7C /* PINConfirmProtocols.swift in Sources */ = {isa = PBXBuildFile; fileRef = B05FCAD1479C2C0B8F24C1CD /* PINConfirmProtocols.swift */; };
		B14AA1A3225E2B530073BA54 /* SSTextField.swift in Sources */ = {isa = PBXBuildFile; fileRef = B14AA1A2225E2B530073BA54 /* SSTextField.swift */; };
		B1621AA1234CE3D5008F6AC3 /* BaseScrollViewController.swift in Sources */ = {isa = PBXBuildFile; fileRef = B1621AA0234CE3D5008F6AC3 /* BaseScrollViewController.swift */; };
		B181EBCD2268ED2000DF8FE3 /* AES256Crypter.swift in Sources */ = {isa = PBXBuildFile; fileRef = B181EBCC2268ED2000DF8FE3 /* AES256Crypter.swift */; };
		B181EBD022690E2000DF8FE3 /* ReceiptManager.swift in Sources */ = {isa = PBXBuildFile; fileRef = B181EBCF22690E2000DF8FE3 /* ReceiptManager.swift */; };
		B190682E233F8F6A0085BA59 /* SignInApiRequest.swift in Sources */ = {isa = PBXBuildFile; fileRef = B190682D233F8F6A0085BA59 /* SignInApiRequest.swift */; };
		B199857E23B6DCEA0064739D /* CheckOneTimeCodeApiResponseModel.swift in Sources */ = {isa = PBXBuildFile; fileRef = B199857D23B6DCEA0064739D /* CheckOneTimeCodeApiResponseModel.swift */; };
		B199858023B807CE0064739D /* NetworkProvider+Account.swift in Sources */ = {isa = PBXBuildFile; fileRef = B199857F23B807CE0064739D /* NetworkProvider+Account.swift */; };
		B199858323B809FC0064739D /* CheckOneTimeCodeApiRequest.swift in Sources */ = {isa = PBXBuildFile; fileRef = B199858223B809FC0064739D /* CheckOneTimeCodeApiRequest.swift */; };
		B199858623B80FA30064739D /* CheckOneTimeCodeModel.swift in Sources */ = {isa = PBXBuildFile; fileRef = B199858523B80FA30064739D /* CheckOneTimeCodeModel.swift */; };
		B1A253602341F39800593A2F /* SignUpPositiveModel.swift in Sources */ = {isa = PBXBuildFile; fileRef = B1A2535F2341F39800593A2F /* SignUpPositiveModel.swift */; };
		B1AF91922265C52600FB22B8 /* GroceryListPendingTasksFactory.swift in Sources */ = {isa = PBXBuildFile; fileRef = B1AF91912265C52600FB22B8 /* GroceryListPendingTasksFactory.swift */; };
		B1AF91942265C57700FB22B8 /* CreateGroceryListItemPendingTask.swift in Sources */ = {isa = PBXBuildFile; fileRef = B1AF91932265C57700FB22B8 /* CreateGroceryListItemPendingTask.swift */; };
		B1CFF71F225DC4330076C44C /* MailPresenter.swift in Sources */ = {isa = PBXBuildFile; fileRef = B1CFF715225DC4330076C44C /* MailPresenter.swift */; };
		B1CFF720225DC4330076C44C /* MailWireFrame.swift in Sources */ = {isa = PBXBuildFile; fileRef = B1CFF717225DC4330076C44C /* MailWireFrame.swift */; };
		B1CFF721225DC4330076C44C /* Mail+DIResolver.swift in Sources */ = {isa = PBXBuildFile; fileRef = B1CFF718225DC4330076C44C /* Mail+DIResolver.swift */; };
		B1CFF722225DC4330076C44C /* MailViewController.swift in Sources */ = {isa = PBXBuildFile; fileRef = B1CFF71A225DC4330076C44C /* MailViewController.swift */; };
		B1CFF723225DC4330076C44C /* MailProtocols.swift in Sources */ = {isa = PBXBuildFile; fileRef = B1CFF71C225DC4330076C44C /* MailProtocols.swift */; };
		B1CFF724225DC4330076C44C /* MailInteractor.swift in Sources */ = {isa = PBXBuildFile; fileRef = B1CFF71E225DC4330076C44C /* MailInteractor.swift */; };
		B1F2CEFC2280D45A008E68B5 /* SSTitleLabel.swift in Sources */ = {isa = PBXBuildFile; fileRef = B1F2CEFB2280D45A008E68B5 /* SSTitleLabel.swift */; };
		B1F2CF062281684E008E68B5 /* SSDescriptionLabel.swift in Sources */ = {isa = PBXBuildFile; fileRef = B1F2CF052281684E008E68B5 /* SSDescriptionLabel.swift */; };
		B1F2CF0822816CD5008E68B5 /* SSContinueButton.swift in Sources */ = {isa = PBXBuildFile; fileRef = B1F2CF0722816CD5008E68B5 /* SSContinueButton.swift */; };
		B1FBF203233E82CC00B7F069 /* NetworkProvider+Auth.swift in Sources */ = {isa = PBXBuildFile; fileRef = B1FBF202233E82CC00B7F069 /* NetworkProvider+Auth.swift */; };
		B1FBF20B233EB4B000B7F069 /* SignUpPositiveApiResponseModel.swift in Sources */ = {isa = PBXBuildFile; fileRef = B1FBF20A233EB4B000B7F069 /* SignUpPositiveApiResponseModel.swift */; };
		B1FBF210233EB86E00B7F069 /* SignUpApiRequest.swift in Sources */ = {isa = PBXBuildFile; fileRef = B1FBF20F233EB86E00B7F069 /* SignUpApiRequest.swift */; };
		BD5CE711D51135A2ACE0685F /* SSAlbumsProtocols.swift in Sources */ = {isa = PBXBuildFile; fileRef = 43C866F4C21ADFA9F23EF7DF /* SSAlbumsProtocols.swift */; };
		C69BBCF37F2713280ECE612C /* PINSetupInteractor.swift in Sources */ = {isa = PBXBuildFile; fileRef = D837AC1A11F6C5921454E648 /* PINSetupInteractor.swift */; };
		CB586D0F456877104503CB54 /* PINConfirmViewController.swift in Sources */ = {isa = PBXBuildFile; fileRef = F4C2930347EA014324ABF516 /* PINConfirmViewController.swift */; };
		CD72CEB2FA788A157E177EB4 /* Pods_SecurePlace2Tests.framework in Frameworks */ = {isa = PBXBuildFile; fileRef = D524BBA47152C996CFE63D4F /* Pods_SecurePlace2Tests.framework */; };
		CFD72FB33FEB3CF16A9C1DB8 /* StartScreenProtocols.swift in Sources */ = {isa = PBXBuildFile; fileRef = D97CC00F21A29894421BF8E1 /* StartScreenProtocols.swift */; };
		D5C80321252160C687D01FB3 /* PINSetupPresenter.swift in Sources */ = {isa = PBXBuildFile; fileRef = E7AB6C73095D775BE0FD121D /* PINSetupPresenter.swift */; };
		D7B0D235949881E5D41CD1E4 /* SSAlbumsViewController.swift in Sources */ = {isa = PBXBuildFile; fileRef = BE93E2E7EEAFFB8CC1687A0E /* SSAlbumsViewController.swift */; };
		DF5E3CFE60C1E7F766350DCC /* StartScreenPresenter.swift in Sources */ = {isa = PBXBuildFile; fileRef = E2BC0E359A4022EE849A3C44 /* StartScreenPresenter.swift */; };
		E0012141066D17F4C7E9757F /* PINSetup+DIResolver.swift in Sources */ = {isa = PBXBuildFile; fileRef = 853074D4B5C09B2996F1278C /* PINSetup+DIResolver.swift */; };
		E7149A69DFEA6B5160626312 /* MasterPasswordPresenter.swift in Sources */ = {isa = PBXBuildFile; fileRef = E5F18C6C808FDD9C03CEDB23 /* MasterPasswordPresenter.swift */; };
/* End PBXBuildFile section */

/* Begin PBXContainerItemProxy section */
		B11ECCB1225B42E700B2CC4E /* PBXContainerItemProxy */ = {
			isa = PBXContainerItemProxy;
			containerPortal = B11ECC94225B42E500B2CC4E /* Project object */;
			proxyType = 1;
			remoteGlobalIDString = B11ECC9B225B42E500B2CC4E;
			remoteInfo = SecurePlace2;
		};
		B11ECCBC225B42E700B2CC4E /* PBXContainerItemProxy */ = {
			isa = PBXContainerItemProxy;
			containerPortal = B11ECC94225B42E500B2CC4E /* Project object */;
			proxyType = 1;
			remoteGlobalIDString = B11ECC9B225B42E500B2CC4E;
			remoteInfo = SecurePlace2;
		};
/* End PBXContainerItemProxy section */

/* Begin PBXFileReference section */
		042F932CA3B3425C5FD60228 /* Pods_SecurePlace2.framework */ = {isa = PBXFileReference; explicitFileType = wrapper.framework; includeInIndex = 0; path = Pods_SecurePlace2.framework; sourceTree = BUILT_PRODUCTS_DIR; };
		0A59D1D970570823632684BE /* OneTimeCodeProtocols.swift */ = {isa = PBXFileReference; includeInIndex = 1; lastKnownFileType = sourcecode.swift; path = OneTimeCodeProtocols.swift; sourceTree = "<group>"; };
		0B50B9C9537AD964B32B77EE /* PINConfirmInteractor.swift */ = {isa = PBXFileReference; includeInIndex = 1; lastKnownFileType = sourcecode.swift; path = PINConfirmInteractor.swift; sourceTree = "<group>"; };
		0DCAC7194D6FF4E921CB3858 /* Pods-SecurePlace2.debug.xcconfig */ = {isa = PBXFileReference; includeInIndex = 1; lastKnownFileType = text.xcconfig; name = "Pods-SecurePlace2.debug.xcconfig"; path = "Pods/Target Support Files/Pods-SecurePlace2/Pods-SecurePlace2.debug.xcconfig"; sourceTree = "<group>"; };
		18576D8D7B6371DC86266A36 /* Pods-SecurePlace2.release.xcconfig */ = {isa = PBXFileReference; includeInIndex = 1; lastKnownFileType = text.xcconfig; name = "Pods-SecurePlace2.release.xcconfig"; path = "Pods/Target Support Files/Pods-SecurePlace2/Pods-SecurePlace2.release.xcconfig"; sourceTree = "<group>"; };
		1ABE821EF7B1DD76EB288C4F /* Pods-SecurePlace2Tests.release.xcconfig */ = {isa = PBXFileReference; includeInIndex = 1; lastKnownFileType = text.xcconfig; name = "Pods-SecurePlace2Tests.release.xcconfig"; path = "Pods/Target Support Files/Pods-SecurePlace2Tests/Pods-SecurePlace2Tests.release.xcconfig"; sourceTree = "<group>"; };
		1F20ADA71EB10D7F769790C6 /* OneTimeCodeViewController.swift */ = {isa = PBXFileReference; includeInIndex = 1; lastKnownFileType = sourcecode.swift; path = OneTimeCodeViewController.swift; sourceTree = "<group>"; };
		3547C9E5EC87B50889A3BA91 /* OneTimeCodeInteractor.swift */ = {isa = PBXFileReference; includeInIndex = 1; lastKnownFileType = sourcecode.swift; path = OneTimeCodeInteractor.swift; sourceTree = "<group>"; };
		3738E0B3DC8DBA6927AC2F8F /* Pods-SecurePlace2Tests.debug.xcconfig */ = {isa = PBXFileReference; includeInIndex = 1; lastKnownFileType = text.xcconfig; name = "Pods-SecurePlace2Tests.debug.xcconfig"; path = "Pods/Target Support Files/Pods-SecurePlace2Tests/Pods-SecurePlace2Tests.debug.xcconfig"; sourceTree = "<group>"; };
		37689FDB60AF9D014A89836B /* MasterPasswordViewController.swift */ = {isa = PBXFileReference; includeInIndex = 1; lastKnownFileType = sourcecode.swift; path = MasterPasswordViewController.swift; sourceTree = "<group>"; };
		387D9ECA4C3BC75C254AB373 /* Pods-SecurePlace2UITests.debug.xcconfig */ = {isa = PBXFileReference; includeInIndex = 1; lastKnownFileType = text.xcconfig; name = "Pods-SecurePlace2UITests.debug.xcconfig"; path = "Pods/Target Support Files/Pods-SecurePlace2UITests/Pods-SecurePlace2UITests.debug.xcconfig"; sourceTree = "<group>"; };
		43C866F4C21ADFA9F23EF7DF /* SSAlbumsProtocols.swift */ = {isa = PBXFileReference; includeInIndex = 1; lastKnownFileType = sourcecode.swift; path = SSAlbumsProtocols.swift; sourceTree = "<group>"; };
		446ECD42A5EBC80430DEDA7F /* MasterPassword+DIResolver.swift */ = {isa = PBXFileReference; includeInIndex = 1; lastKnownFileType = sourcecode.swift; path = "MasterPassword+DIResolver.swift"; sourceTree = "<group>"; };
		4A0D77BB0CE786C1EBE7323F /* Pods-SecurePlace2UITests.release.xcconfig */ = {isa = PBXFileReference; includeInIndex = 1; lastKnownFileType = text.xcconfig; name = "Pods-SecurePlace2UITests.release.xcconfig"; path = "Pods/Target Support Files/Pods-SecurePlace2UITests/Pods-SecurePlace2UITests.release.xcconfig"; sourceTree = "<group>"; };
		4C1646A2E56A109CDD6CFDFA /* OneTimeCodePresenter.swift */ = {isa = PBXFileReference; includeInIndex = 1; lastKnownFileType = sourcecode.swift; path = OneTimeCodePresenter.swift; sourceTree = "<group>"; };
		5989C7A8F4C19EFEF8572602 /* PINConfirmPresenter.swift */ = {isa = PBXFileReference; includeInIndex = 1; lastKnownFileType = sourcecode.swift; path = PINConfirmPresenter.swift; sourceTree = "<group>"; };
		64A45E515F4034EEC7E35495 /* SSAlbumsWireFrame.swift */ = {isa = PBXFileReference; includeInIndex = 1; lastKnownFileType = sourcecode.swift; path = SSAlbumsWireFrame.swift; sourceTree = "<group>"; };
		64BE3F883BFDA66FDF3179FD /* StartScreenInteractor.swift */ = {isa = PBXFileReference; includeInIndex = 1; lastKnownFileType = sourcecode.swift; path = StartScreenInteractor.swift; sourceTree = "<group>"; };
		6ACC5F99DA5B9550360309D4 /* StartScreenViewController.swift */ = {isa = PBXFileReference; includeInIndex = 1; lastKnownFileType = sourcecode.swift; path = StartScreenViewController.swift; sourceTree = "<group>"; };
		71E6BF7A932DAF814F2F5CA8 /* MasterPasswordProtocols.swift */ = {isa = PBXFileReference; includeInIndex = 1; lastKnownFileType = sourcecode.swift; path = MasterPasswordProtocols.swift; sourceTree = "<group>"; };
		781C9358D26852BE14F7579E /* StartScreenWireFrame.swift */ = {isa = PBXFileReference; includeInIndex = 1; lastKnownFileType = sourcecode.swift; path = StartScreenWireFrame.swift; sourceTree = "<group>"; };
		8021EB019669A2BC6C9267BC /* SSAlbumsPresenter.swift */ = {isa = PBXFileReference; includeInIndex = 1; lastKnownFileType = sourcecode.swift; path = SSAlbumsPresenter.swift; sourceTree = "<group>"; };
		853074D4B5C09B2996F1278C /* PINSetup+DIResolver.swift */ = {isa = PBXFileReference; includeInIndex = 1; lastKnownFileType = sourcecode.swift; path = "PINSetup+DIResolver.swift"; sourceTree = "<group>"; };
		92C56700715980E2F16CA97C /* PINSetupWireFrame.swift */ = {isa = PBXFileReference; includeInIndex = 1; lastKnownFileType = sourcecode.swift; path = PINSetupWireFrame.swift; sourceTree = "<group>"; };
		93BB0C26FAB2196109DE00FE /* PINConfirmWireFrame.swift */ = {isa = PBXFileReference; includeInIndex = 1; lastKnownFileType = sourcecode.swift; path = PINConfirmWireFrame.swift; sourceTree = "<group>"; };
		A0E2CBF447EA9442D3B2E02E /* PINConfirm+DIResolver.swift */ = {isa = PBXFileReference; includeInIndex = 1; lastKnownFileType = sourcecode.swift; path = "PINConfirm+DIResolver.swift"; sourceTree = "<group>"; };
		A1AF62B46DFD0E556B493460 /* Pods_SecurePlace2UITests.framework */ = {isa = PBXFileReference; explicitFileType = wrapper.framework; includeInIndex = 0; path = Pods_SecurePlace2UITests.framework; sourceTree = BUILT_PRODUCTS_DIR; };
		AD7A1955165F77E52006A391 /* MasterPasswordWireFrame.swift */ = {isa = PBXFileReference; includeInIndex = 1; lastKnownFileType = sourcecode.swift; path = MasterPasswordWireFrame.swift; sourceTree = "<group>"; };
		B05FCAD1479C2C0B8F24C1CD /* PINConfirmProtocols.swift */ = {isa = PBXFileReference; includeInIndex = 1; lastKnownFileType = sourcecode.swift; path = PINConfirmProtocols.swift; sourceTree = "<group>"; };
		B1127ECA225C95F20023D0AE /* AccountManager.swift */ = {isa = PBXFileReference; fileEncoding = 4; lastKnownFileType = sourcecode.swift; path = AccountManager.swift; sourceTree = "<group>"; };
		B1127ECD225C95F20023D0AE /* NetworkRequest.swift */ = {isa = PBXFileReference; fileEncoding = 4; lastKnownFileType = sourcecode.swift; path = NetworkRequest.swift; sourceTree = "<group>"; };
		B1127ECF225C95F20023D0AE /* NetworkTarget.swift */ = {isa = PBXFileReference; fileEncoding = 4; lastKnownFileType = sourcecode.swift; path = NetworkTarget.swift; sourceTree = "<group>"; };
		B1127ED0225C95F20023D0AE /* NetworkRequestWrapper.swift */ = {isa = PBXFileReference; fileEncoding = 4; lastKnownFileType = sourcecode.swift; path = NetworkRequestWrapper.swift; sourceTree = "<group>"; };
		B1127ED2225C95F20023D0AE /* NetworkError.swift */ = {isa = PBXFileReference; fileEncoding = 4; lastKnownFileType = sourcecode.swift; path = NetworkError.swift; sourceTree = "<group>"; };
		B1127ED4225C95F20023D0AE /* AuthTokenRefresher.swift */ = {isa = PBXFileReference; fileEncoding = 4; lastKnownFileType = sourcecode.swift; path = AuthTokenRefresher.swift; sourceTree = "<group>"; };
		B1127EDD225C97080023D0AE /* NetworkRequestProvider.swift */ = {isa = PBXFileReference; fileEncoding = 4; lastKnownFileType = sourcecode.swift; path = NetworkRequestProvider.swift; sourceTree = "<group>"; };
		B1127EDF225C972A0023D0AE /* NetworkRequestProviderProtocols.swift */ = {isa = PBXFileReference; fileEncoding = 4; lastKnownFileType = sourcecode.swift; path = NetworkRequestProviderProtocols.swift; sourceTree = "<group>"; };
		B1127EE1225C9F5C0023D0AE /* Colors.swift */ = {isa = PBXFileReference; lastKnownFileType = sourcecode.swift; path = Colors.swift; sourceTree = "<group>"; };
		B114596522835CB3008EAF69 /* Extensions.swift */ = {isa = PBXFileReference; lastKnownFileType = sourcecode.swift; path = Extensions.swift; sourceTree = "<group>"; };
		B11ECC9C225B42E500B2CC4E /* SecurePlace2.app */ = {isa = PBXFileReference; explicitFileType = wrapper.application; includeInIndex = 0; path = SecurePlace2.app; sourceTree = BUILT_PRODUCTS_DIR; };
		B11ECC9F225B42E500B2CC4E /* AppDelegate.swift */ = {isa = PBXFileReference; lastKnownFileType = sourcecode.swift; path = AppDelegate.swift; sourceTree = "<group>"; };
		B11ECCA1225B42E500B2CC4E /* ViewController.swift */ = {isa = PBXFileReference; lastKnownFileType = sourcecode.swift; path = ViewController.swift; sourceTree = "<group>"; };
		B11ECCA4225B42E500B2CC4E /* Base */ = {isa = PBXFileReference; lastKnownFileType = file.storyboard; name = Base; path = Base.lproj/Main.storyboard; sourceTree = "<group>"; };
		B11ECCA6225B42E700B2CC4E /* Assets.xcassets */ = {isa = PBXFileReference; lastKnownFileType = folder.assetcatalog; path = Assets.xcassets; sourceTree = "<group>"; };
		B11ECCA9225B42E700B2CC4E /* Base */ = {isa = PBXFileReference; lastKnownFileType = file.storyboard; name = Base; path = Base.lproj/LaunchScreen.storyboard; sourceTree = "<group>"; };
		B11ECCAB225B42E700B2CC4E /* Info.plist */ = {isa = PBXFileReference; lastKnownFileType = text.plist.xml; path = Info.plist; sourceTree = "<group>"; };
		B11ECCB0225B42E700B2CC4E /* SecurePlace2Tests.xctest */ = {isa = PBXFileReference; explicitFileType = wrapper.cfbundle; includeInIndex = 0; path = SecurePlace2Tests.xctest; sourceTree = BUILT_PRODUCTS_DIR; };
		B11ECCB4225B42E700B2CC4E /* SecurePlace2Tests.swift */ = {isa = PBXFileReference; lastKnownFileType = sourcecode.swift; path = SecurePlace2Tests.swift; sourceTree = "<group>"; };
		B11ECCB6225B42E700B2CC4E /* Info.plist */ = {isa = PBXFileReference; lastKnownFileType = text.plist.xml; path = Info.plist; sourceTree = "<group>"; };
		B11ECCBB225B42E700B2CC4E /* SecurePlace2UITests.xctest */ = {isa = PBXFileReference; explicitFileType = wrapper.cfbundle; includeInIndex = 0; path = SecurePlace2UITests.xctest; sourceTree = BUILT_PRODUCTS_DIR; };
		B11ECCBF225B42E700B2CC4E /* SecurePlace2UITests.swift */ = {isa = PBXFileReference; lastKnownFileType = sourcecode.swift; path = SecurePlace2UITests.swift; sourceTree = "<group>"; };
		B11ECCC1225B42E700B2CC4E /* Info.plist */ = {isa = PBXFileReference; lastKnownFileType = text.plist.xml; path = Info.plist; sourceTree = "<group>"; };
		B11ECCF8225B520B00B2CC4E /* BaseWireFrame.swift */ = {isa = PBXFileReference; fileEncoding = 4; lastKnownFileType = sourcecode.swift; path = BaseWireFrame.swift; sourceTree = "<group>"; };
		B11ECCFB225B520B00B2CC4E /* BaseNavigationControllerPresenter.swift */ = {isa = PBXFileReference; fileEncoding = 4; lastKnownFileType = sourcecode.swift; path = BaseNavigationControllerPresenter.swift; sourceTree = "<group>"; };
		B11ECCFD225B520B00B2CC4E /* BaseNavigationControllerWireFrame.swift */ = {isa = PBXFileReference; fileEncoding = 4; lastKnownFileType = sourcecode.swift; path = BaseNavigationControllerWireFrame.swift; sourceTree = "<group>"; };
		B11ECCFF225B520B00B2CC4E /* BaseNavigationControllerViewController.swift */ = {isa = PBXFileReference; fileEncoding = 4; lastKnownFileType = sourcecode.swift; path = BaseNavigationControllerViewController.swift; sourceTree = "<group>"; };
		B11ECD01225B520B00B2CC4E /* BaseNavigationControllerProtocols.swift */ = {isa = PBXFileReference; fileEncoding = 4; lastKnownFileType = sourcecode.swift; path = BaseNavigationControllerProtocols.swift; sourceTree = "<group>"; };
		B11ECD03225B520B00B2CC4E /* BaseNavigationControllerInteractor.swift */ = {isa = PBXFileReference; fileEncoding = 4; lastKnownFileType = sourcecode.swift; path = BaseNavigationControllerInteractor.swift; sourceTree = "<group>"; };
		B11ECD04225B520B00B2CC4E /* BaseViewController.swift */ = {isa = PBXFileReference; fileEncoding = 4; lastKnownFileType = sourcecode.swift; path = BaseViewController.swift; sourceTree = "<group>"; };
		B11ECD06225B520B00B2CC4E /* BaseInteractor.swift */ = {isa = PBXFileReference; fileEncoding = 4; lastKnownFileType = sourcecode.swift; path = BaseInteractor.swift; sourceTree = "<group>"; };
		B11ECD08225B520B00B2CC4E /* BasePresenter.swift */ = {isa = PBXFileReference; fileEncoding = 4; lastKnownFileType = sourcecode.swift; path = BasePresenter.swift; sourceTree = "<group>"; };
		B11ECD25225B53CE00B2CC4E /* DIResolver.swift */ = {isa = PBXFileReference; fileEncoding = 4; lastKnownFileType = sourcecode.swift; path = DIResolver.swift; sourceTree = "<group>"; };
		B136334E23AE91A300DDD935 /* SSPasscode.swift */ = {isa = PBXFileReference; lastKnownFileType = sourcecode.swift; path = SSPasscode.swift; sourceTree = "<group>"; };
		B136335123B295E300DDD935 /* KeychainManager.swift */ = {isa = PBXFileReference; lastKnownFileType = sourcecode.swift; path = KeychainManager.swift; sourceTree = "<group>"; };
		B14AA1A2225E2B530073BA54 /* SSTextField.swift */ = {isa = PBXFileReference; lastKnownFileType = sourcecode.swift; path = SSTextField.swift; sourceTree = "<group>"; };
		B1621AA0234CE3D5008F6AC3 /* BaseScrollViewController.swift */ = {isa = PBXFileReference; lastKnownFileType = sourcecode.swift; path = BaseScrollViewController.swift; sourceTree = "<group>"; };
		B181EBC92268EC5600DF8FE3 /* SecurePlace2-Bridging-Header.h */ = {isa = PBXFileReference; lastKnownFileType = sourcecode.c.h; path = "SecurePlace2-Bridging-Header.h"; sourceTree = "<group>"; };
		B181EBCC2268ED2000DF8FE3 /* AES256Crypter.swift */ = {isa = PBXFileReference; lastKnownFileType = sourcecode.swift; path = AES256Crypter.swift; sourceTree = "<group>"; };
		B181EBCF22690E2000DF8FE3 /* ReceiptManager.swift */ = {isa = PBXFileReference; lastKnownFileType = sourcecode.swift; path = ReceiptManager.swift; sourceTree = "<group>"; };
		B190682D233F8F6A0085BA59 /* SignInApiRequest.swift */ = {isa = PBXFileReference; lastKnownFileType = sourcecode.swift; path = SignInApiRequest.swift; sourceTree = "<group>"; };
		B199857D23B6DCEA0064739D /* CheckOneTimeCodeApiResponseModel.swift */ = {isa = PBXFileReference; lastKnownFileType = sourcecode.swift; path = CheckOneTimeCodeApiResponseModel.swift; sourceTree = "<group>"; };
		B199857F23B807CE0064739D /* NetworkProvider+Account.swift */ = {isa = PBXFileReference; lastKnownFileType = sourcecode.swift; path = "NetworkProvider+Account.swift"; sourceTree = "<group>"; };
		B199858223B809FC0064739D /* CheckOneTimeCodeApiRequest.swift */ = {isa = PBXFileReference; lastKnownFileType = sourcecode.swift; path = CheckOneTimeCodeApiRequest.swift; sourceTree = "<group>"; };
		B199858523B80FA30064739D /* CheckOneTimeCodeModel.swift */ = {isa = PBXFileReference; lastKnownFileType = sourcecode.swift; path = CheckOneTimeCodeModel.swift; sourceTree = "<group>"; };
		B1A2535F2341F39800593A2F /* SignUpPositiveModel.swift */ = {isa = PBXFileReference; lastKnownFileType = sourcecode.swift; path = SignUpPositiveModel.swift; sourceTree = "<group>"; };
		B1AF91912265C52600FB22B8 /* GroceryListPendingTasksFactory.swift */ = {isa = PBXFileReference; lastKnownFileType = sourcecode.swift; path = GroceryListPendingTasksFactory.swift; sourceTree = "<group>"; };
		B1AF91932265C57700FB22B8 /* CreateGroceryListItemPendingTask.swift */ = {isa = PBXFileReference; lastKnownFileType = sourcecode.swift; path = CreateGroceryListItemPendingTask.swift; sourceTree = "<group>"; };
		B1CFF715225DC4330076C44C /* MailPresenter.swift */ = {isa = PBXFileReference; fileEncoding = 4; lastKnownFileType = sourcecode.swift; path = MailPresenter.swift; sourceTree = "<group>"; };
		B1CFF717225DC4330076C44C /* MailWireFrame.swift */ = {isa = PBXFileReference; fileEncoding = 4; lastKnownFileType = sourcecode.swift; path = MailWireFrame.swift; sourceTree = "<group>"; };
		B1CFF718225DC4330076C44C /* Mail+DIResolver.swift */ = {isa = PBXFileReference; fileEncoding = 4; lastKnownFileType = sourcecode.swift; path = "Mail+DIResolver.swift"; sourceTree = "<group>"; };
		B1CFF71A225DC4330076C44C /* MailViewController.swift */ = {isa = PBXFileReference; fileEncoding = 4; lastKnownFileType = sourcecode.swift; path = MailViewController.swift; sourceTree = "<group>"; };
		B1CFF71C225DC4330076C44C /* MailProtocols.swift */ = {isa = PBXFileReference; fileEncoding = 4; lastKnownFileType = sourcecode.swift; path = MailProtocols.swift; sourceTree = "<group>"; };
		B1CFF71E225DC4330076C44C /* MailInteractor.swift */ = {isa = PBXFileReference; fileEncoding = 4; lastKnownFileType = sourcecode.swift; path = MailInteractor.swift; sourceTree = "<group>"; };
		B1F2CEFB2280D45A008E68B5 /* SSTitleLabel.swift */ = {isa = PBXFileReference; lastKnownFileType = sourcecode.swift; path = SSTitleLabel.swift; sourceTree = "<group>"; };
		B1F2CF052281684E008E68B5 /* SSDescriptionLabel.swift */ = {isa = PBXFileReference; lastKnownFileType = sourcecode.swift; path = SSDescriptionLabel.swift; sourceTree = "<group>"; };
		B1F2CF0722816CD5008E68B5 /* SSContinueButton.swift */ = {isa = PBXFileReference; lastKnownFileType = sourcecode.swift; path = SSContinueButton.swift; sourceTree = "<group>"; };
		B1FBF202233E82CC00B7F069 /* NetworkProvider+Auth.swift */ = {isa = PBXFileReference; lastKnownFileType = sourcecode.swift; path = "NetworkProvider+Auth.swift"; sourceTree = "<group>"; };
		B1FBF20A233EB4B000B7F069 /* SignUpPositiveApiResponseModel.swift */ = {isa = PBXFileReference; lastKnownFileType = sourcecode.swift; path = SignUpPositiveApiResponseModel.swift; sourceTree = "<group>"; };
		B1FBF20F233EB86E00B7F069 /* SignUpApiRequest.swift */ = {isa = PBXFileReference; lastKnownFileType = sourcecode.swift; path = SignUpApiRequest.swift; sourceTree = "<group>"; };
		B2770DB8D38B57AC2E2EE568 /* OneTimeCode+DIResolver.swift */ = {isa = PBXFileReference; includeInIndex = 1; lastKnownFileType = sourcecode.swift; path = "OneTimeCode+DIResolver.swift"; sourceTree = "<group>"; };
		BBC0D4028B3F29B2CCE35030 /* MasterPasswordInteractor.swift */ = {isa = PBXFileReference; includeInIndex = 1; lastKnownFileType = sourcecode.swift; path = MasterPasswordInteractor.swift; sourceTree = "<group>"; };
		BE93E2E7EEAFFB8CC1687A0E /* SSAlbumsViewController.swift */ = {isa = PBXFileReference; includeInIndex = 1; lastKnownFileType = sourcecode.swift; path = SSAlbumsViewController.swift; sourceTree = "<group>"; };
		BF4B251FDC0E79BF0B10B070 /* Authorisation+DIResolver.swift */ = {isa = PBXFileReference; includeInIndex = 1; lastKnownFileType = sourcecode.swift; path = "Authorisation+DIResolver.swift"; sourceTree = "<group>"; };
		C52B0209140E9BD3C1E594D0 /* PINSetupViewController.swift */ = {isa = PBXFileReference; includeInIndex = 1; lastKnownFileType = sourcecode.swift; path = PINSetupViewController.swift; sourceTree = "<group>"; };
		D524BBA47152C996CFE63D4F /* Pods_SecurePlace2Tests.framework */ = {isa = PBXFileReference; explicitFileType = wrapper.framework; includeInIndex = 0; path = Pods_SecurePlace2Tests.framework; sourceTree = BUILT_PRODUCTS_DIR; };
		D837AC1A11F6C5921454E648 /* PINSetupInteractor.swift */ = {isa = PBXFileReference; includeInIndex = 1; lastKnownFileType = sourcecode.swift; path = PINSetupInteractor.swift; sourceTree = "<group>"; };
		D97CC00F21A29894421BF8E1 /* StartScreenProtocols.swift */ = {isa = PBXFileReference; includeInIndex = 1; lastKnownFileType = sourcecode.swift; path = StartScreenProtocols.swift; sourceTree = "<group>"; };
		DF9EA79564F5F41566D6E92A /* OneTimeCodeWireFrame.swift */ = {isa = PBXFileReference; includeInIndex = 1; lastKnownFileType = sourcecode.swift; path = OneTimeCodeWireFrame.swift; sourceTree = "<group>"; };
		E2BC0E359A4022EE849A3C44 /* StartScreenPresenter.swift */ = {isa = PBXFileReference; includeInIndex = 1; lastKnownFileType = sourcecode.swift; path = StartScreenPresenter.swift; sourceTree = "<group>"; };
		E5F18C6C808FDD9C03CEDB23 /* MasterPasswordPresenter.swift */ = {isa = PBXFileReference; includeInIndex = 1; lastKnownFileType = sourcecode.swift; path = MasterPasswordPresenter.swift; sourceTree = "<group>"; };
		E7AB6C73095D775BE0FD121D /* PINSetupPresenter.swift */ = {isa = PBXFileReference; includeInIndex = 1; lastKnownFileType = sourcecode.swift; path = PINSetupPresenter.swift; sourceTree = "<group>"; };
		EA97D81FD2EAEBAC33B7AF2B /* Albums+DIResolver.swift */ = {isa = PBXFileReference; includeInIndex = 1; lastKnownFileType = sourcecode.swift; path = "Albums+DIResolver.swift"; sourceTree = "<group>"; };
		F4C2930347EA014324ABF516 /* PINConfirmViewController.swift */ = {isa = PBXFileReference; includeInIndex = 1; lastKnownFileType = sourcecode.swift; path = PINConfirmViewController.swift; sourceTree = "<group>"; };
		F73E2441FF0FC51C919A15ED /* SSAlbumsInteractor.swift */ = {isa = PBXFileReference; includeInIndex = 1; lastKnownFileType = sourcecode.swift; path = SSAlbumsInteractor.swift; sourceTree = "<group>"; };
		FA4176573BE30F8A818A004A /* PINSetupProtocols.swift */ = {isa = PBXFileReference; includeInIndex = 1; lastKnownFileType = sourcecode.swift; path = PINSetupProtocols.swift; sourceTree = "<group>"; };
/* End PBXFileReference section */

/* Begin PBXFrameworksBuildPhase section */
		B11ECC99225B42E500B2CC4E /* Frameworks */ = {
			isa = PBXFrameworksBuildPhase;
			buildActionMask = 2147483647;
			files = (
				644D7A47F5053F3B6F53A1C5 /* Pods_SecurePlace2.framework in Frameworks */,
			);
			runOnlyForDeploymentPostprocessing = 0;
		};
		B11ECCAD225B42E700B2CC4E /* Frameworks */ = {
			isa = PBXFrameworksBuildPhase;
			buildActionMask = 2147483647;
			files = (
				CD72CEB2FA788A157E177EB4 /* Pods_SecurePlace2Tests.framework in Frameworks */,
			);
			runOnlyForDeploymentPostprocessing = 0;
		};
		B11ECCB8225B42E700B2CC4E /* Frameworks */ = {
			isa = PBXFrameworksBuildPhase;
			buildActionMask = 2147483647;
			files = (
				5BF81DCE16149036719F01BD /* Pods_SecurePlace2UITests.framework in Frameworks */,
			);
			runOnlyForDeploymentPostprocessing = 0;
		};
/* End PBXFrameworksBuildPhase section */

/* Begin PBXGroup section */
		000430DAF59CB0310C0648F6 /* View */ = {
			isa = PBXGroup;
			children = (
				1F20ADA71EB10D7F769790C6 /* OneTimeCodeViewController.swift */,
			);
			path = View;
			sourceTree = "<group>";
		};
		088139EA6428829BBCC4201C /* View */ = {
			isa = PBXGroup;
			children = (
				6ACC5F99DA5B9550360309D4 /* StartScreenViewController.swift */,
			);
			path = View;
			sourceTree = "<group>";
		};
		0A2C494FF843FCD976A115A2 /* View */ = {
			isa = PBXGroup;
			children = (
				C52B0209140E9BD3C1E594D0 /* PINSetupViewController.swift */,
			);
			path = View;
			sourceTree = "<group>";
		};
		0F4B8404EBB74888DA7B8434 /* WireFrame */ = {
			isa = PBXGroup;
			children = (
				93BB0C26FAB2196109DE00FE /* PINConfirmWireFrame.swift */,
			);
			path = WireFrame;
			sourceTree = "<group>";
		};
		10414C9EB78D27685713A955 /* Protocols */ = {
			isa = PBXGroup;
			children = (
				71E6BF7A932DAF814F2F5CA8 /* MasterPasswordProtocols.swift */,
			);
			path = Protocols;
			sourceTree = "<group>";
		};
		1B01AAB5A443AEFDE44E8F64 /* Albums */ = {
			isa = PBXGroup;
			children = (
				31CB4D32AD41E815E015EBFC /* View */,
				31E5E3C5A6519A0A852DF702 /* Presenter */,
				E56C32F18C16B5991C5BA036 /* Interactor */,
				6A3CDD329D984F034ADB0257 /* Protocols */,
				40CE7B4CF7F9AD9D20EFAD7A /* WireFrame */,
			);
			path = Albums;
			sourceTree = "<group>";
		};
		1C69913E987306E1FC4DEF7E /* Presenter */ = {
			isa = PBXGroup;
			children = (
				E2BC0E359A4022EE849A3C44 /* StartScreenPresenter.swift */,
			);
			path = Presenter;
			sourceTree = "<group>";
		};
		1EEBCC51BF8DCA494CC6CE80 /* Presenter */ = {
			isa = PBXGroup;
			children = (
				5989C7A8F4C19EFEF8572602 /* PINConfirmPresenter.swift */,
			);
			path = Presenter;
			sourceTree = "<group>";
		};
		2F1EE945397DACA23C9B4134 /* MasterPassword */ = {
			isa = PBXGroup;
			children = (
				C8455FA43F0E9666DFBFE8CB /* View */,
				B65418E55A6AB959DC7FDBAF /* Presenter */,
				CB6B697B9E6EE6D0C67E7774 /* Interactor */,
				10414C9EB78D27685713A955 /* Protocols */,
				AF6443F3CFB5BDEA9B28A4C3 /* WireFrame */,
			);
			path = MasterPassword;
			sourceTree = "<group>";
		};
		2F6C42645549EAF86C48E9AE /* WireFrame */ = {
			isa = PBXGroup;
			children = (
				92C56700715980E2F16CA97C /* PINSetupWireFrame.swift */,
			);
			path = WireFrame;
			sourceTree = "<group>";
		};
		31CB4D32AD41E815E015EBFC /* View */ = {
			isa = PBXGroup;
			children = (
				BE93E2E7EEAFFB8CC1687A0E /* SSAlbumsViewController.swift */,
			);
			path = View;
			sourceTree = "<group>";
		};
		31E5E3C5A6519A0A852DF702 /* Presenter */ = {
			isa = PBXGroup;
			children = (
				8021EB019669A2BC6C9267BC /* SSAlbumsPresenter.swift */,
			);
			path = Presenter;
			sourceTree = "<group>";
		};
		40CE7B4CF7F9AD9D20EFAD7A /* WireFrame */ = {
			isa = PBXGroup;
			children = (
				64A45E515F4034EEC7E35495 /* SSAlbumsWireFrame.swift */,
			);
			path = WireFrame;
			sourceTree = "<group>";
		};
		52FA730CAFD69C40EB694FDA /* Protocols */ = {
			isa = PBXGroup;
			children = (
				D97CC00F21A29894421BF8E1 /* StartScreenProtocols.swift */,
			);
			path = Protocols;
			sourceTree = "<group>";
		};
		536B4AE7AE731BD67AA8B4D3 /* WireFrame */ = {
			isa = PBXGroup;
			children = (
				DF9EA79564F5F41566D6E92A /* OneTimeCodeWireFrame.swift */,
			);
			path = WireFrame;
			sourceTree = "<group>";
		};
		5BC44199AACB2ADCEAED0926 /* Interactor */ = {
			isa = PBXGroup;
			children = (
				64BE3F883BFDA66FDF3179FD /* StartScreenInteractor.swift */,
			);
			path = Interactor;
			sourceTree = "<group>";
		};
		6089B26F0EF75CC8C9B68C53 /* Presenter */ = {
			isa = PBXGroup;
			children = (
				4C1646A2E56A109CDD6CFDFA /* OneTimeCodePresenter.swift */,
			);
			path = Presenter;
			sourceTree = "<group>";
		};
		624E20BD8A630EC0A2D11702 /* Interactor */ = {
			isa = PBXGroup;
			children = (
				0B50B9C9537AD964B32B77EE /* PINConfirmInteractor.swift */,
			);
			path = Interactor;
			sourceTree = "<group>";
		};
		63D979EB919EDF0A7AA52FF3 /* Pods */ = {
			isa = PBXGroup;
			children = (
				0DCAC7194D6FF4E921CB3858 /* Pods-SecurePlace2.debug.xcconfig */,
				18576D8D7B6371DC86266A36 /* Pods-SecurePlace2.release.xcconfig */,
				3738E0B3DC8DBA6927AC2F8F /* Pods-SecurePlace2Tests.debug.xcconfig */,
				1ABE821EF7B1DD76EB288C4F /* Pods-SecurePlace2Tests.release.xcconfig */,
				387D9ECA4C3BC75C254AB373 /* Pods-SecurePlace2UITests.debug.xcconfig */,
				4A0D77BB0CE786C1EBE7323F /* Pods-SecurePlace2UITests.release.xcconfig */,
			);
			name = Pods;
			sourceTree = "<group>";
		};
		6A3CDD329D984F034ADB0257 /* Protocols */ = {
			isa = PBXGroup;
			children = (
				43C866F4C21ADFA9F23EF7DF /* SSAlbumsProtocols.swift */,
			);
			path = Protocols;
			sourceTree = "<group>";
		};
		70A9314DF13DD61D483E1804 /* Protocols */ = {
			isa = PBXGroup;
			children = (
				B05FCAD1479C2C0B8F24C1CD /* PINConfirmProtocols.swift */,
			);
			path = Protocols;
			sourceTree = "<group>";
		};
		7D2192597D07653648ED6AC3 /* Interactor */ = {
			isa = PBXGroup;
			children = (
				D837AC1A11F6C5921454E648 /* PINSetupInteractor.swift */,
			);
			path = Interactor;
			sourceTree = "<group>";
		};
		7E2BBE0F0AF74FDF4831AFF7 /* OneTimeCode */ = {
			isa = PBXGroup;
			children = (
				000430DAF59CB0310C0648F6 /* View */,
				6089B26F0EF75CC8C9B68C53 /* Presenter */,
				89349A8B33326140114E50C1 /* Interactor */,
				BFC0ADA57C5870FCEC981753 /* Protocols */,
				536B4AE7AE731BD67AA8B4D3 /* WireFrame */,
			);
			path = OneTimeCode;
			sourceTree = "<group>";
		};
		89349A8B33326140114E50C1 /* Interactor */ = {
			isa = PBXGroup;
			children = (
				3547C9E5EC87B50889A3BA91 /* OneTimeCodeInteractor.swift */,
			);
			path = Interactor;
			sourceTree = "<group>";
		};
		97D3ECCE6381A62D3E5435BB /* WireFrame */ = {
			isa = PBXGroup;
			children = (
				781C9358D26852BE14F7579E /* StartScreenWireFrame.swift */,
			);
			path = WireFrame;
			sourceTree = "<group>";
		};
		9A5529C649891F7B4CCF4C14 /* StartScreen */ = {
			isa = PBXGroup;
			children = (
				088139EA6428829BBCC4201C /* View */,
				1C69913E987306E1FC4DEF7E /* Presenter */,
				5BC44199AACB2ADCEAED0926 /* Interactor */,
				52FA730CAFD69C40EB694FDA /* Protocols */,
				97D3ECCE6381A62D3E5435BB /* WireFrame */,
			);
			path = StartScreen;
			sourceTree = "<group>";
		};
		A20403477664E115512702B6 /* PINConfirm */ = {
			isa = PBXGroup;
			children = (
				E247168ED5BEB4A51BD2746E /* View */,
				1EEBCC51BF8DCA494CC6CE80 /* Presenter */,
				624E20BD8A630EC0A2D11702 /* Interactor */,
				70A9314DF13DD61D483E1804 /* Protocols */,
				0F4B8404EBB74888DA7B8434 /* WireFrame */,
			);
			path = PINConfirm;
			sourceTree = "<group>";
		};
		AF6443F3CFB5BDEA9B28A4C3 /* WireFrame */ = {
			isa = PBXGroup;
			children = (
				AD7A1955165F77E52006A391 /* MasterPasswordWireFrame.swift */,
			);
			path = WireFrame;
			sourceTree = "<group>";
		};
		B038518487F8ADE8C50AD9B0 /* Frameworks */ = {
			isa = PBXGroup;
			children = (
				042F932CA3B3425C5FD60228 /* Pods_SecurePlace2.framework */,
				D524BBA47152C996CFE63D4F /* Pods_SecurePlace2Tests.framework */,
				A1AF62B46DFD0E556B493460 /* Pods_SecurePlace2UITests.framework */,
			);
			name = Frameworks;
			sourceTree = "<group>";
		};
		B1127EC7225C95F20023D0AE /* Service Layer */ = {
			isa = PBXGroup;
			children = (
				B136335023B295C400DDD935 /* KeychainManager */,
				B181EBCE2268ED2700DF8FE3 /* Crypto */,
				B1127EC9225C95F20023D0AE /* AccountManager */,
				B1127ECB225C95F20023D0AE /* NetworkRequestWrapper */,
				B1127ED3225C95F20023D0AE /* TokenRefresher */,
			);
			path = "Service Layer";
			sourceTree = "<group>";
		};
		B1127EC9225C95F20023D0AE /* AccountManager */ = {
			isa = PBXGroup;
			children = (
				B1127ECA225C95F20023D0AE /* AccountManager.swift */,
			);
			path = AccountManager;
			sourceTree = "<group>";
		};
		B1127ECB225C95F20023D0AE /* NetworkRequestWrapper */ = {
			isa = PBXGroup;
			children = (
				B1127ECC225C95F20023D0AE /* NetworkRequest */,
				B1127ECE225C95F20023D0AE /* NetworkTarget */,
				B1127ED0225C95F20023D0AE /* NetworkRequestWrapper.swift */,
				B1127ED1225C95F20023D0AE /* NetworkError */,
			);
			path = NetworkRequestWrapper;
			sourceTree = "<group>";
		};
		B1127ECC225C95F20023D0AE /* NetworkRequest */ = {
			isa = PBXGroup;
			children = (
				B1127ECD225C95F20023D0AE /* NetworkRequest.swift */,
			);
			path = NetworkRequest;
			sourceTree = "<group>";
		};
		B1127ECE225C95F20023D0AE /* NetworkTarget */ = {
			isa = PBXGroup;
			children = (
				B1127ECF225C95F20023D0AE /* NetworkTarget.swift */,
			);
			path = NetworkTarget;
			sourceTree = "<group>";
		};
		B1127ED1225C95F20023D0AE /* NetworkError */ = {
			isa = PBXGroup;
			children = (
				B1127ED2225C95F20023D0AE /* NetworkError.swift */,
			);
			path = NetworkError;
			sourceTree = "<group>";
		};
		B1127ED3225C95F20023D0AE /* TokenRefresher */ = {
			isa = PBXGroup;
			children = (
				B1127ED4225C95F20023D0AE /* AuthTokenRefresher.swift */,
			);
			path = TokenRefresher;
			sourceTree = "<group>";
		};
		B1127EDC225C96E90023D0AE /* Network Layer */ = {
			isa = PBXGroup;
			children = (
				B1FBF20E233EB83C00B7F069 /* Requests */,
				B1FBF206233EB33A00B7F069 /* NetworkRequestProviders */,
				B1FBF209233EB49200B7F069 /* Response models */,
				B1127EDD225C97080023D0AE /* NetworkRequestProvider.swift */,
				B1127EDF225C972A0023D0AE /* NetworkRequestProviderProtocols.swift */,
			);
			path = "Network Layer";
			sourceTree = "<group>";
		};
		B11ECC93225B42E500B2CC4E = {
			isa = PBXGroup;
			children = (
				B11ECC9E225B42E500B2CC4E /* SecurePlace2 */,
				B11ECCB3225B42E700B2CC4E /* SecurePlace2Tests */,
				B11ECCBE225B42E700B2CC4E /* SecurePlace2UITests */,
				B11ECC9D225B42E500B2CC4E /* Products */,
				63D979EB919EDF0A7AA52FF3 /* Pods */,
				B038518487F8ADE8C50AD9B0 /* Frameworks */,
			);
			sourceTree = "<group>";
		};
		B11ECC9D225B42E500B2CC4E /* Products */ = {
			isa = PBXGroup;
			children = (
				B11ECC9C225B42E500B2CC4E /* SecurePlace2.app */,
				B11ECCB0225B42E700B2CC4E /* SecurePlace2Tests.xctest */,
				B11ECCBB225B42E700B2CC4E /* SecurePlace2UITests.xctest */,
			);
			name = Products;
			sourceTree = "<group>";
		};
		B11ECC9E225B42E500B2CC4E /* SecurePlace2 */ = {
			isa = PBXGroup;
			children = (
				B1127EE1225C9F5C0023D0AE /* Colors.swift */,
				B114596522835CB3008EAF69 /* Extensions.swift */,
				B14AA1A1225E2B3D0073BA54 /* Custom Views */,
				B1127EDC225C96E90023D0AE /* Network Layer */,
				B1A2535E2341F35D00593A2F /* Data Layer */,
				B1127EC7225C95F20023D0AE /* Service Layer */,
				B11ECD24225B539A00B2CC4E /* Assembly */,
				B1CFF725225DC4460076C44C /* Modules */,
				B11ECCF7225B520B00B2CC4E /* BaseControllers */,
				B11ECC9F225B42E500B2CC4E /* AppDelegate.swift */,
				B181EBCF22690E2000DF8FE3 /* ReceiptManager.swift */,
				B1AF91912265C52600FB22B8 /* GroceryListPendingTasksFactory.swift */,
				B1AF91932265C57700FB22B8 /* CreateGroceryListItemPendingTask.swift */,
				B11ECCA1225B42E500B2CC4E /* ViewController.swift */,
				B11ECCA3225B42E500B2CC4E /* Main.storyboard */,
				B11ECCA6225B42E700B2CC4E /* Assets.xcassets */,
				B11ECCA8225B42E700B2CC4E /* LaunchScreen.storyboard */,
				B11ECCAB225B42E700B2CC4E /* Info.plist */,
				B181EBC92268EC5600DF8FE3 /* SecurePlace2-Bridging-Header.h */,
			);
			path = SecurePlace2;
			sourceTree = "<group>";
		};
		B11ECCB3225B42E700B2CC4E /* SecurePlace2Tests */ = {
			isa = PBXGroup;
			children = (
				B11ECCB4225B42E700B2CC4E /* SecurePlace2Tests.swift */,
				B11ECCB6225B42E700B2CC4E /* Info.plist */,
			);
			path = SecurePlace2Tests;
			sourceTree = "<group>";
		};
		B11ECCBE225B42E700B2CC4E /* SecurePlace2UITests */ = {
			isa = PBXGroup;
			children = (
				B11ECCBF225B42E700B2CC4E /* SecurePlace2UITests.swift */,
				B11ECCC1225B42E700B2CC4E /* Info.plist */,
			);
			path = SecurePlace2UITests;
			sourceTree = "<group>";
		};
		B11ECCF7225B520B00B2CC4E /* BaseControllers */ = {
			isa = PBXGroup;
			children = (
				B11ECCF8225B520B00B2CC4E /* BaseWireFrame.swift */,
				B11ECCF9225B520B00B2CC4E /* BaseNavigationController */,
				B11ECD04225B520B00B2CC4E /* BaseViewController.swift */,
				B1621AA0234CE3D5008F6AC3 /* BaseScrollViewController.swift */,
				B11ECD06225B520B00B2CC4E /* BaseInteractor.swift */,
				B11ECD08225B520B00B2CC4E /* BasePresenter.swift */,
			);
			path = BaseControllers;
			sourceTree = "<group>";
		};
		B11ECCF9225B520B00B2CC4E /* BaseNavigationController */ = {
			isa = PBXGroup;
			children = (
				B11ECCFA225B520B00B2CC4E /* Presenter */,
				B11ECCFC225B520B00B2CC4E /* WireFrame */,
				B11ECCFE225B520B00B2CC4E /* View */,
				B11ECD00225B520B00B2CC4E /* Protocols */,
				B11ECD02225B520B00B2CC4E /* Interactor */,
			);
			path = BaseNavigationController;
			sourceTree = "<group>";
		};
		B11ECCFA225B520B00B2CC4E /* Presenter */ = {
			isa = PBXGroup;
			children = (
				B11ECCFB225B520B00B2CC4E /* BaseNavigationControllerPresenter.swift */,
			);
			path = Presenter;
			sourceTree = "<group>";
		};
		B11ECCFC225B520B00B2CC4E /* WireFrame */ = {
			isa = PBXGroup;
			children = (
				B11ECCFD225B520B00B2CC4E /* BaseNavigationControllerWireFrame.swift */,
			);
			path = WireFrame;
			sourceTree = "<group>";
		};
		B11ECCFE225B520B00B2CC4E /* View */ = {
			isa = PBXGroup;
			children = (
				B11ECCFF225B520B00B2CC4E /* BaseNavigationControllerViewController.swift */,
			);
			path = View;
			sourceTree = "<group>";
		};
		B11ECD00225B520B00B2CC4E /* Protocols */ = {
			isa = PBXGroup;
			children = (
				B11ECD01225B520B00B2CC4E /* BaseNavigationControllerProtocols.swift */,
			);
			path = Protocols;
			sourceTree = "<group>";
		};
		B11ECD02225B520B00B2CC4E /* Interactor */ = {
			isa = PBXGroup;
			children = (
				B11ECD03225B520B00B2CC4E /* BaseNavigationControllerInteractor.swift */,
			);
			path = Interactor;
			sourceTree = "<group>";
		};
		B11ECD24225B539A00B2CC4E /* Assembly */ = {
			isa = PBXGroup;
			children = (
				B11ECD25225B53CE00B2CC4E /* DIResolver.swift */,
				BF4B251FDC0E79BF0B10B070 /* Authorisation+DIResolver.swift */,
				B1CFF718225DC4330076C44C /* Mail+DIResolver.swift */,
				B2770DB8D38B57AC2E2EE568 /* OneTimeCode+DIResolver.swift */,
				853074D4B5C09B2996F1278C /* PINSetup+DIResolver.swift */,
				A0E2CBF447EA9442D3B2E02E /* PINConfirm+DIResolver.swift */,
				EA97D81FD2EAEBAC33B7AF2B /* Albums+DIResolver.swift */,
				446ECD42A5EBC80430DEDA7F /* MasterPassword+DIResolver.swift */,
			);
			path = Assembly;
			sourceTree = "<group>";
		};
		B136335023B295C400DDD935 /* KeychainManager */ = {
			isa = PBXGroup;
			children = (
				B136335123B295E300DDD935 /* KeychainManager.swift */,
			);
			path = KeychainManager;
			sourceTree = "<group>";
		};
		B14AA1A1225E2B3D0073BA54 /* Custom Views */ = {
			isa = PBXGroup;
			children = (
				B14AA1A2225E2B530073BA54 /* SSTextField.swift */,
				B1F2CEFB2280D45A008E68B5 /* SSTitleLabel.swift */,
				B1F2CF052281684E008E68B5 /* SSDescriptionLabel.swift */,
				B1F2CF0722816CD5008E68B5 /* SSContinueButton.swift */,
				B136334E23AE91A300DDD935 /* SSPasscode.swift */,
			);
			path = "Custom Views";
			sourceTree = "<group>";
		};
		B1621AA5234D02B8008F6AC3 /* Authorisation */ = {
			isa = PBXGroup;
			children = (
				9A5529C649891F7B4CCF4C14 /* StartScreen */,
				B1CFF713225DC4330076C44C /* Mail */,
				F68127DDB619B76B17ED0BFA /* PINSetup */,
				A20403477664E115512702B6 /* PINConfirm */,
				7E2BBE0F0AF74FDF4831AFF7 /* OneTimeCode */,
				2F1EE945397DACA23C9B4134 /* MasterPassword */,
				1B01AAB5A443AEFDE44E8F64 /* Albums */,
			);
			path = Authorisation;
			sourceTree = "<group>";
		};
		B181EBCE2268ED2700DF8FE3 /* Crypto */ = {
			isa = PBXGroup;
			children = (
				B181EBCC2268ED2000DF8FE3 /* AES256Crypter.swift */,
			);
			path = Crypto;
			sourceTree = "<group>";
		};
		B199858123B809CA0064739D /* Auth */ = {
			isa = PBXGroup;
			children = (
				B190682D233F8F6A0085BA59 /* SignInApiRequest.swift */,
				B1FBF20F233EB86E00B7F069 /* SignUpApiRequest.swift */,
			);
			path = Auth;
			sourceTree = "<group>";
		};
		B199858423B80A140064739D /* Account */ = {
			isa = PBXGroup;
			children = (
				B199858223B809FC0064739D /* CheckOneTimeCodeApiRequest.swift */,
			);
			path = Account;
			sourceTree = "<group>";
		};
		B1A2535E2341F35D00593A2F /* Data Layer */ = {
			isa = PBXGroup;
			children = (
				B1A2535F2341F39800593A2F /* SignUpPositiveModel.swift */,
				B199858523B80FA30064739D /* CheckOneTimeCodeModel.swift */,
			);
			path = "Data Layer";
			sourceTree = "<group>";
		};
		B1CFF713225DC4330076C44C /* Mail */ = {
			isa = PBXGroup;
			children = (
				B1CFF714225DC4330076C44C /* Presenter */,
				B1CFF716225DC4330076C44C /* WireFrame */,
				B1CFF719225DC4330076C44C /* View */,
				B1CFF71B225DC4330076C44C /* Protocols */,
				B1CFF71D225DC4330076C44C /* Interactor */,
			);
			path = Mail;
			sourceTree = "<group>";
		};
		B1CFF714225DC4330076C44C /* Presenter */ = {
			isa = PBXGroup;
			children = (
				B1CFF715225DC4330076C44C /* MailPresenter.swift */,
			);
			path = Presenter;
			sourceTree = "<group>";
		};
		B1CFF716225DC4330076C44C /* WireFrame */ = {
			isa = PBXGroup;
			children = (
				B1CFF717225DC4330076C44C /* MailWireFrame.swift */,
			);
			path = WireFrame;
			sourceTree = "<group>";
		};
		B1CFF719225DC4330076C44C /* View */ = {
			isa = PBXGroup;
			children = (
				B1CFF71A225DC4330076C44C /* MailViewController.swift */,
			);
			path = View;
			sourceTree = "<group>";
		};
		B1CFF71B225DC4330076C44C /* Protocols */ = {
			isa = PBXGroup;
			children = (
				B1CFF71C225DC4330076C44C /* MailProtocols.swift */,
			);
			path = Protocols;
			sourceTree = "<group>";
		};
		B1CFF71D225DC4330076C44C /* Interactor */ = {
			isa = PBXGroup;
			children = (
				B1CFF71E225DC4330076C44C /* MailInteractor.swift */,
			);
			path = Interactor;
			sourceTree = "<group>";
		};
		B1CFF725225DC4460076C44C /* Modules */ = {
			isa = PBXGroup;
			children = (
				B1621AA5234D02B8008F6AC3 /* Authorisation */,
			);
			path = Modules;
			sourceTree = "<group>";
		};
		B1FBF206233EB33A00B7F069 /* NetworkRequestProviders */ = {
			isa = PBXGroup;
			children = (
				B1FBF202233E82CC00B7F069 /* NetworkProvider+Auth.swift */,
				B199857F23B807CE0064739D /* NetworkProvider+Account.swift */,
			);
			path = NetworkRequestProviders;
			sourceTree = "<group>";
		};
		B1FBF209233EB49200B7F069 /* Response models */ = {
			isa = PBXGroup;
			children = (
				B1FBF20A233EB4B000B7F069 /* SignUpPositiveApiResponseModel.swift */,
				B199857D23B6DCEA0064739D /* CheckOneTimeCodeApiResponseModel.swift */,
			);
			path = "Response models";
			sourceTree = "<group>";
		};
		B1FBF20E233EB83C00B7F069 /* Requests */ = {
			isa = PBXGroup;
			children = (
				B199858123B809CA0064739D /* Auth */,
				B199858423B80A140064739D /* Account */,
			);
			path = Requests;
			sourceTree = "<group>";
		};
		B65418E55A6AB959DC7FDBAF /* Presenter */ = {
			isa = PBXGroup;
			children = (
				E5F18C6C808FDD9C03CEDB23 /* MasterPasswordPresenter.swift */,
			);
			path = Presenter;
			sourceTree = "<group>";
		};
		BFC0ADA57C5870FCEC981753 /* Protocols */ = {
			isa = PBXGroup;
			children = (
				0A59D1D970570823632684BE /* OneTimeCodeProtocols.swift */,
			);
			path = Protocols;
			sourceTree = "<group>";
		};
		C8455FA43F0E9666DFBFE8CB /* View */ = {
			isa = PBXGroup;
			children = (
				37689FDB60AF9D014A89836B /* MasterPasswordViewController.swift */,
			);
			path = View;
			sourceTree = "<group>";
		};
		CB6B697B9E6EE6D0C67E7774 /* Interactor */ = {
			isa = PBXGroup;
			children = (
				BBC0D4028B3F29B2CCE35030 /* MasterPasswordInteractor.swift */,
			);
			path = Interactor;
			sourceTree = "<group>";
		};
		D64F1702249D6AFE63B21929 /* Presenter */ = {
			isa = PBXGroup;
			children = (
				E7AB6C73095D775BE0FD121D /* PINSetupPresenter.swift */,
			);
			path = Presenter;
			sourceTree = "<group>";
		};
		E247168ED5BEB4A51BD2746E /* View */ = {
			isa = PBXGroup;
			children = (
				F4C2930347EA014324ABF516 /* PINConfirmViewController.swift */,
			);
			path = View;
			sourceTree = "<group>";
		};
		E31DC43AFEDFB861C2580003 /* Protocols */ = {
			isa = PBXGroup;
			children = (
				FA4176573BE30F8A818A004A /* PINSetupProtocols.swift */,
			);
			path = Protocols;
			sourceTree = "<group>";
		};
		E56C32F18C16B5991C5BA036 /* Interactor */ = {
			isa = PBXGroup;
			children = (
				F73E2441FF0FC51C919A15ED /* SSAlbumsInteractor.swift */,
			);
			path = Interactor;
			sourceTree = "<group>";
		};
		F68127DDB619B76B17ED0BFA /* PINSetup */ = {
			isa = PBXGroup;
			children = (
				0A2C494FF843FCD976A115A2 /* View */,
				D64F1702249D6AFE63B21929 /* Presenter */,
				7D2192597D07653648ED6AC3 /* Interactor */,
				E31DC43AFEDFB861C2580003 /* Protocols */,
				2F6C42645549EAF86C48E9AE /* WireFrame */,
			);
			path = PINSetup;
			sourceTree = "<group>";
		};
/* End PBXGroup section */

/* Begin PBXNativeTarget section */
		B11ECC9B225B42E500B2CC4E /* SecurePlace2 */ = {
			isa = PBXNativeTarget;
			buildConfigurationList = B11ECCC4225B42E700B2CC4E /* Build configuration list for PBXNativeTarget "SecurePlace2" */;
			buildPhases = (
				E7BD1C6BCC99540AF3607472 /* [CP] Check Pods Manifest.lock */,
				B11ECC98225B42E500B2CC4E /* Sources */,
				B11ECC99225B42E500B2CC4E /* Frameworks */,
				B11ECC9A225B42E500B2CC4E /* Resources */,
				A838274102C8B56505BC449C /* [CP] Embed Pods Frameworks */,
			);
			buildRules = (
			);
			dependencies = (
			);
			name = SecurePlace2;
			productName = SecurePlace2;
			productReference = B11ECC9C225B42E500B2CC4E /* SecurePlace2.app */;
			productType = "com.apple.product-type.application";
		};
		B11ECCAF225B42E700B2CC4E /* SecurePlace2Tests */ = {
			isa = PBXNativeTarget;
			buildConfigurationList = B11ECCC7225B42E700B2CC4E /* Build configuration list for PBXNativeTarget "SecurePlace2Tests" */;
			buildPhases = (
				5EFD48C1115C20A4C861D0B1 /* [CP] Check Pods Manifest.lock */,
				B11ECCAC225B42E700B2CC4E /* Sources */,
				B11ECCAD225B42E700B2CC4E /* Frameworks */,
				B11ECCAE225B42E700B2CC4E /* Resources */,
			);
			buildRules = (
			);
			dependencies = (
				B11ECCB2225B42E700B2CC4E /* PBXTargetDependency */,
			);
			name = SecurePlace2Tests;
			productName = SecurePlace2Tests;
			productReference = B11ECCB0225B42E700B2CC4E /* SecurePlace2Tests.xctest */;
			productType = "com.apple.product-type.bundle.unit-test";
		};
		B11ECCBA225B42E700B2CC4E /* SecurePlace2UITests */ = {
			isa = PBXNativeTarget;
			buildConfigurationList = B11ECCCA225B42E700B2CC4E /* Build configuration list for PBXNativeTarget "SecurePlace2UITests" */;
			buildPhases = (
				B30A658DB9920CEC32EBEA05 /* [CP] Check Pods Manifest.lock */,
				B11ECCB7225B42E700B2CC4E /* Sources */,
				B11ECCB8225B42E700B2CC4E /* Frameworks */,
				B11ECCB9225B42E700B2CC4E /* Resources */,
			);
			buildRules = (
			);
			dependencies = (
				B11ECCBD225B42E700B2CC4E /* PBXTargetDependency */,
			);
			name = SecurePlace2UITests;
			productName = SecurePlace2UITests;
			productReference = B11ECCBB225B42E700B2CC4E /* SecurePlace2UITests.xctest */;
			productType = "com.apple.product-type.bundle.ui-testing";
		};
/* End PBXNativeTarget section */

/* Begin PBXProject section */
		B11ECC94225B42E500B2CC4E /* Project object */ = {
			isa = PBXProject;
			attributes = {
				LastSwiftUpdateCheck = 1000;
				LastUpgradeCheck = 1000;
				ORGANIZATIONNAME = "Oleksandr Bambulyak";
				TargetAttributes = {
					B11ECC9B225B42E500B2CC4E = {
						CreatedOnToolsVersion = 10.0;
						DevelopmentTeam = 42HSZXZUT7;
						LastSwiftMigration = 1000;
						ProvisioningStyle = Automatic;
					};
					B11ECCAF225B42E700B2CC4E = {
						CreatedOnToolsVersion = 10.0;
						DevelopmentTeam = 42HSZXZUT7;
						ProvisioningStyle = Automatic;
						TestTargetID = B11ECC9B225B42E500B2CC4E;
					};
					B11ECCBA225B42E700B2CC4E = {
						CreatedOnToolsVersion = 10.0;
						DevelopmentTeam = 42HSZXZUT7;
						ProvisioningStyle = Automatic;
						TestTargetID = B11ECC9B225B42E500B2CC4E;
					};
				};
			};
			buildConfigurationList = B11ECC97225B42E500B2CC4E /* Build configuration list for PBXProject "SecurePlace2" */;
			compatibilityVersion = "Xcode 3.2";
			developmentRegion = en;
			hasScannedForEncodings = 0;
			knownRegions = (
				en,
				Base,
			);
			mainGroup = B11ECC93225B42E500B2CC4E;
			productRefGroup = B11ECC9D225B42E500B2CC4E /* Products */;
			projectDirPath = "";
			projectRoot = "";
			targets = (
				B11ECC9B225B42E500B2CC4E /* SecurePlace2 */,
				B11ECCAF225B42E700B2CC4E /* SecurePlace2Tests */,
				B11ECCBA225B42E700B2CC4E /* SecurePlace2UITests */,
			);
		};
/* End PBXProject section */

/* Begin PBXResourcesBuildPhase section */
		B11ECC9A225B42E500B2CC4E /* Resources */ = {
			isa = PBXResourcesBuildPhase;
			buildActionMask = 2147483647;
			files = (
				B11ECCAA225B42E700B2CC4E /* LaunchScreen.storyboard in Resources */,
				B11ECCA7225B42E700B2CC4E /* Assets.xcassets in Resources */,
				B11ECCA5225B42E500B2CC4E /* Main.storyboard in Resources */,
			);
			runOnlyForDeploymentPostprocessing = 0;
		};
		B11ECCAE225B42E700B2CC4E /* Resources */ = {
			isa = PBXResourcesBuildPhase;
			buildActionMask = 2147483647;
			files = (
			);
			runOnlyForDeploymentPostprocessing = 0;
		};
		B11ECCB9225B42E700B2CC4E /* Resources */ = {
			isa = PBXResourcesBuildPhase;
			buildActionMask = 2147483647;
			files = (
			);
			runOnlyForDeploymentPostprocessing = 0;
		};
/* End PBXResourcesBuildPhase section */

/* Begin PBXShellScriptBuildPhase section */
		5EFD48C1115C20A4C861D0B1 /* [CP] Check Pods Manifest.lock */ = {
			isa = PBXShellScriptBuildPhase;
			buildActionMask = 2147483647;
			files = (
			);
			inputPaths = (
				"${PODS_PODFILE_DIR_PATH}/Podfile.lock",
				"${PODS_ROOT}/Manifest.lock",
			);
			name = "[CP] Check Pods Manifest.lock";
			outputPaths = (
				"$(DERIVED_FILE_DIR)/Pods-SecurePlace2Tests-checkManifestLockResult.txt",
			);
			runOnlyForDeploymentPostprocessing = 0;
			shellPath = /bin/sh;
			shellScript = "diff \"${PODS_PODFILE_DIR_PATH}/Podfile.lock\" \"${PODS_ROOT}/Manifest.lock\" > /dev/null\nif [ $? != 0 ] ; then\n    # print error to STDERR\n    echo \"error: The sandbox is not in sync with the Podfile.lock. Run 'pod install' or update your CocoaPods installation.\" >&2\n    exit 1\nfi\n# This output is used by Xcode 'outputs' to avoid re-running this script phase.\necho \"SUCCESS\" > \"${SCRIPT_OUTPUT_FILE_0}\"\n";
			showEnvVarsInLog = 0;
		};
		A838274102C8B56505BC449C /* [CP] Embed Pods Frameworks */ = {
			isa = PBXShellScriptBuildPhase;
			buildActionMask = 2147483647;
			files = (
			);
			inputPaths = (
				"${PODS_ROOT}/Target Support Files/Pods-SecurePlace2/Pods-SecurePlace2-frameworks.sh",
				"${BUILT_PRODUCTS_DIR}/Alamofire/Alamofire.framework",
				"${BUILT_PRODUCTS_DIR}/KeychainAccess/KeychainAccess.framework",
				"${BUILT_PRODUCTS_DIR}/LBTATools/LBTATools.framework",
				"${BUILT_PRODUCTS_DIR}/MBProgressHUD/MBProgressHUD.framework",
				"${BUILT_PRODUCTS_DIR}/Moya/Moya.framework",
				"${BUILT_PRODUCTS_DIR}/Require/Require.framework",
				"${BUILT_PRODUCTS_DIR}/Result/Result.framework",
				"${BUILT_PRODUCTS_DIR}/SnapKit/SnapKit.framework",
				"${BUILT_PRODUCTS_DIR}/Wendy/Wendy.framework",
			);
			name = "[CP] Embed Pods Frameworks";
			outputPaths = (
				"${TARGET_BUILD_DIR}/${FRAMEWORKS_FOLDER_PATH}/Alamofire.framework",
				"${TARGET_BUILD_DIR}/${FRAMEWORKS_FOLDER_PATH}/KeychainAccess.framework",
				"${TARGET_BUILD_DIR}/${FRAMEWORKS_FOLDER_PATH}/LBTATools.framework",
				"${TARGET_BUILD_DIR}/${FRAMEWORKS_FOLDER_PATH}/MBProgressHUD.framework",
				"${TARGET_BUILD_DIR}/${FRAMEWORKS_FOLDER_PATH}/Moya.framework",
				"${TARGET_BUILD_DIR}/${FRAMEWORKS_FOLDER_PATH}/Require.framework",
				"${TARGET_BUILD_DIR}/${FRAMEWORKS_FOLDER_PATH}/Result.framework",
				"${TARGET_BUILD_DIR}/${FRAMEWORKS_FOLDER_PATH}/SnapKit.framework",
				"${TARGET_BUILD_DIR}/${FRAMEWORKS_FOLDER_PATH}/Wendy.framework",
			);
			runOnlyForDeploymentPostprocessing = 0;
			shellPath = /bin/sh;
			shellScript = "\"${PODS_ROOT}/Target Support Files/Pods-SecurePlace2/Pods-SecurePlace2-frameworks.sh\"\n";
			showEnvVarsInLog = 0;
		};
		B30A658DB9920CEC32EBEA05 /* [CP] Check Pods Manifest.lock */ = {
			isa = PBXShellScriptBuildPhase;
			buildActionMask = 2147483647;
			files = (
			);
			inputPaths = (
				"${PODS_PODFILE_DIR_PATH}/Podfile.lock",
				"${PODS_ROOT}/Manifest.lock",
			);
			name = "[CP] Check Pods Manifest.lock";
			outputPaths = (
				"$(DERIVED_FILE_DIR)/Pods-SecurePlace2UITests-checkManifestLockResult.txt",
			);
			runOnlyForDeploymentPostprocessing = 0;
			shellPath = /bin/sh;
			shellScript = "diff \"${PODS_PODFILE_DIR_PATH}/Podfile.lock\" \"${PODS_ROOT}/Manifest.lock\" > /dev/null\nif [ $? != 0 ] ; then\n    # print error to STDERR\n    echo \"error: The sandbox is not in sync with the Podfile.lock. Run 'pod install' or update your CocoaPods installation.\" >&2\n    exit 1\nfi\n# This output is used by Xcode 'outputs' to avoid re-running this script phase.\necho \"SUCCESS\" > \"${SCRIPT_OUTPUT_FILE_0}\"\n";
			showEnvVarsInLog = 0;
		};
		E7BD1C6BCC99540AF3607472 /* [CP] Check Pods Manifest.lock */ = {
			isa = PBXShellScriptBuildPhase;
			buildActionMask = 2147483647;
			files = (
			);
			inputPaths = (
				"${PODS_PODFILE_DIR_PATH}/Podfile.lock",
				"${PODS_ROOT}/Manifest.lock",
			);
			name = "[CP] Check Pods Manifest.lock";
			outputPaths = (
				"$(DERIVED_FILE_DIR)/Pods-SecurePlace2-checkManifestLockResult.txt",
			);
			runOnlyForDeploymentPostprocessing = 0;
			shellPath = /bin/sh;
			shellScript = "diff \"${PODS_PODFILE_DIR_PATH}/Podfile.lock\" \"${PODS_ROOT}/Manifest.lock\" > /dev/null\nif [ $? != 0 ] ; then\n    # print error to STDERR\n    echo \"error: The sandbox is not in sync with the Podfile.lock. Run 'pod install' or update your CocoaPods installation.\" >&2\n    exit 1\nfi\n# This output is used by Xcode 'outputs' to avoid re-running this script phase.\necho \"SUCCESS\" > \"${SCRIPT_OUTPUT_FILE_0}\"\n";
			showEnvVarsInLog = 0;
		};
/* End PBXShellScriptBuildPhase section */

/* Begin PBXSourcesBuildPhase section */
		B11ECC98225B42E500B2CC4E /* Sources */ = {
			isa = PBXSourcesBuildPhase;
			buildActionMask = 2147483647;
			files = (
				B11ECD14225B520C00B2CC4E /* BaseWireFrame.swift in Sources */,
				B11ECD17225B520C00B2CC4E /* BaseNavigationControllerViewController.swift in Sources */,
				B11ECCA2225B42E500B2CC4E /* ViewController.swift in Sources */,
				B1FBF210233EB86E00B7F069 /* SignUpApiRequest.swift in Sources */,
				B11ECD18225B520C00B2CC4E /* BaseNavigationControllerProtocols.swift in Sources */,
				B11ECCA0225B42E500B2CC4E /* AppDelegate.swift in Sources */,
				B11ECD26225B53CF00B2CC4E /* DIResolver.swift in Sources */,
				B11ECD1A225B520C00B2CC4E /* BaseViewController.swift in Sources */,
				B1CFF724225DC4330076C44C /* MailInteractor.swift in Sources */,
				B181EBD022690E2000DF8FE3 /* ReceiptManager.swift in Sources */,
				B1127ED7225C95F20023D0AE /* NetworkRequest.swift in Sources */,
				B199858623B80FA30064739D /* CheckOneTimeCodeModel.swift in Sources */,
				B14AA1A3225E2B530073BA54 /* SSTextField.swift in Sources */,
				50DFC3EA375EDCD75D7EE36E /* StartScreenViewController.swift in Sources */,
				B181EBCD2268ED2000DF8FE3 /* AES256Crypter.swift in Sources */,
				B1127EDA225C95F20023D0AE /* NetworkError.swift in Sources */,
				B1CFF721225DC4330076C44C /* Mail+DIResolver.swift in Sources */,
				B1CFF71F225DC4330076C44C /* MailPresenter.swift in Sources */,
				B1CFF720225DC4330076C44C /* MailWireFrame.swift in Sources */,
				B1127EE2225C9F5C0023D0AE /* Colors.swift in Sources */,
				B11ECD1E225B520C00B2CC4E /* BasePresenter.swift in Sources */,
				DF5E3CFE60C1E7F766350DCC /* StartScreenPresenter.swift in Sources */,
				B11ECD15225B520C00B2CC4E /* BaseNavigationControllerPresenter.swift in Sources */,
				B1127ED9225C95F20023D0AE /* NetworkRequestWrapper.swift in Sources */,
				B136335223B295E300DDD935 /* KeychainManager.swift in Sources */,
				B1AF91942265C57700FB22B8 /* CreateGroceryListItemPendingTask.swift in Sources */,
				B11ECD16225B520C00B2CC4E /* BaseNavigationControllerWireFrame.swift in Sources */,
				B1CFF723225DC4330076C44C /* MailProtocols.swift in Sources */,
				B1CFF722225DC4330076C44C /* MailViewController.swift in Sources */,
				B1FBF20B233EB4B000B7F069 /* SignUpPositiveApiResponseModel.swift in Sources */,
				B1A253602341F39800593A2F /* SignUpPositiveModel.swift in Sources */,
				B136334F23AE91A300DDD935 /* SSPasscode.swift in Sources */,
				B1AF91922265C52600FB22B8 /* GroceryListPendingTasksFactory.swift in Sources */,
				B199858323B809FC0064739D /* CheckOneTimeCodeApiRequest.swift in Sources */,
				B1F2CF062281684E008E68B5 /* SSDescriptionLabel.swift in Sources */,
				B1127EE0225C972A0023D0AE /* NetworkRequestProviderProtocols.swift in Sources */,
				8E61625AF5FF83DF2CE2AA88 /* StartScreenInteractor.swift in Sources */,
				B1621AA1234CE3D5008F6AC3 /* BaseScrollViewController.swift in Sources */,
				B1F2CF0822816CD5008E68B5 /* SSContinueButton.swift in Sources */,
				CFD72FB33FEB3CF16A9C1DB8 /* StartScreenProtocols.swift in Sources */,
				B1127EDB225C95F20023D0AE /* AuthTokenRefresher.swift in Sources */,
				B1127ED8225C95F20023D0AE /* NetworkTarget.swift in Sources */,
				B1127EDE225C97080023D0AE /* NetworkRequestProvider.swift in Sources */,
				B11ECD19225B520C00B2CC4E /* BaseNavigationControllerInteractor.swift in Sources */,
				B1127ED6225C95F20023D0AE /* AccountManager.swift in Sources */,
				86925EA765863C74E3675B56 /* StartScreenWireFrame.swift in Sources */,
				B1FBF203233E82CC00B7F069 /* NetworkProvider+Auth.swift in Sources */,
				B11ECD1C225B520C00B2CC4E /* BaseInteractor.swift in Sources */,
				15E1008187E6DE7A7A6045AA /* Authorisation+DIResolver.swift in Sources */,
				B1F2CEFC2280D45A008E68B5 /* SSTitleLabel.swift in Sources */,
				1EB793936023570AE5E12C66 /* OneTimeCodeViewController.swift in Sources */,
				9FB7ACA5357449F43662EF3F /* OneTimeCodePresenter.swift in Sources */,
				B114596622835CB3008EAF69 /* Extensions.swift in Sources */,
				77B58BD6637B726D817689E0 /* OneTimeCodeInteractor.swift in Sources */,
				8B83C28F7F7D035A56691620 /* OneTimeCodeProtocols.swift in Sources */,
				B199857E23B6DCEA0064739D /* CheckOneTimeCodeApiResponseModel.swift in Sources */,
				B190682E233F8F6A0085BA59 /* SignInApiRequest.swift in Sources */,
				476D6274619001A99BE3C8CB /* OneTimeCodeWireFrame.swift in Sources */,
				1FCC1AA437232EEEF49BE7D8 /* OneTimeCode+DIResolver.swift in Sources */,
				02591E549A177441AB0AD18C /* PINSetupViewController.swift in Sources */,
				D5C80321252160C687D01FB3 /* PINSetupPresenter.swift in Sources */,
				C69BBCF37F2713280ECE612C /* PINSetupInteractor.swift in Sources */,
				5F770B63EC9642DC509D1700 /* PINSetupProtocols.swift in Sources */,
				32E9B2F781F2E13BA673662B /* PINSetupWireFrame.swift in Sources */,
				E0012141066D17F4C7E9757F /* PINSetup+DIResolver.swift in Sources */,
				CB586D0F456877104503CB54 /* PINConfirmViewController.swift in Sources */,
				6CF2B58EEA08A728686216B7 /* PINConfirmPresenter.swift in Sources */,
				281E789C35C1B73B56091702 /* PINConfirmInteractor.swift in Sources */,
				B1432E0C02B77327EAEABB7C /* PINConfirmProtocols.swift in Sources */,
				0CB63070DC40AA0296B2C71D /* PINConfirmWireFrame.swift in Sources */,
				53AB7586C5C8FB4220810D1A /* PINConfirm+DIResolver.swift in Sources */,
				D7B0D235949881E5D41CD1E4 /* SSAlbumsViewController.swift in Sources */,
				8E74C342A6629E43220E335A /* SSAlbumsPresenter.swift in Sources */,
				B199858023B807CE0064739D /* NetworkProvider+Account.swift in Sources */,
				31A2BD8DA724BE4AAAF0BB4C /* SSAlbumsInteractor.swift in Sources */,
				BD5CE711D51135A2ACE0685F /* SSAlbumsProtocols.swift in Sources */,
				B021A370F95BD675B2120C2B /* SSAlbumsWireFrame.swift in Sources */,
				0A9B07FC81AAF04B844C7112 /* Albums+DIResolver.swift in Sources */,
				ADC9D257B1368CBAB5EB389C /* MasterPasswordViewController.swift in Sources */,
				E7149A69DFEA6B5160626312 /* MasterPasswordPresenter.swift in Sources */,
				68B37E41E8D3B2E77BB9ED21 /* MasterPasswordInteractor.swift in Sources */,
				4F30A159482A60DD140ACB0F /* MasterPasswordProtocols.swift in Sources */,
				40C50E4F24512BC044BB3DEF /* MasterPasswordWireFrame.swift in Sources */,
				48B8B6D26D3AE607A5DA7040 /* MasterPassword+DIResolver.swift in Sources */,
			);
			runOnlyForDeploymentPostprocessing = 0;
		};
		B11ECCAC225B42E700B2CC4E /* Sources */ = {
			isa = PBXSourcesBuildPhase;
			buildActionMask = 2147483647;
			files = (
				B11ECCB5225B42E700B2CC4E /* SecurePlace2Tests.swift in Sources */,
			);
			runOnlyForDeploymentPostprocessing = 0;
		};
		B11ECCB7225B42E700B2CC4E /* Sources */ = {
			isa = PBXSourcesBuildPhase;
			buildActionMask = 2147483647;
			files = (
				B11ECCC0225B42E700B2CC4E /* SecurePlace2UITests.swift in Sources */,
			);
			runOnlyForDeploymentPostprocessing = 0;
		};
/* End PBXSourcesBuildPhase section */

/* Begin PBXTargetDependency section */
		B11ECCB2225B42E700B2CC4E /* PBXTargetDependency */ = {
			isa = PBXTargetDependency;
			target = B11ECC9B225B42E500B2CC4E /* SecurePlace2 */;
			targetProxy = B11ECCB1225B42E700B2CC4E /* PBXContainerItemProxy */;
		};
		B11ECCBD225B42E700B2CC4E /* PBXTargetDependency */ = {
			isa = PBXTargetDependency;
			target = B11ECC9B225B42E500B2CC4E /* SecurePlace2 */;
			targetProxy = B11ECCBC225B42E700B2CC4E /* PBXContainerItemProxy */;
		};
/* End PBXTargetDependency section */

/* Begin PBXVariantGroup section */
		B11ECCA3225B42E500B2CC4E /* Main.storyboard */ = {
			isa = PBXVariantGroup;
			children = (
				B11ECCA4225B42E500B2CC4E /* Base */,
			);
			name = Main.storyboard;
			sourceTree = "<group>";
		};
		B11ECCA8225B42E700B2CC4E /* LaunchScreen.storyboard */ = {
			isa = PBXVariantGroup;
			children = (
				B11ECCA9225B42E700B2CC4E /* Base */,
			);
			name = LaunchScreen.storyboard;
			sourceTree = "<group>";
		};
/* End PBXVariantGroup section */

/* Begin XCBuildConfiguration section */
		B11ECCC2225B42E700B2CC4E /* Debug */ = {
			isa = XCBuildConfiguration;
			buildSettings = {
				ALWAYS_SEARCH_USER_PATHS = NO;
				CLANG_ANALYZER_NONNULL = YES;
				CLANG_ANALYZER_NUMBER_OBJECT_CONVERSION = YES_AGGRESSIVE;
				CLANG_CXX_LANGUAGE_STANDARD = "gnu++14";
				CLANG_CXX_LIBRARY = "libc++";
				CLANG_ENABLE_MODULES = YES;
				CLANG_ENABLE_OBJC_ARC = YES;
				CLANG_ENABLE_OBJC_WEAK = YES;
				CLANG_WARN_BLOCK_CAPTURE_AUTORELEASING = YES;
				CLANG_WARN_BOOL_CONVERSION = YES;
				CLANG_WARN_COMMA = YES;
				CLANG_WARN_CONSTANT_CONVERSION = YES;
				CLANG_WARN_DEPRECATED_OBJC_IMPLEMENTATIONS = YES;
				CLANG_WARN_DIRECT_OBJC_ISA_USAGE = YES_ERROR;
				CLANG_WARN_DOCUMENTATION_COMMENTS = YES;
				CLANG_WARN_EMPTY_BODY = YES;
				CLANG_WARN_ENUM_CONVERSION = YES;
				CLANG_WARN_INFINITE_RECURSION = YES;
				CLANG_WARN_INT_CONVERSION = YES;
				CLANG_WARN_NON_LITERAL_NULL_CONVERSION = YES;
				CLANG_WARN_OBJC_IMPLICIT_RETAIN_SELF = YES;
				CLANG_WARN_OBJC_LITERAL_CONVERSION = YES;
				CLANG_WARN_OBJC_ROOT_CLASS = YES_ERROR;
				CLANG_WARN_RANGE_LOOP_ANALYSIS = YES;
				CLANG_WARN_STRICT_PROTOTYPES = YES;
				CLANG_WARN_SUSPICIOUS_MOVE = YES;
				CLANG_WARN_UNGUARDED_AVAILABILITY = YES_AGGRESSIVE;
				CLANG_WARN_UNREACHABLE_CODE = YES;
				CLANG_WARN__DUPLICATE_METHOD_MATCH = YES;
				CODE_SIGN_IDENTITY = "iPhone Developer";
				COPY_PHASE_STRIP = NO;
				DEBUG_INFORMATION_FORMAT = dwarf;
				ENABLE_STRICT_OBJC_MSGSEND = YES;
				ENABLE_TESTABILITY = YES;
				GCC_C_LANGUAGE_STANDARD = gnu11;
				GCC_DYNAMIC_NO_PIC = NO;
				GCC_NO_COMMON_BLOCKS = YES;
				GCC_OPTIMIZATION_LEVEL = 0;
				GCC_PREPROCESSOR_DEFINITIONS = (
					"DEBUG=1",
					"$(inherited)",
				);
				GCC_WARN_64_TO_32_BIT_CONVERSION = YES;
				GCC_WARN_ABOUT_RETURN_TYPE = YES_ERROR;
				GCC_WARN_UNDECLARED_SELECTOR = YES;
				GCC_WARN_UNINITIALIZED_AUTOS = YES_AGGRESSIVE;
				GCC_WARN_UNUSED_FUNCTION = YES;
				GCC_WARN_UNUSED_VARIABLE = YES;
				IPHONEOS_DEPLOYMENT_TARGET = 13.0;
				MTL_ENABLE_DEBUG_INFO = INCLUDE_SOURCE;
				MTL_FAST_MATH = YES;
				ONLY_ACTIVE_ARCH = YES;
				SDKROOT = iphoneos;
				SWIFT_ACTIVE_COMPILATION_CONDITIONS = DEBUG;
				SWIFT_OPTIMIZATION_LEVEL = "-Onone";
			};
			name = Debug;
		};
		B11ECCC3225B42E700B2CC4E /* Release */ = {
			isa = XCBuildConfiguration;
			buildSettings = {
				ALWAYS_SEARCH_USER_PATHS = NO;
				CLANG_ANALYZER_NONNULL = YES;
				CLANG_ANALYZER_NUMBER_OBJECT_CONVERSION = YES_AGGRESSIVE;
				CLANG_CXX_LANGUAGE_STANDARD = "gnu++14";
				CLANG_CXX_LIBRARY = "libc++";
				CLANG_ENABLE_MODULES = YES;
				CLANG_ENABLE_OBJC_ARC = YES;
				CLANG_ENABLE_OBJC_WEAK = YES;
				CLANG_WARN_BLOCK_CAPTURE_AUTORELEASING = YES;
				CLANG_WARN_BOOL_CONVERSION = YES;
				CLANG_WARN_COMMA = YES;
				CLANG_WARN_CONSTANT_CONVERSION = YES;
				CLANG_WARN_DEPRECATED_OBJC_IMPLEMENTATIONS = YES;
				CLANG_WARN_DIRECT_OBJC_ISA_USAGE = YES_ERROR;
				CLANG_WARN_DOCUMENTATION_COMMENTS = YES;
				CLANG_WARN_EMPTY_BODY = YES;
				CLANG_WARN_ENUM_CONVERSION = YES;
				CLANG_WARN_INFINITE_RECURSION = YES;
				CLANG_WARN_INT_CONVERSION = YES;
				CLANG_WARN_NON_LITERAL_NULL_CONVERSION = YES;
				CLANG_WARN_OBJC_IMPLICIT_RETAIN_SELF = YES;
				CLANG_WARN_OBJC_LITERAL_CONVERSION = YES;
				CLANG_WARN_OBJC_ROOT_CLASS = YES_ERROR;
				CLANG_WARN_RANGE_LOOP_ANALYSIS = YES;
				CLANG_WARN_STRICT_PROTOTYPES = YES;
				CLANG_WARN_SUSPICIOUS_MOVE = YES;
				CLANG_WARN_UNGUARDED_AVAILABILITY = YES_AGGRESSIVE;
				CLANG_WARN_UNREACHABLE_CODE = YES;
				CLANG_WARN__DUPLICATE_METHOD_MATCH = YES;
				CODE_SIGN_IDENTITY = "iPhone Developer";
				COPY_PHASE_STRIP = NO;
				DEBUG_INFORMATION_FORMAT = "dwarf-with-dsym";
				ENABLE_NS_ASSERTIONS = NO;
				ENABLE_STRICT_OBJC_MSGSEND = YES;
				GCC_C_LANGUAGE_STANDARD = gnu11;
				GCC_NO_COMMON_BLOCKS = YES;
				GCC_WARN_64_TO_32_BIT_CONVERSION = YES;
				GCC_WARN_ABOUT_RETURN_TYPE = YES_ERROR;
				GCC_WARN_UNDECLARED_SELECTOR = YES;
				GCC_WARN_UNINITIALIZED_AUTOS = YES_AGGRESSIVE;
				GCC_WARN_UNUSED_FUNCTION = YES;
				GCC_WARN_UNUSED_VARIABLE = YES;
				IPHONEOS_DEPLOYMENT_TARGET = 13.0;
				MTL_ENABLE_DEBUG_INFO = NO;
				MTL_FAST_MATH = YES;
				SDKROOT = iphoneos;
				SWIFT_OPTIMIZATION_LEVEL = "-Owholemodule";
				VALIDATE_PRODUCT = YES;
			};
			name = Release;
		};
		B11ECCC5225B42E700B2CC4E /* Debug */ = {
			isa = XCBuildConfiguration;
			baseConfigurationReference = 0DCAC7194D6FF4E921CB3858 /* Pods-SecurePlace2.debug.xcconfig */;
			buildSettings = {
				ASSETCATALOG_COMPILER_APPICON_NAME = AppIcon;
				CLANG_ENABLE_MODULES = YES;
				CODE_SIGN_STYLE = Automatic;
				DEVELOPMENT_TEAM = 42HSZXZUT7;
				INFOPLIST_FILE = SecurePlace2/Info.plist;
				IPHONEOS_DEPLOYMENT_TARGET = 13.0;
				LD_RUNPATH_SEARCH_PATHS = "$(inherited) @executable_path/Frameworks";
				PRODUCT_BUNDLE_IDENTIFIER = com.hilton.SecurePlace2;
				PRODUCT_NAME = "$(TARGET_NAME)";
				SWIFT_OBJC_BRIDGING_HEADER = "SecurePlace2/SecurePlace2-Bridging-Header.h";
				SWIFT_OPTIMIZATION_LEVEL = "-Onone";
				SWIFT_VERSION = 4.2;
				TARGETED_DEVICE_FAMILY = "1,2";
			};
			name = Debug;
		};
		B11ECCC6225B42E700B2CC4E /* Release */ = {
			isa = XCBuildConfiguration;
			baseConfigurationReference = 18576D8D7B6371DC86266A36 /* Pods-SecurePlace2.release.xcconfig */;
			buildSettings = {
				ASSETCATALOG_COMPILER_APPICON_NAME = AppIcon;
				CLANG_ENABLE_MODULES = YES;
				CODE_SIGN_STYLE = Automatic;
				DEVELOPMENT_TEAM = 42HSZXZUT7;
				INFOPLIST_FILE = SecurePlace2/Info.plist;
				IPHONEOS_DEPLOYMENT_TARGET = 13.0;
				LD_RUNPATH_SEARCH_PATHS = "$(inherited) @executable_path/Frameworks";
				PRODUCT_BUNDLE_IDENTIFIER = com.hilton.SecurePlace2;
				PRODUCT_NAME = "$(TARGET_NAME)";
				SWIFT_OBJC_BRIDGING_HEADER = "SecurePlace2/SecurePlace2-Bridging-Header.h";
				SWIFT_VERSION = 4.2;
				TARGETED_DEVICE_FAMILY = "1,2";
			};
			name = Release;
		};
		B11ECCC8225B42E700B2CC4E /* Debug */ = {
			isa = XCBuildConfiguration;
			baseConfigurationReference = 3738E0B3DC8DBA6927AC2F8F /* Pods-SecurePlace2Tests.debug.xcconfig */;
			buildSettings = {
				ALWAYS_EMBED_SWIFT_STANDARD_LIBRARIES = YES;
				BUNDLE_LOADER = "$(TEST_HOST)";
				CODE_SIGN_STYLE = Automatic;
				DEVELOPMENT_TEAM = 42HSZXZUT7;
				INFOPLIST_FILE = SecurePlace2Tests/Info.plist;
				LD_RUNPATH_SEARCH_PATHS = "$(inherited) @executable_path/Frameworks @loader_path/Frameworks";
				PRODUCT_BUNDLE_IDENTIFIER = com.hilton.SecurePlace2Tests;
				PRODUCT_NAME = "$(TARGET_NAME)";
				SWIFT_VERSION = 4.2;
				TARGETED_DEVICE_FAMILY = "1,2";
				TEST_HOST = "$(BUILT_PRODUCTS_DIR)/SecurePlace2.app/SecurePlace2";
			};
			name = Debug;
		};
		B11ECCC9225B42E700B2CC4E /* Release */ = {
			isa = XCBuildConfiguration;
			baseConfigurationReference = 1ABE821EF7B1DD76EB288C4F /* Pods-SecurePlace2Tests.release.xcconfig */;
			buildSettings = {
				ALWAYS_EMBED_SWIFT_STANDARD_LIBRARIES = YES;
				BUNDLE_LOADER = "$(TEST_HOST)";
				CODE_SIGN_STYLE = Automatic;
				DEVELOPMENT_TEAM = 42HSZXZUT7;
				INFOPLIST_FILE = SecurePlace2Tests/Info.plist;
				LD_RUNPATH_SEARCH_PATHS = "$(inherited) @executable_path/Frameworks @loader_path/Frameworks";
				PRODUCT_BUNDLE_IDENTIFIER = com.hilton.SecurePlace2Tests;
				PRODUCT_NAME = "$(TARGET_NAME)";
				SWIFT_VERSION = 4.2;
				TARGETED_DEVICE_FAMILY = "1,2";
				TEST_HOST = "$(BUILT_PRODUCTS_DIR)/SecurePlace2.app/SecurePlace2";
			};
			name = Release;
		};
		B11ECCCB225B42E700B2CC4E /* Debug */ = {
			isa = XCBuildConfiguration;
			baseConfigurationReference = 387D9ECA4C3BC75C254AB373 /* Pods-SecurePlace2UITests.debug.xcconfig */;
			buildSettings = {
				ALWAYS_EMBED_SWIFT_STANDARD_LIBRARIES = YES;
				CODE_SIGN_STYLE = Automatic;
				DEVELOPMENT_TEAM = 42HSZXZUT7;
				INFOPLIST_FILE = SecurePlace2UITests/Info.plist;
				LD_RUNPATH_SEARCH_PATHS = "$(inherited) @executable_path/Frameworks @loader_path/Frameworks";
				PRODUCT_BUNDLE_IDENTIFIER = com.hilton.SecurePlace2UITests;
				PRODUCT_NAME = "$(TARGET_NAME)";
				SWIFT_VERSION = 4.2;
				TARGETED_DEVICE_FAMILY = "1,2";
				TEST_TARGET_NAME = SecurePlace2;
			};
			name = Debug;
		};
		B11ECCCC225B42E700B2CC4E /* Release */ = {
			isa = XCBuildConfiguration;
			baseConfigurationReference = 4A0D77BB0CE786C1EBE7323F /* Pods-SecurePlace2UITests.release.xcconfig */;
			buildSettings = {
				ALWAYS_EMBED_SWIFT_STANDARD_LIBRARIES = YES;
				CODE_SIGN_STYLE = Automatic;
				DEVELOPMENT_TEAM = 42HSZXZUT7;
				INFOPLIST_FILE = SecurePlace2UITests/Info.plist;
				LD_RUNPATH_SEARCH_PATHS = "$(inherited) @executable_path/Frameworks @loader_path/Frameworks";
				PRODUCT_BUNDLE_IDENTIFIER = com.hilton.SecurePlace2UITests;
				PRODUCT_NAME = "$(TARGET_NAME)";
				SWIFT_VERSION = 4.2;
				TARGETED_DEVICE_FAMILY = "1,2";
				TEST_TARGET_NAME = SecurePlace2;
			};
			name = Release;
		};
/* End XCBuildConfiguration section */

/* Begin XCConfigurationList section */
		B11ECC97225B42E500B2CC4E /* Build configuration list for PBXProject "SecurePlace2" */ = {
			isa = XCConfigurationList;
			buildConfigurations = (
				B11ECCC2225B42E700B2CC4E /* Debug */,
				B11ECCC3225B42E700B2CC4E /* Release */,
			);
			defaultConfigurationIsVisible = 0;
			defaultConfigurationName = Release;
		};
		B11ECCC4225B42E700B2CC4E /* Build configuration list for PBXNativeTarget "SecurePlace2" */ = {
			isa = XCConfigurationList;
			buildConfigurations = (
				B11ECCC5225B42E700B2CC4E /* Debug */,
				B11ECCC6225B42E700B2CC4E /* Release */,
			);
			defaultConfigurationIsVisible = 0;
			defaultConfigurationName = Release;
		};
		B11ECCC7225B42E700B2CC4E /* Build configuration list for PBXNativeTarget "SecurePlace2Tests" */ = {
			isa = XCConfigurationList;
			buildConfigurations = (
				B11ECCC8225B42E700B2CC4E /* Debug */,
				B11ECCC9225B42E700B2CC4E /* Release */,
			);
			defaultConfigurationIsVisible = 0;
			defaultConfigurationName = Release;
		};
		B11ECCCA225B42E700B2CC4E /* Build configuration list for PBXNativeTarget "SecurePlace2UITests" */ = {
			isa = XCConfigurationList;
			buildConfigurations = (
				B11ECCCB225B42E700B2CC4E /* Debug */,
				B11ECCCC225B42E700B2CC4E /* Release */,
			);
			defaultConfigurationIsVisible = 0;
			defaultConfigurationName = Release;
		};
/* End XCConfigurationList section */
	};
	rootObject = B11ECC94225B42E500B2CC4E /* Project object */;
}
