// !$*UTF8*$!
{
	archiveVersion = 1;
	classes = {
	};
	objectVersion = 46;
	objects = {

/* Begin PBXBuildFile section */
		15E1008187E6DE7A7A6045AA /* SSAuthorisation+DIResolver.swift in Sources */ = {isa = PBXBuildFile; fileRef = BF4B251FDC0E79BF0B10B070 /* SSAuthorisation+DIResolver.swift */; };
		1EB793936023570AE5E12C66 /* SSOneTimeCodeViewController.swift in Sources */ = {isa = PBXBuildFile; fileRef = 1F20ADA71EB10D7F769790C6 /* SSOneTimeCodeViewController.swift */; };
		1FCC1AA437232EEEF49BE7D8 /* SSOneTimeCode+DIResolver.swift in Sources */ = {isa = PBXBuildFile; fileRef = B2770DB8D38B57AC2E2EE568 /* SSOneTimeCode+DIResolver.swift */; };
		476D6274619001A99BE3C8CB /* SSOneTimeCodeWireFrame.swift in Sources */ = {isa = PBXBuildFile; fileRef = DF9EA79564F5F41566D6E92A /* SSOneTimeCodeWireFrame.swift */; };
		50DFC3EA375EDCD75D7EE36E /* SSAuthorisationViewController.swift in Sources */ = {isa = PBXBuildFile; fileRef = 6ACC5F99DA5B9550360309D4 /* SSAuthorisationViewController.swift */; };
		5BF81DCE16149036719F01BD /* Pods_SecurePlace2UITests.framework in Frameworks */ = {isa = PBXBuildFile; fileRef = A1AF62B46DFD0E556B493460 /* Pods_SecurePlace2UITests.framework */; };
		644D7A47F5053F3B6F53A1C5 /* Pods_SecurePlace2.framework in Frameworks */ = {isa = PBXBuildFile; fileRef = 042F932CA3B3425C5FD60228 /* Pods_SecurePlace2.framework */; };
		77B58BD6637B726D817689E0 /* SSOneTimeCodeInteractor.swift in Sources */ = {isa = PBXBuildFile; fileRef = 3547C9E5EC87B50889A3BA91 /* SSOneTimeCodeInteractor.swift */; };
		86925EA765863C74E3675B56 /* SSAuthorisationWireFrame.swift in Sources */ = {isa = PBXBuildFile; fileRef = 781C9358D26852BE14F7579E /* SSAuthorisationWireFrame.swift */; };
		8B83C28F7F7D035A56691620 /* SSOneTimeCodeProtocols.swift in Sources */ = {isa = PBXBuildFile; fileRef = 0A59D1D970570823632684BE /* SSOneTimeCodeProtocols.swift */; };
		8E61625AF5FF83DF2CE2AA88 /* SSAuthorisationInteractor.swift in Sources */ = {isa = PBXBuildFile; fileRef = 64BE3F883BFDA66FDF3179FD /* SSAuthorisationInteractor.swift */; };
		9FB7ACA5357449F43662EF3F /* SSOneTimeCodePresenter.swift in Sources */ = {isa = PBXBuildFile; fileRef = 4C1646A2E56A109CDD6CFDFA /* SSOneTimeCodePresenter.swift */; };
		B1127ED6225C95F20023D0AE /* AccountManager.swift in Sources */ = {isa = PBXBuildFile; fileRef = B1127ECA225C95F20023D0AE /* AccountManager.swift */; };
		B1127ED7225C95F20023D0AE /* NetworkRequest.swift in Sources */ = {isa = PBXBuildFile; fileRef = B1127ECD225C95F20023D0AE /* NetworkRequest.swift */; };
		B1127ED8225C95F20023D0AE /* NetworkTarget.swift in Sources */ = {isa = PBXBuildFile; fileRef = B1127ECF225C95F20023D0AE /* NetworkTarget.swift */; };
		B1127ED9225C95F20023D0AE /* NetworkRequestWrapper.swift in Sources */ = {isa = PBXBuildFile; fileRef = B1127ED0225C95F20023D0AE /* NetworkRequestWrapper.swift */; };
		B1127EDA225C95F20023D0AE /* NetworkError.swift in Sources */ = {isa = PBXBuildFile; fileRef = B1127ED2225C95F20023D0AE /* NetworkError.swift */; };
		B1127EDB225C95F20023D0AE /* AuthTokenRefresher.swift in Sources */ = {isa = PBXBuildFile; fileRef = B1127ED4225C95F20023D0AE /* AuthTokenRefresher.swift */; };
		B1127EDE225C97080023D0AE /* NetworkRequestProvider.swift in Sources */ = {isa = PBXBuildFile; fileRef = B1127EDD225C97080023D0AE /* NetworkRequestProvider.swift */; };
		B1127EE0225C972A0023D0AE /* NetworkRequestProviderProtocols.swift in Sources */ = {isa = PBXBuildFile; fileRef = B1127EDF225C972A0023D0AE /* NetworkRequestProviderProtocols.swift */; };
		B1127EE2225C9F5C0023D0AE /* Colors.swift in Sources */ = {isa = PBXBuildFile; fileRef = B1127EE1225C9F5C0023D0AE /* Colors.swift */; };
		B11ECCA0225B42E500B2CC4E /* AppDelegate.swift in Sources */ = {isa = PBXBuildFile; fileRef = B11ECC9F225B42E500B2CC4E /* AppDelegate.swift */; };
		B11ECCA2225B42E500B2CC4E /* ViewController.swift in Sources */ = {isa = PBXBuildFile; fileRef = B11ECCA1225B42E500B2CC4E /* ViewController.swift */; };
		B11ECCA5225B42E500B2CC4E /* Main.storyboard in Resources */ = {isa = PBXBuildFile; fileRef = B11ECCA3225B42E500B2CC4E /* Main.storyboard */; };
		B11ECCA7225B42E700B2CC4E /* Assets.xcassets in Resources */ = {isa = PBXBuildFile; fileRef = B11ECCA6225B42E700B2CC4E /* Assets.xcassets */; };
		B11ECCAA225B42E700B2CC4E /* LaunchScreen.storyboard in Resources */ = {isa = PBXBuildFile; fileRef = B11ECCA8225B42E700B2CC4E /* LaunchScreen.storyboard */; };
		B11ECCB5225B42E700B2CC4E /* SecurePlace2Tests.swift in Sources */ = {isa = PBXBuildFile; fileRef = B11ECCB4225B42E700B2CC4E /* SecurePlace2Tests.swift */; };
		B11ECCC0225B42E700B2CC4E /* SecurePlace2UITests.swift in Sources */ = {isa = PBXBuildFile; fileRef = B11ECCBF225B42E700B2CC4E /* SecurePlace2UITests.swift */; };
		B11ECD14225B520C00B2CC4E /* BaseWireFrame.swift in Sources */ = {isa = PBXBuildFile; fileRef = B11ECCF8225B520B00B2CC4E /* BaseWireFrame.swift */; };
		B11ECD15225B520C00B2CC4E /* BaseNavigationControllerPresenter.swift in Sources */ = {isa = PBXBuildFile; fileRef = B11ECCFB225B520B00B2CC4E /* BaseNavigationControllerPresenter.swift */; };
		B11ECD16225B520C00B2CC4E /* BaseNavigationControllerWireFrame.swift in Sources */ = {isa = PBXBuildFile; fileRef = B11ECCFD225B520B00B2CC4E /* BaseNavigationControllerWireFrame.swift */; };
		B11ECD17225B520C00B2CC4E /* BaseNavigationControllerViewController.swift in Sources */ = {isa = PBXBuildFile; fileRef = B11ECCFF225B520B00B2CC4E /* BaseNavigationControllerViewController.swift */; };
		B11ECD18225B520C00B2CC4E /* BaseNavigationControllerProtocols.swift in Sources */ = {isa = PBXBuildFile; fileRef = B11ECD01225B520B00B2CC4E /* BaseNavigationControllerProtocols.swift */; };
		B11ECD19225B520C00B2CC4E /* BaseNavigationControllerInteractor.swift in Sources */ = {isa = PBXBuildFile; fileRef = B11ECD03225B520B00B2CC4E /* BaseNavigationControllerInteractor.swift */; };
		B11ECD1A225B520C00B2CC4E /* BaseViewController.swift in Sources */ = {isa = PBXBuildFile; fileRef = B11ECD04225B520B00B2CC4E /* BaseViewController.swift */; };
		B11ECD1C225B520C00B2CC4E /* BaseInteractor.swift in Sources */ = {isa = PBXBuildFile; fileRef = B11ECD06225B520B00B2CC4E /* BaseInteractor.swift */; };
		B11ECD1E225B520C00B2CC4E /* BasePresenter.swift in Sources */ = {isa = PBXBuildFile; fileRef = B11ECD08225B520B00B2CC4E /* BasePresenter.swift */; };
		B11ECD26225B53CF00B2CC4E /* DIResolver.swift in Sources */ = {isa = PBXBuildFile; fileRef = B11ECD25225B53CE00B2CC4E /* DIResolver.swift */; };
		B14AA1A3225E2B530073BA54 /* SSTextField.swift in Sources */ = {isa = PBXBuildFile; fileRef = B14AA1A2225E2B530073BA54 /* SSTextField.swift */; };
		B181EBCD2268ED2000DF8FE3 /* AES256Crypter.swift in Sources */ = {isa = PBXBuildFile; fileRef = B181EBCC2268ED2000DF8FE3 /* AES256Crypter.swift */; };
		B181EBD022690E2000DF8FE3 /* ReceiptManager.swift in Sources */ = {isa = PBXBuildFile; fileRef = B181EBCF22690E2000DF8FE3 /* ReceiptManager.swift */; };
		B1AF91922265C52600FB22B8 /* GroceryListPendingTasksFactory.swift in Sources */ = {isa = PBXBuildFile; fileRef = B1AF91912265C52600FB22B8 /* GroceryListPendingTasksFactory.swift */; };
		B1AF91942265C57700FB22B8 /* CreateGroceryListItemPendingTask.swift in Sources */ = {isa = PBXBuildFile; fileRef = B1AF91932265C57700FB22B8 /* CreateGroceryListItemPendingTask.swift */; };
		B1CFF71F225DC4330076C44C /* MailPresenter.swift in Sources */ = {isa = PBXBuildFile; fileRef = B1CFF715225DC4330076C44C /* MailPresenter.swift */; };
		B1CFF720225DC4330076C44C /* MailWireFrame.swift in Sources */ = {isa = PBXBuildFile; fileRef = B1CFF717225DC4330076C44C /* MailWireFrame.swift */; };
		B1CFF721225DC4330076C44C /* SSMail+DIResolver.swift in Sources */ = {isa = PBXBuildFile; fileRef = B1CFF718225DC4330076C44C /* SSMail+DIResolver.swift */; };
		B1CFF722225DC4330076C44C /* MailViewController.swift in Sources */ = {isa = PBXBuildFile; fileRef = B1CFF71A225DC4330076C44C /* MailViewController.swift */; };
		B1CFF723225DC4330076C44C /* MailProtocols.swift in Sources */ = {isa = PBXBuildFile; fileRef = B1CFF71C225DC4330076C44C /* MailProtocols.swift */; };
		B1CFF724225DC4330076C44C /* MailInteractor.swift in Sources */ = {isa = PBXBuildFile; fileRef = B1CFF71E225DC4330076C44C /* MailInteractor.swift */; };
		CD72CEB2FA788A157E177EB4 /* Pods_SecurePlace2Tests.framework in Frameworks */ = {isa = PBXBuildFile; fileRef = D524BBA47152C996CFE63D4F /* Pods_SecurePlace2Tests.framework */; };
		CFD72FB33FEB3CF16A9C1DB8 /* SSAuthorisationProtocols.swift in Sources */ = {isa = PBXBuildFile; fileRef = D97CC00F21A29894421BF8E1 /* SSAuthorisationProtocols.swift */; };
		DF5E3CFE60C1E7F766350DCC /* SSAuthorisationPresenter.swift in Sources */ = {isa = PBXBuildFile; fileRef = E2BC0E359A4022EE849A3C44 /* SSAuthorisationPresenter.swift */; };
/* End PBXBuildFile section */

/* Begin PBXContainerItemProxy section */
		B11ECCB1225B42E700B2CC4E /* PBXContainerItemProxy */ = {
			isa = PBXContainerItemProxy;
			containerPortal = B11ECC94225B42E500B2CC4E /* Project object */;
			proxyType = 1;
			remoteGlobalIDString = B11ECC9B225B42E500B2CC4E;
			remoteInfo = SecurePlace2;
		};
		B11ECCBC225B42E700B2CC4E /* PBXContainerItemProxy */ = {
			isa = PBXContainerItemProxy;
			containerPortal = B11ECC94225B42E500B2CC4E /* Project object */;
			proxyType = 1;
			remoteGlobalIDString = B11ECC9B225B42E500B2CC4E;
			remoteInfo = SecurePlace2;
		};
/* End PBXContainerItemProxy section */

/* Begin PBXFileReference section */
		042F932CA3B3425C5FD60228 /* Pods_SecurePlace2.framework */ = {isa = PBXFileReference; explicitFileType = wrapper.framework; includeInIndex = 0; path = Pods_SecurePlace2.framework; sourceTree = BUILT_PRODUCTS_DIR; };
		0A59D1D970570823632684BE /* SSOneTimeCodeProtocols.swift */ = {isa = PBXFileReference; includeInIndex = 1; lastKnownFileType = sourcecode.swift; path = SSOneTimeCodeProtocols.swift; sourceTree = "<group>"; };
		0DCAC7194D6FF4E921CB3858 /* Pods-SecurePlace2.debug.xcconfig */ = {isa = PBXFileReference; includeInIndex = 1; lastKnownFileType = text.xcconfig; name = "Pods-SecurePlace2.debug.xcconfig"; path = "Pods/Target Support Files/Pods-SecurePlace2/Pods-SecurePlace2.debug.xcconfig"; sourceTree = "<group>"; };
		18576D8D7B6371DC86266A36 /* Pods-SecurePlace2.release.xcconfig */ = {isa = PBXFileReference; includeInIndex = 1; lastKnownFileType = text.xcconfig; name = "Pods-SecurePlace2.release.xcconfig"; path = "Pods/Target Support Files/Pods-SecurePlace2/Pods-SecurePlace2.release.xcconfig"; sourceTree = "<group>"; };
		1ABE821EF7B1DD76EB288C4F /* Pods-SecurePlace2Tests.release.xcconfig */ = {isa = PBXFileReference; includeInIndex = 1; lastKnownFileType = text.xcconfig; name = "Pods-SecurePlace2Tests.release.xcconfig"; path = "Pods/Target Support Files/Pods-SecurePlace2Tests/Pods-SecurePlace2Tests.release.xcconfig"; sourceTree = "<group>"; };
		1F20ADA71EB10D7F769790C6 /* SSOneTimeCodeViewController.swift */ = {isa = PBXFileReference; includeInIndex = 1; lastKnownFileType = sourcecode.swift; path = SSOneTimeCodeViewController.swift; sourceTree = "<group>"; };
		3547C9E5EC87B50889A3BA91 /* SSOneTimeCodeInteractor.swift */ = {isa = PBXFileReference; includeInIndex = 1; lastKnownFileType = sourcecode.swift; path = SSOneTimeCodeInteractor.swift; sourceTree = "<group>"; };
		3738E0B3DC8DBA6927AC2F8F /* Pods-SecurePlace2Tests.debug.xcconfig */ = {isa = PBXFileReference; includeInIndex = 1; lastKnownFileType = text.xcconfig; name = "Pods-SecurePlace2Tests.debug.xcconfig"; path = "Pods/Target Support Files/Pods-SecurePlace2Tests/Pods-SecurePlace2Tests.debug.xcconfig"; sourceTree = "<group>"; };
		387D9ECA4C3BC75C254AB373 /* Pods-SecurePlace2UITests.debug.xcconfig */ = {isa = PBXFileReference; includeInIndex = 1; lastKnownFileType = text.xcconfig; name = "Pods-SecurePlace2UITests.debug.xcconfig"; path = "Pods/Target Support Files/Pods-SecurePlace2UITests/Pods-SecurePlace2UITests.debug.xcconfig"; sourceTree = "<group>"; };
		4A0D77BB0CE786C1EBE7323F /* Pods-SecurePlace2UITests.release.xcconfig */ = {isa = PBXFileReference; includeInIndex = 1; lastKnownFileType = text.xcconfig; name = "Pods-SecurePlace2UITests.release.xcconfig"; path = "Pods/Target Support Files/Pods-SecurePlace2UITests/Pods-SecurePlace2UITests.release.xcconfig"; sourceTree = "<group>"; };
		4C1646A2E56A109CDD6CFDFA /* SSOneTimeCodePresenter.swift */ = {isa = PBXFileReference; includeInIndex = 1; lastKnownFileType = sourcecode.swift; path = SSOneTimeCodePresenter.swift; sourceTree = "<group>"; };
		64BE3F883BFDA66FDF3179FD /* SSAuthorisationInteractor.swift */ = {isa = PBXFileReference; includeInIndex = 1; lastKnownFileType = sourcecode.swift; path = SSAuthorisationInteractor.swift; sourceTree = "<group>"; };
		6ACC5F99DA5B9550360309D4 /* SSAuthorisationViewController.swift */ = {isa = PBXFileReference; includeInIndex = 1; lastKnownFileType = sourcecode.swift; path = SSAuthorisationViewController.swift; sourceTree = "<group>"; };
		781C9358D26852BE14F7579E /* SSAuthorisationWireFrame.swift */ = {isa = PBXFileReference; includeInIndex = 1; lastKnownFileType = sourcecode.swift; path = SSAuthorisationWireFrame.swift; sourceTree = "<group>"; };
		A1AF62B46DFD0E556B493460 /* Pods_SecurePlace2UITests.framework */ = {isa = PBXFileReference; explicitFileType = wrapper.framework; includeInIndex = 0; path = Pods_SecurePlace2UITests.framework; sourceTree = BUILT_PRODUCTS_DIR; };
		B1127ECA225C95F20023D0AE /* AccountManager.swift */ = {isa = PBXFileReference; fileEncoding = 4; lastKnownFileType = sourcecode.swift; path = AccountManager.swift; sourceTree = "<group>"; };
		B1127ECD225C95F20023D0AE /* NetworkRequest.swift */ = {isa = PBXFileReference; fileEncoding = 4; lastKnownFileType = sourcecode.swift; path = NetworkRequest.swift; sourceTree = "<group>"; };
		B1127ECF225C95F20023D0AE /* NetworkTarget.swift */ = {isa = PBXFileReference; fileEncoding = 4; lastKnownFileType = sourcecode.swift; path = NetworkTarget.swift; sourceTree = "<group>"; };
		B1127ED0225C95F20023D0AE /* NetworkRequestWrapper.swift */ = {isa = PBXFileReference; fileEncoding = 4; lastKnownFileType = sourcecode.swift; path = NetworkRequestWrapper.swift; sourceTree = "<group>"; };
		B1127ED2225C95F20023D0AE /* NetworkError.swift */ = {isa = PBXFileReference; fileEncoding = 4; lastKnownFileType = sourcecode.swift; path = NetworkError.swift; sourceTree = "<group>"; };
		B1127ED4225C95F20023D0AE /* AuthTokenRefresher.swift */ = {isa = PBXFileReference; fileEncoding = 4; lastKnownFileType = sourcecode.swift; path = AuthTokenRefresher.swift; sourceTree = "<group>"; };
		B1127EDD225C97080023D0AE /* NetworkRequestProvider.swift */ = {isa = PBXFileReference; fileEncoding = 4; lastKnownFileType = sourcecode.swift; path = NetworkRequestProvider.swift; sourceTree = "<group>"; };
		B1127EDF225C972A0023D0AE /* NetworkRequestProviderProtocols.swift */ = {isa = PBXFileReference; fileEncoding = 4; lastKnownFileType = sourcecode.swift; path = NetworkRequestProviderProtocols.swift; sourceTree = "<group>"; };
		B1127EE1225C9F5C0023D0AE /* Colors.swift */ = {isa = PBXFileReference; lastKnownFileType = sourcecode.swift; path = Colors.swift; sourceTree = "<group>"; };
		B11ECC9C225B42E500B2CC4E /* SecurePlace2.app */ = {isa = PBXFileReference; explicitFileType = wrapper.application; includeInIndex = 0; path = SecurePlace2.app; sourceTree = BUILT_PRODUCTS_DIR; };
		B11ECC9F225B42E500B2CC4E /* AppDelegate.swift */ = {isa = PBXFileReference; lastKnownFileType = sourcecode.swift; path = AppDelegate.swift; sourceTree = "<group>"; };
		B11ECCA1225B42E500B2CC4E /* ViewController.swift */ = {isa = PBXFileReference; lastKnownFileType = sourcecode.swift; path = ViewController.swift; sourceTree = "<group>"; };
		B11ECCA4225B42E500B2CC4E /* Base */ = {isa = PBXFileReference; lastKnownFileType = file.storyboard; name = Base; path = Base.lproj/Main.storyboard; sourceTree = "<group>"; };
		B11ECCA6225B42E700B2CC4E /* Assets.xcassets */ = {isa = PBXFileReference; lastKnownFileType = folder.assetcatalog; path = Assets.xcassets; sourceTree = "<group>"; };
		B11ECCA9225B42E700B2CC4E /* Base */ = {isa = PBXFileReference; lastKnownFileType = file.storyboard; name = Base; path = Base.lproj/LaunchScreen.storyboard; sourceTree = "<group>"; };
		B11ECCAB225B42E700B2CC4E /* Info.plist */ = {isa = PBXFileReference; lastKnownFileType = text.plist.xml; path = Info.plist; sourceTree = "<group>"; };
		B11ECCB0225B42E700B2CC4E /* SecurePlace2Tests.xctest */ = {isa = PBXFileReference; explicitFileType = wrapper.cfbundle; includeInIndex = 0; path = SecurePlace2Tests.xctest; sourceTree = BUILT_PRODUCTS_DIR; };
		B11ECCB4225B42E700B2CC4E /* SecurePlace2Tests.swift */ = {isa = PBXFileReference; lastKnownFileType = sourcecode.swift; path = SecurePlace2Tests.swift; sourceTree = "<group>"; };
		B11ECCB6225B42E700B2CC4E /* Info.plist */ = {isa = PBXFileReference; lastKnownFileType = text.plist.xml; path = Info.plist; sourceTree = "<group>"; };
		B11ECCBB225B42E700B2CC4E /* SecurePlace2UITests.xctest */ = {isa = PBXFileReference; explicitFileType = wrapper.cfbundle; includeInIndex = 0; path = SecurePlace2UITests.xctest; sourceTree = BUILT_PRODUCTS_DIR; };
		B11ECCBF225B42E700B2CC4E /* SecurePlace2UITests.swift */ = {isa = PBXFileReference; lastKnownFileType = sourcecode.swift; path = SecurePlace2UITests.swift; sourceTree = "<group>"; };
		B11ECCC1225B42E700B2CC4E /* Info.plist */ = {isa = PBXFileReference; lastKnownFileType = text.plist.xml; path = Info.plist; sourceTree = "<group>"; };
		B11ECCF8225B520B00B2CC4E /* BaseWireFrame.swift */ = {isa = PBXFileReference; fileEncoding = 4; lastKnownFileType = sourcecode.swift; path = BaseWireFrame.swift; sourceTree = "<group>"; };
		B11ECCFB225B520B00B2CC4E /* BaseNavigationControllerPresenter.swift */ = {isa = PBXFileReference; fileEncoding = 4; lastKnownFileType = sourcecode.swift; path = BaseNavigationControllerPresenter.swift; sourceTree = "<group>"; };
		B11ECCFD225B520B00B2CC4E /* BaseNavigationControllerWireFrame.swift */ = {isa = PBXFileReference; fileEncoding = 4; lastKnownFileType = sourcecode.swift; path = BaseNavigationControllerWireFrame.swift; sourceTree = "<group>"; };
		B11ECCFF225B520B00B2CC4E /* BaseNavigationControllerViewController.swift */ = {isa = PBXFileReference; fileEncoding = 4; lastKnownFileType = sourcecode.swift; path = BaseNavigationControllerViewController.swift; sourceTree = "<group>"; };
		B11ECD01225B520B00B2CC4E /* BaseNavigationControllerProtocols.swift */ = {isa = PBXFileReference; fileEncoding = 4; lastKnownFileType = sourcecode.swift; path = BaseNavigationControllerProtocols.swift; sourceTree = "<group>"; };
		B11ECD03225B520B00B2CC4E /* BaseNavigationControllerInteractor.swift */ = {isa = PBXFileReference; fileEncoding = 4; lastKnownFileType = sourcecode.swift; path = BaseNavigationControllerInteractor.swift; sourceTree = "<group>"; };
		B11ECD04225B520B00B2CC4E /* BaseViewController.swift */ = {isa = PBXFileReference; fileEncoding = 4; lastKnownFileType = sourcecode.swift; path = BaseViewController.swift; sourceTree = "<group>"; };
		B11ECD06225B520B00B2CC4E /* BaseInteractor.swift */ = {isa = PBXFileReference; fileEncoding = 4; lastKnownFileType = sourcecode.swift; path = BaseInteractor.swift; sourceTree = "<group>"; };
		B11ECD08225B520B00B2CC4E /* BasePresenter.swift */ = {isa = PBXFileReference; fileEncoding = 4; lastKnownFileType = sourcecode.swift; path = BasePresenter.swift; sourceTree = "<group>"; };
		B11ECD25225B53CE00B2CC4E /* DIResolver.swift */ = {isa = PBXFileReference; fileEncoding = 4; lastKnownFileType = sourcecode.swift; path = DIResolver.swift; sourceTree = "<group>"; };
		B14AA1A2225E2B530073BA54 /* SSTextField.swift */ = {isa = PBXFileReference; lastKnownFileType = sourcecode.swift; path = SSTextField.swift; sourceTree = "<group>"; };
		B181EBC92268EC5600DF8FE3 /* SecurePlace2-Bridging-Header.h */ = {isa = PBXFileReference; lastKnownFileType = sourcecode.c.h; path = "SecurePlace2-Bridging-Header.h"; sourceTree = "<group>"; };
		B181EBCC2268ED2000DF8FE3 /* AES256Crypter.swift */ = {isa = PBXFileReference; lastKnownFileType = sourcecode.swift; path = AES256Crypter.swift; sourceTree = "<group>"; };
		B181EBCF22690E2000DF8FE3 /* ReceiptManager.swift */ = {isa = PBXFileReference; lastKnownFileType = sourcecode.swift; path = ReceiptManager.swift; sourceTree = "<group>"; };
		B1AF91912265C52600FB22B8 /* GroceryListPendingTasksFactory.swift */ = {isa = PBXFileReference; lastKnownFileType = sourcecode.swift; path = GroceryListPendingTasksFactory.swift; sourceTree = "<group>"; };
		B1AF91932265C57700FB22B8 /* CreateGroceryListItemPendingTask.swift */ = {isa = PBXFileReference; lastKnownFileType = sourcecode.swift; path = CreateGroceryListItemPendingTask.swift; sourceTree = "<group>"; };
		B1CFF715225DC4330076C44C /* MailPresenter.swift */ = {isa = PBXFileReference; fileEncoding = 4; lastKnownFileType = sourcecode.swift; path = MailPresenter.swift; sourceTree = "<group>"; };
		B1CFF717225DC4330076C44C /* MailWireFrame.swift */ = {isa = PBXFileReference; fileEncoding = 4; lastKnownFileType = sourcecode.swift; path = MailWireFrame.swift; sourceTree = "<group>"; };
		B1CFF718225DC4330076C44C /* SSMail+DIResolver.swift */ = {isa = PBXFileReference; fileEncoding = 4; lastKnownFileType = sourcecode.swift; path = "SSMail+DIResolver.swift"; sourceTree = "<group>"; };
		B1CFF71A225DC4330076C44C /* MailViewController.swift */ = {isa = PBXFileReference; fileEncoding = 4; lastKnownFileType = sourcecode.swift; path = MailViewController.swift; sourceTree = "<group>"; };
		B1CFF71C225DC4330076C44C /* MailProtocols.swift */ = {isa = PBXFileReference; fileEncoding = 4; lastKnownFileType = sourcecode.swift; path = MailProtocols.swift; sourceTree = "<group>"; };
		B1CFF71E225DC4330076C44C /* MailInteractor.swift */ = {isa = PBXFileReference; fileEncoding = 4; lastKnownFileType = sourcecode.swift; path = MailInteractor.swift; sourceTree = "<group>"; };
		B2770DB8D38B57AC2E2EE568 /* SSOneTimeCode+DIResolver.swift */ = {isa = PBXFileReference; includeInIndex = 1; lastKnownFileType = sourcecode.swift; path = "SSOneTimeCode+DIResolver.swift"; sourceTree = "<group>"; };
		BF4B251FDC0E79BF0B10B070 /* SSAuthorisation+DIResolver.swift */ = {isa = PBXFileReference; includeInIndex = 1; lastKnownFileType = sourcecode.swift; path = "SSAuthorisation+DIResolver.swift"; sourceTree = "<group>"; };
		D524BBA47152C996CFE63D4F /* Pods_SecurePlace2Tests.framework */ = {isa = PBXFileReference; explicitFileType = wrapper.framework; includeInIndex = 0; path = Pods_SecurePlace2Tests.framework; sourceTree = BUILT_PRODUCTS_DIR; };
		D97CC00F21A29894421BF8E1 /* SSAuthorisationProtocols.swift */ = {isa = PBXFileReference; includeInIndex = 1; lastKnownFileType = sourcecode.swift; path = SSAuthorisationProtocols.swift; sourceTree = "<group>"; };
		DF9EA79564F5F41566D6E92A /* SSOneTimeCodeWireFrame.swift */ = {isa = PBXFileReference; includeInIndex = 1; lastKnownFileType = sourcecode.swift; path = SSOneTimeCodeWireFrame.swift; sourceTree = "<group>"; };
		E2BC0E359A4022EE849A3C44 /* SSAuthorisationPresenter.swift */ = {isa = PBXFileReference; includeInIndex = 1; lastKnownFileType = sourcecode.swift; path = SSAuthorisationPresenter.swift; sourceTree = "<group>"; };
/* End PBXFileReference section */

/* Begin PBXFrameworksBuildPhase section */
		B11ECC99225B42E500B2CC4E /* Frameworks */ = {
			isa = PBXFrameworksBuildPhase;
			buildActionMask = 2147483647;
			files = (
				644D7A47F5053F3B6F53A1C5 /* Pods_SecurePlace2.framework in Frameworks */,
			);
			runOnlyForDeploymentPostprocessing = 0;
		};
		B11ECCAD225B42E700B2CC4E /* Frameworks */ = {
			isa = PBXFrameworksBuildPhase;
			buildActionMask = 2147483647;
			files = (
				CD72CEB2FA788A157E177EB4 /* Pods_SecurePlace2Tests.framework in Frameworks */,
			);
			runOnlyForDeploymentPostprocessing = 0;
		};
		B11ECCB8225B42E700B2CC4E /* Frameworks */ = {
			isa = PBXFrameworksBuildPhase;
			buildActionMask = 2147483647;
			files = (
				5BF81DCE16149036719F01BD /* Pods_SecurePlace2UITests.framework in Frameworks */,
			);
			runOnlyForDeploymentPostprocessing = 0;
		};
/* End PBXFrameworksBuildPhase section */

/* Begin PBXGroup section */
		000430DAF59CB0310C0648F6 /* View */ = {
			isa = PBXGroup;
			children = (
				1F20ADA71EB10D7F769790C6 /* SSOneTimeCodeViewController.swift */,
			);
			path = View;
			sourceTree = "<group>";
		};
		088139EA6428829BBCC4201C /* View */ = {
			isa = PBXGroup;
			children = (
				6ACC5F99DA5B9550360309D4 /* SSAuthorisationViewController.swift */,
			);
			path = View;
			sourceTree = "<group>";
		};
		1C69913E987306E1FC4DEF7E /* Presenter */ = {
			isa = PBXGroup;
			children = (
				E2BC0E359A4022EE849A3C44 /* SSAuthorisationPresenter.swift */,
			);
			path = Presenter;
			sourceTree = "<group>";
		};
		52FA730CAFD69C40EB694FDA /* Protocols */ = {
			isa = PBXGroup;
			children = (
				D97CC00F21A29894421BF8E1 /* SSAuthorisationProtocols.swift */,
			);
			path = Protocols;
			sourceTree = "<group>";
		};
		536B4AE7AE731BD67AA8B4D3 /* WireFrame */ = {
			isa = PBXGroup;
			children = (
				DF9EA79564F5F41566D6E92A /* SSOneTimeCodeWireFrame.swift */,
			);
			path = WireFrame;
			sourceTree = "<group>";
		};
		5BC44199AACB2ADCEAED0926 /* Interactor */ = {
			isa = PBXGroup;
			children = (
				64BE3F883BFDA66FDF3179FD /* SSAuthorisationInteractor.swift */,
			);
			path = Interactor;
			sourceTree = "<group>";
		};
		6089B26F0EF75CC8C9B68C53 /* Presenter */ = {
			isa = PBXGroup;
			children = (
				4C1646A2E56A109CDD6CFDFA /* SSOneTimeCodePresenter.swift */,
			);
			path = Presenter;
			sourceTree = "<group>";
		};
		63D979EB919EDF0A7AA52FF3 /* Pods */ = {
			isa = PBXGroup;
			children = (
				0DCAC7194D6FF4E921CB3858 /* Pods-SecurePlace2.debug.xcconfig */,
				18576D8D7B6371DC86266A36 /* Pods-SecurePlace2.release.xcconfig */,
				3738E0B3DC8DBA6927AC2F8F /* Pods-SecurePlace2Tests.debug.xcconfig */,
				1ABE821EF7B1DD76EB288C4F /* Pods-SecurePlace2Tests.release.xcconfig */,
				387D9ECA4C3BC75C254AB373 /* Pods-SecurePlace2UITests.debug.xcconfig */,
				4A0D77BB0CE786C1EBE7323F /* Pods-SecurePlace2UITests.release.xcconfig */,
			);
			name = Pods;
			sourceTree = "<group>";
		};
		7E2BBE0F0AF74FDF4831AFF7 /* OneTimeCode */ = {
			isa = PBXGroup;
			children = (
				000430DAF59CB0310C0648F6 /* View */,
				6089B26F0EF75CC8C9B68C53 /* Presenter */,
				89349A8B33326140114E50C1 /* Interactor */,
				BFC0ADA57C5870FCEC981753 /* Protocols */,
				536B4AE7AE731BD67AA8B4D3 /* WireFrame */,
				B2770DB8D38B57AC2E2EE568 /* SSOneTimeCode+DIResolver.swift */,
			);
			path = OneTimeCode;
			sourceTree = "<group>";
		};
		89349A8B33326140114E50C1 /* Interactor */ = {
			isa = PBXGroup;
			children = (
				3547C9E5EC87B50889A3BA91 /* SSOneTimeCodeInteractor.swift */,
			);
			path = Interactor;
			sourceTree = "<group>";
		};
		97D3ECCE6381A62D3E5435BB /* WireFrame */ = {
			isa = PBXGroup;
			children = (
				781C9358D26852BE14F7579E /* SSAuthorisationWireFrame.swift */,
			);
			path = WireFrame;
			sourceTree = "<group>";
		};
		9A5529C649891F7B4CCF4C14 /* Authorisation */ = {
			isa = PBXGroup;
			children = (
				088139EA6428829BBCC4201C /* View */,
				1C69913E987306E1FC4DEF7E /* Presenter */,
				5BC44199AACB2ADCEAED0926 /* Interactor */,
				52FA730CAFD69C40EB694FDA /* Protocols */,
				97D3ECCE6381A62D3E5435BB /* WireFrame */,
			);
			path = Authorisation;
			sourceTree = "<group>";
		};
		B038518487F8ADE8C50AD9B0 /* Frameworks */ = {
			isa = PBXGroup;
			children = (
				042F932CA3B3425C5FD60228 /* Pods_SecurePlace2.framework */,
				D524BBA47152C996CFE63D4F /* Pods_SecurePlace2Tests.framework */,
				A1AF62B46DFD0E556B493460 /* Pods_SecurePlace2UITests.framework */,
			);
			name = Frameworks;
			sourceTree = "<group>";
		};
		B1127EC7225C95F20023D0AE /* Service Layer */ = {
			isa = PBXGroup;
			children = (
				B181EBCE2268ED2700DF8FE3 /* Crypto */,
				B1127EC9225C95F20023D0AE /* AccountManager */,
				B1127ECB225C95F20023D0AE /* NetworkRequestWrapper */,
				B1127ED3225C95F20023D0AE /* TokenRefresher */,
			);
			path = "Service Layer";
			sourceTree = "<group>";
		};
		B1127EC9225C95F20023D0AE /* AccountManager */ = {
			isa = PBXGroup;
			children = (
				B1127ECA225C95F20023D0AE /* AccountManager.swift */,
			);
			path = AccountManager;
			sourceTree = "<group>";
		};
		B1127ECB225C95F20023D0AE /* NetworkRequestWrapper */ = {
			isa = PBXGroup;
			children = (
				B1127ECC225C95F20023D0AE /* NetworkRequest */,
				B1127ECE225C95F20023D0AE /* NetworkTarget */,
				B1127ED0225C95F20023D0AE /* NetworkRequestWrapper.swift */,
				B1127ED1225C95F20023D0AE /* NetworkError */,
			);
			path = NetworkRequestWrapper;
			sourceTree = "<group>";
		};
		B1127ECC225C95F20023D0AE /* NetworkRequest */ = {
			isa = PBXGroup;
			children = (
				B1127ECD225C95F20023D0AE /* NetworkRequest.swift */,
			);
			path = NetworkRequest;
			sourceTree = "<group>";
		};
		B1127ECE225C95F20023D0AE /* NetworkTarget */ = {
			isa = PBXGroup;
			children = (
				B1127ECF225C95F20023D0AE /* NetworkTarget.swift */,
			);
			path = NetworkTarget;
			sourceTree = "<group>";
		};
		B1127ED1225C95F20023D0AE /* NetworkError */ = {
			isa = PBXGroup;
			children = (
				B1127ED2225C95F20023D0AE /* NetworkError.swift */,
			);
			path = NetworkError;
			sourceTree = "<group>";
		};
		B1127ED3225C95F20023D0AE /* TokenRefresher */ = {
			isa = PBXGroup;
			children = (
				B1127ED4225C95F20023D0AE /* AuthTokenRefresher.swift */,
			);
			path = TokenRefresher;
			sourceTree = "<group>";
		};
		B1127EDC225C96E90023D0AE /* Network Layer */ = {
			isa = PBXGroup;
			children = (
				B1127EDD225C97080023D0AE /* NetworkRequestProvider.swift */,
				B1127EDF225C972A0023D0AE /* NetworkRequestProviderProtocols.swift */,
			);
			path = "Network Layer";
			sourceTree = "<group>";
		};
		B11ECC93225B42E500B2CC4E = {
			isa = PBXGroup;
			children = (
				B11ECC9E225B42E500B2CC4E /* SecurePlace2 */,
				B11ECCB3225B42E700B2CC4E /* SecurePlace2Tests */,
				B11ECCBE225B42E700B2CC4E /* SecurePlace2UITests */,
				B11ECC9D225B42E500B2CC4E /* Products */,
				63D979EB919EDF0A7AA52FF3 /* Pods */,
				B038518487F8ADE8C50AD9B0 /* Frameworks */,
			);
			sourceTree = "<group>";
		};
		B11ECC9D225B42E500B2CC4E /* Products */ = {
			isa = PBXGroup;
			children = (
				B11ECC9C225B42E500B2CC4E /* SecurePlace2.app */,
				B11ECCB0225B42E700B2CC4E /* SecurePlace2Tests.xctest */,
				B11ECCBB225B42E700B2CC4E /* SecurePlace2UITests.xctest */,
			);
			name = Products;
			sourceTree = "<group>";
		};
		B11ECC9E225B42E500B2CC4E /* SecurePlace2 */ = {
			isa = PBXGroup;
			children = (
				B1127EE1225C9F5C0023D0AE /* Colors.swift */,
				B14AA1A1225E2B3D0073BA54 /* Custom Views */,
				B1127EDC225C96E90023D0AE /* Network Layer */,
				B1127EC7225C95F20023D0AE /* Service Layer */,
				B11ECD24225B539A00B2CC4E /* Assembly */,
				B1CFF725225DC4460076C44C /* Modules */,
				B11ECCF7225B520B00B2CC4E /* BaseControllers */,
				B11ECC9F225B42E500B2CC4E /* AppDelegate.swift */,
				B181EBCF22690E2000DF8FE3 /* ReceiptManager.swift */,
				B1AF91912265C52600FB22B8 /* GroceryListPendingTasksFactory.swift */,
				B1AF91932265C57700FB22B8 /* CreateGroceryListItemPendingTask.swift */,
				B11ECCA1225B42E500B2CC4E /* ViewController.swift */,
				B11ECCA3225B42E500B2CC4E /* Main.storyboard */,
				B11ECCA6225B42E700B2CC4E /* Assets.xcassets */,
				B11ECCA8225B42E700B2CC4E /* LaunchScreen.storyboard */,
				B11ECCAB225B42E700B2CC4E /* Info.plist */,
				B181EBC92268EC5600DF8FE3 /* SecurePlace2-Bridging-Header.h */,
			);
			path = SecurePlace2;
			sourceTree = "<group>";
		};
		B11ECCB3225B42E700B2CC4E /* SecurePlace2Tests */ = {
			isa = PBXGroup;
			children = (
				B11ECCB4225B42E700B2CC4E /* SecurePlace2Tests.swift */,
				B11ECCB6225B42E700B2CC4E /* Info.plist */,
			);
			path = SecurePlace2Tests;
			sourceTree = "<group>";
		};
		B11ECCBE225B42E700B2CC4E /* SecurePlace2UITests */ = {
			isa = PBXGroup;
			children = (
				B11ECCBF225B42E700B2CC4E /* SecurePlace2UITests.swift */,
				B11ECCC1225B42E700B2CC4E /* Info.plist */,
			);
			path = SecurePlace2UITests;
			sourceTree = "<group>";
		};
		B11ECCF7225B520B00B2CC4E /* BaseControllers */ = {
			isa = PBXGroup;
			children = (
				B11ECCF8225B520B00B2CC4E /* BaseWireFrame.swift */,
				B11ECCF9225B520B00B2CC4E /* BaseNavigationController */,
				B11ECD04225B520B00B2CC4E /* BaseViewController.swift */,
				B11ECD06225B520B00B2CC4E /* BaseInteractor.swift */,
				B11ECD08225B520B00B2CC4E /* BasePresenter.swift */,
			);
			path = BaseControllers;
			sourceTree = "<group>";
		};
		B11ECCF9225B520B00B2CC4E /* BaseNavigationController */ = {
			isa = PBXGroup;
			children = (
				B11ECCFA225B520B00B2CC4E /* Presenter */,
				B11ECCFC225B520B00B2CC4E /* WireFrame */,
				B11ECCFE225B520B00B2CC4E /* View */,
				B11ECD00225B520B00B2CC4E /* Protocols */,
				B11ECD02225B520B00B2CC4E /* Interactor */,
			);
			path = BaseNavigationController;
			sourceTree = "<group>";
		};
		B11ECCFA225B520B00B2CC4E /* Presenter */ = {
			isa = PBXGroup;
			children = (
				B11ECCFB225B520B00B2CC4E /* BaseNavigationControllerPresenter.swift */,
			);
			path = Presenter;
			sourceTree = "<group>";
		};
		B11ECCFC225B520B00B2CC4E /* WireFrame */ = {
			isa = PBXGroup;
			children = (
				B11ECCFD225B520B00B2CC4E /* BaseNavigationControllerWireFrame.swift */,
			);
			path = WireFrame;
			sourceTree = "<group>";
		};
		B11ECCFE225B520B00B2CC4E /* View */ = {
			isa = PBXGroup;
			children = (
				B11ECCFF225B520B00B2CC4E /* BaseNavigationControllerViewController.swift */,
			);
			path = View;
			sourceTree = "<group>";
		};
		B11ECD00225B520B00B2CC4E /* Protocols */ = {
			isa = PBXGroup;
			children = (
				B11ECD01225B520B00B2CC4E /* BaseNavigationControllerProtocols.swift */,
			);
			path = Protocols;
			sourceTree = "<group>";
		};
		B11ECD02225B520B00B2CC4E /* Interactor */ = {
			isa = PBXGroup;
			children = (
				B11ECD03225B520B00B2CC4E /* BaseNavigationControllerInteractor.swift */,
			);
			path = Interactor;
			sourceTree = "<group>";
		};
		B11ECD24225B539A00B2CC4E /* Assembly */ = {
			isa = PBXGroup;
			children = (
				B11ECD25225B53CE00B2CC4E /* DIResolver.swift */,
				BF4B251FDC0E79BF0B10B070 /* SSAuthorisation+DIResolver.swift */,
				B1CFF718225DC4330076C44C /* SSMail+DIResolver.swift */,
			);
			path = Assembly;
			sourceTree = "<group>";
		};
		B14AA1A1225E2B3D0073BA54 /* Custom Views */ = {
			isa = PBXGroup;
			children = (
				B14AA1A2225E2B530073BA54 /* SSTextField.swift */,
			);
			path = "Custom Views";
			sourceTree = "<group>";
		};
		B181EBCE2268ED2700DF8FE3 /* Crypto */ = {
			isa = PBXGroup;
			children = (
				B181EBCC2268ED2000DF8FE3 /* AES256Crypter.swift */,
			);
			path = Crypto;
			sourceTree = "<group>";
		};
		B1CFF713225DC4330076C44C /* Mail */ = {
			isa = PBXGroup;
			children = (
				B1CFF714225DC4330076C44C /* Presenter */,
				B1CFF716225DC4330076C44C /* WireFrame */,
				B1CFF719225DC4330076C44C /* View */,
				B1CFF71B225DC4330076C44C /* Protocols */,
				B1CFF71D225DC4330076C44C /* Interactor */,
			);
			path = Mail;
			sourceTree = "<group>";
		};
		B1CFF714225DC4330076C44C /* Presenter */ = {
			isa = PBXGroup;
			children = (
				B1CFF715225DC4330076C44C /* MailPresenter.swift */,
			);
			path = Presenter;
			sourceTree = "<group>";
		};
		B1CFF716225DC4330076C44C /* WireFrame */ = {
			isa = PBXGroup;
			children = (
				B1CFF717225DC4330076C44C /* MailWireFrame.swift */,
			);
			path = WireFrame;
			sourceTree = "<group>";
		};
		B1CFF719225DC4330076C44C /* View */ = {
			isa = PBXGroup;
			children = (
				B1CFF71A225DC4330076C44C /* MailViewController.swift */,
			);
			path = View;
			sourceTree = "<group>";
		};
		B1CFF71B225DC4330076C44C /* Protocols */ = {
			isa = PBXGroup;
			children = (
				B1CFF71C225DC4330076C44C /* MailProtocols.swift */,
			);
			path = Protocols;
			sourceTree = "<group>";
		};
		B1CFF71D225DC4330076C44C /* Interactor */ = {
			isa = PBXGroup;
			children = (
				B1CFF71E225DC4330076C44C /* MailInteractor.swift */,
			);
			path = Interactor;
			sourceTree = "<group>";
		};
		B1CFF725225DC4460076C44C /* Modules */ = {
			isa = PBXGroup;
			children = (
				7E2BBE0F0AF74FDF4831AFF7 /* OneTimeCode */,
				9A5529C649891F7B4CCF4C14 /* Authorisation */,
				B1CFF713225DC4330076C44C /* Mail */,
			);
			path = Modules;
			sourceTree = "<group>";
		};
		BFC0ADA57C5870FCEC981753 /* Protocols */ = {
			isa = PBXGroup;
			children = (
				0A59D1D970570823632684BE /* SSOneTimeCodeProtocols.swift */,
			);
			path = Protocols;
			sourceTree = "<group>";
		};
/* End PBXGroup section */

/* Begin PBXNativeTarget section */
		B11ECC9B225B42E500B2CC4E /* SecurePlace2 */ = {
			isa = PBXNativeTarget;
			buildConfigurationList = B11ECCC4225B42E700B2CC4E /* Build configuration list for PBXNativeTarget "SecurePlace2" */;
			buildPhases = (
				E7BD1C6BCC99540AF3607472 /* [CP] Check Pods Manifest.lock */,
				B11ECC98225B42E500B2CC4E /* Sources */,
				B11ECC99225B42E500B2CC4E /* Frameworks */,
				B11ECC9A225B42E500B2CC4E /* Resources */,
				A838274102C8B56505BC449C /* [CP] Embed Pods Frameworks */,
			);
			buildRules = (
			);
			dependencies = (
			);
			name = SecurePlace2;
			productName = SecurePlace2;
			productReference = B11ECC9C225B42E500B2CC4E /* SecurePlace2.app */;
			productType = "com.apple.product-type.application";
		};
		B11ECCAF225B42E700B2CC4E /* SecurePlace2Tests */ = {
			isa = PBXNativeTarget;
			buildConfigurationList = B11ECCC7225B42E700B2CC4E /* Build configuration list for PBXNativeTarget "SecurePlace2Tests" */;
			buildPhases = (
				5EFD48C1115C20A4C861D0B1 /* [CP] Check Pods Manifest.lock */,
				B11ECCAC225B42E700B2CC4E /* Sources */,
				B11ECCAD225B42E700B2CC4E /* Frameworks */,
				B11ECCAE225B42E700B2CC4E /* Resources */,
			);
			buildRules = (
			);
			dependencies = (
				B11ECCB2225B42E700B2CC4E /* PBXTargetDependency */,
			);
			name = SecurePlace2Tests;
			productName = SecurePlace2Tests;
			productReference = B11ECCB0225B42E700B2CC4E /* SecurePlace2Tests.xctest */;
			productType = "com.apple.product-type.bundle.unit-test";
		};
		B11ECCBA225B42E700B2CC4E /* SecurePlace2UITests */ = {
			isa = PBXNativeTarget;
			buildConfigurationList = B11ECCCA225B42E700B2CC4E /* Build configuration list for PBXNativeTarget "SecurePlace2UITests" */;
			buildPhases = (
				B30A658DB9920CEC32EBEA05 /* [CP] Check Pods Manifest.lock */,
				B11ECCB7225B42E700B2CC4E /* Sources */,
				B11ECCB8225B42E700B2CC4E /* Frameworks */,
				B11ECCB9225B42E700B2CC4E /* Resources */,
			);
			buildRules = (
			);
			dependencies = (
				B11ECCBD225B42E700B2CC4E /* PBXTargetDependency */,
			);
			name = SecurePlace2UITests;
			productName = SecurePlace2UITests;
			productReference = B11ECCBB225B42E700B2CC4E /* SecurePlace2UITests.xctest */;
			productType = "com.apple.product-type.bundle.ui-testing";
		};
/* End PBXNativeTarget section */

/* Begin PBXProject section */
		B11ECC94225B42E500B2CC4E /* Project object */ = {
			isa = PBXProject;
			attributes = {
				LastSwiftUpdateCheck = 1000;
				LastUpgradeCheck = 1000;
				ORGANIZATIONNAME = "Oleksandr Bambulyak";
				TargetAttributes = {
					B11ECC9B225B42E500B2CC4E = {
						CreatedOnToolsVersion = 10.0;
						DevelopmentTeam = 42HSZXZUT7;
						LastSwiftMigration = 1000;
						ProvisioningStyle = Automatic;
					};
					B11ECCAF225B42E700B2CC4E = {
						CreatedOnToolsVersion = 10.0;
						DevelopmentTeam = 42HSZXZUT7;
						ProvisioningStyle = Automatic;
						TestTargetID = B11ECC9B225B42E500B2CC4E;
					};
					B11ECCBA225B42E700B2CC4E = {
						CreatedOnToolsVersion = 10.0;
						DevelopmentTeam = 42HSZXZUT7;
						ProvisioningStyle = Automatic;
						TestTargetID = B11ECC9B225B42E500B2CC4E;
					};
				};
			};
			buildConfigurationList = B11ECC97225B42E500B2CC4E /* Build configuration list for PBXProject "SecurePlace2" */;
			compatibilityVersion = "Xcode 3.2";
			developmentRegion = en;
			hasScannedForEncodings = 0;
			knownRegions = (
				en,
				Base,
			);
			mainGroup = B11ECC93225B42E500B2CC4E;
			productRefGroup = B11ECC9D225B42E500B2CC4E /* Products */;
			projectDirPath = "";
			projectRoot = "";
			targets = (
				B11ECC9B225B42E500B2CC4E /* SecurePlace2 */,
				B11ECCAF225B42E700B2CC4E /* SecurePlace2Tests */,
				B11ECCBA225B42E700B2CC4E /* SecurePlace2UITests */,
			);
		};
/* End PBXProject section */

/* Begin PBXResourcesBuildPhase section */
		B11ECC9A225B42E500B2CC4E /* Resources */ = {
			isa = PBXResourcesBuildPhase;
			buildActionMask = 2147483647;
			files = (
				B11ECCAA225B42E700B2CC4E /* LaunchScreen.storyboard in Resources */,
				B11ECCA7225B42E700B2CC4E /* Assets.xcassets in Resources */,
				B11ECCA5225B42E500B2CC4E /* Main.storyboard in Resources */,
			);
			runOnlyForDeploymentPostprocessing = 0;
		};
		B11ECCAE225B42E700B2CC4E /* Resources */ = {
			isa = PBXResourcesBuildPhase;
			buildActionMask = 2147483647;
			files = (
			);
			runOnlyForDeploymentPostprocessing = 0;
		};
		B11ECCB9225B42E700B2CC4E /* Resources */ = {
			isa = PBXResourcesBuildPhase;
			buildActionMask = 2147483647;
			files = (
			);
			runOnlyForDeploymentPostprocessing = 0;
		};
/* End PBXResourcesBuildPhase section */

/* Begin PBXShellScriptBuildPhase section */
		5EFD48C1115C20A4C861D0B1 /* [CP] Check Pods Manifest.lock */ = {
			isa = PBXShellScriptBuildPhase;
			buildActionMask = 2147483647;
			files = (
			);
			inputPaths = (
				"${PODS_PODFILE_DIR_PATH}/Podfile.lock",
				"${PODS_ROOT}/Manifest.lock",
			);
			name = "[CP] Check Pods Manifest.lock";
			outputPaths = (
				"$(DERIVED_FILE_DIR)/Pods-SecurePlace2Tests-checkManifestLockResult.txt",
			);
			runOnlyForDeploymentPostprocessing = 0;
			shellPath = /bin/sh;
			shellScript = "diff \"${PODS_PODFILE_DIR_PATH}/Podfile.lock\" \"${PODS_ROOT}/Manifest.lock\" > /dev/null\nif [ $? != 0 ] ; then\n    # print error to STDERR\n    echo \"error: The sandbox is not in sync with the Podfile.lock. Run 'pod install' or update your CocoaPods installation.\" >&2\n    exit 1\nfi\n# This output is used by Xcode 'outputs' to avoid re-running this script phase.\necho \"SUCCESS\" > \"${SCRIPT_OUTPUT_FILE_0}\"\n";
			showEnvVarsInLog = 0;
		};
		A838274102C8B56505BC449C /* [CP] Embed Pods Frameworks */ = {
			isa = PBXShellScriptBuildPhase;
			buildActionMask = 2147483647;
			files = (
			);
			inputPaths = (
				"${PODS_ROOT}/Target Support Files/Pods-SecurePlace2/Pods-SecurePlace2-frameworks.sh",
				"${BUILT_PRODUCTS_DIR}/Alamofire/Alamofire.framework",
				"${BUILT_PRODUCTS_DIR}/Moya/Moya.framework",
				"${BUILT_PRODUCTS_DIR}/Require/Require.framework",
				"${BUILT_PRODUCTS_DIR}/Result/Result.framework",
				"${BUILT_PRODUCTS_DIR}/SnapKit/SnapKit.framework",
				"${BUILT_PRODUCTS_DIR}/Wendy/Wendy.framework",
			);
			name = "[CP] Embed Pods Frameworks";
			outputPaths = (
				"${TARGET_BUILD_DIR}/${FRAMEWORKS_FOLDER_PATH}/Alamofire.framework",
				"${TARGET_BUILD_DIR}/${FRAMEWORKS_FOLDER_PATH}/Moya.framework",
				"${TARGET_BUILD_DIR}/${FRAMEWORKS_FOLDER_PATH}/Require.framework",
				"${TARGET_BUILD_DIR}/${FRAMEWORKS_FOLDER_PATH}/Result.framework",
				"${TARGET_BUILD_DIR}/${FRAMEWORKS_FOLDER_PATH}/SnapKit.framework",
				"${TARGET_BUILD_DIR}/${FRAMEWORKS_FOLDER_PATH}/Wendy.framework",
			);
			runOnlyForDeploymentPostprocessing = 0;
			shellPath = /bin/sh;
			shellScript = "\"${PODS_ROOT}/Target Support Files/Pods-SecurePlace2/Pods-SecurePlace2-frameworks.sh\"\n";
			showEnvVarsInLog = 0;
		};
		B30A658DB9920CEC32EBEA05 /* [CP] Check Pods Manifest.lock */ = {
			isa = PBXShellScriptBuildPhase;
			buildActionMask = 2147483647;
			files = (
			);
			inputPaths = (
				"${PODS_PODFILE_DIR_PATH}/Podfile.lock",
				"${PODS_ROOT}/Manifest.lock",
			);
			name = "[CP] Check Pods Manifest.lock";
			outputPaths = (
				"$(DERIVED_FILE_DIR)/Pods-SecurePlace2UITests-checkManifestLockResult.txt",
			);
			runOnlyForDeploymentPostprocessing = 0;
			shellPath = /bin/sh;
			shellScript = "diff \"${PODS_PODFILE_DIR_PATH}/Podfile.lock\" \"${PODS_ROOT}/Manifest.lock\" > /dev/null\nif [ $? != 0 ] ; then\n    # print error to STDERR\n    echo \"error: The sandbox is not in sync with the Podfile.lock. Run 'pod install' or update your CocoaPods installation.\" >&2\n    exit 1\nfi\n# This output is used by Xcode 'outputs' to avoid re-running this script phase.\necho \"SUCCESS\" > \"${SCRIPT_OUTPUT_FILE_0}\"\n";
			showEnvVarsInLog = 0;
		};
		E7BD1C6BCC99540AF3607472 /* [CP] Check Pods Manifest.lock */ = {
			isa = PBXShellScriptBuildPhase;
			buildActionMask = 2147483647;
			files = (
			);
			inputPaths = (
				"${PODS_PODFILE_DIR_PATH}/Podfile.lock",
				"${PODS_ROOT}/Manifest.lock",
			);
			name = "[CP] Check Pods Manifest.lock";
			outputPaths = (
				"$(DERIVED_FILE_DIR)/Pods-SecurePlace2-checkManifestLockResult.txt",
			);
			runOnlyForDeploymentPostprocessing = 0;
			shellPath = /bin/sh;
			shellScript = "diff \"${PODS_PODFILE_DIR_PATH}/Podfile.lock\" \"${PODS_ROOT}/Manifest.lock\" > /dev/null\nif [ $? != 0 ] ; then\n    # print error to STDERR\n    echo \"error: The sandbox is not in sync with the Podfile.lock. Run 'pod install' or update your CocoaPods installation.\" >&2\n    exit 1\nfi\n# This output is used by Xcode 'outputs' to avoid re-running this script phase.\necho \"SUCCESS\" > \"${SCRIPT_OUTPUT_FILE_0}\"\n";
			showEnvVarsInLog = 0;
		};
/* End PBXShellScriptBuildPhase section */

/* Begin PBXSourcesBuildPhase section */
		B11ECC98225B42E500B2CC4E /* Sources */ = {
			isa = PBXSourcesBuildPhase;
			buildActionMask = 2147483647;
			files = (
				B11ECD14225B520C00B2CC4E /* BaseWireFrame.swift in Sources */,
				B11ECD17225B520C00B2CC4E /* BaseNavigationControllerViewController.swift in Sources */,
				B11ECCA2225B42E500B2CC4E /* ViewController.swift in Sources */,
				B11ECD18225B520C00B2CC4E /* BaseNavigationControllerProtocols.swift in Sources */,
				B11ECCA0225B42E500B2CC4E /* AppDelegate.swift in Sources */,
				B11ECD26225B53CF00B2CC4E /* DIResolver.swift in Sources */,
				B11ECD1A225B520C00B2CC4E /* BaseViewController.swift in Sources */,
				B1CFF724225DC4330076C44C /* MailInteractor.swift in Sources */,
				B181EBD022690E2000DF8FE3 /* ReceiptManager.swift in Sources */,
				B1127ED7225C95F20023D0AE /* NetworkRequest.swift in Sources */,
				B14AA1A3225E2B530073BA54 /* SSTextField.swift in Sources */,
				50DFC3EA375EDCD75D7EE36E /* SSAuthorisationViewController.swift in Sources */,
				B181EBCD2268ED2000DF8FE3 /* AES256Crypter.swift in Sources */,
				B1127EDA225C95F20023D0AE /* NetworkError.swift in Sources */,
				B1CFF721225DC4330076C44C /* SSMail+DIResolver.swift in Sources */,
				B1CFF71F225DC4330076C44C /* MailPresenter.swift in Sources */,
				B1CFF720225DC4330076C44C /* MailWireFrame.swift in Sources */,
				B1127EE2225C9F5C0023D0AE /* Colors.swift in Sources */,
				B11ECD1E225B520C00B2CC4E /* BasePresenter.swift in Sources */,
				DF5E3CFE60C1E7F766350DCC /* SSAuthorisationPresenter.swift in Sources */,
				B11ECD15225B520C00B2CC4E /* BaseNavigationControllerPresenter.swift in Sources */,
				B1127ED9225C95F20023D0AE /* NetworkRequestWrapper.swift in Sources */,
				B1AF91942265C57700FB22B8 /* CreateGroceryListItemPendingTask.swift in Sources */,
				B11ECD16225B520C00B2CC4E /* BaseNavigationControllerWireFrame.swift in Sources */,
				B1CFF723225DC4330076C44C /* MailProtocols.swift in Sources */,
				B1CFF722225DC4330076C44C /* MailViewController.swift in Sources */,
				B1AF91922265C52600FB22B8 /* GroceryListPendingTasksFactory.swift in Sources */,
				B1127EE0225C972A0023D0AE /* NetworkRequestProviderProtocols.swift in Sources */,
				8E61625AF5FF83DF2CE2AA88 /* SSAuthorisationInteractor.swift in Sources */,
				CFD72FB33FEB3CF16A9C1DB8 /* SSAuthorisationProtocols.swift in Sources */,
				B1127EDB225C95F20023D0AE /* AuthTokenRefresher.swift in Sources */,
				B1127ED8225C95F20023D0AE /* NetworkTarget.swift in Sources */,
				B1127EDE225C97080023D0AE /* NetworkRequestProvider.swift in Sources */,
				B11ECD19225B520C00B2CC4E /* BaseNavigationControllerInteractor.swift in Sources */,
				B1127ED6225C95F20023D0AE /* AccountManager.swift in Sources */,
				86925EA765863C74E3675B56 /* SSAuthorisationWireFrame.swift in Sources */,
				B11ECD1C225B520C00B2CC4E /* BaseInteractor.swift in Sources */,
				15E1008187E6DE7A7A6045AA /* SSAuthorisation+DIResolver.swift in Sources */,
				1EB793936023570AE5E12C66 /* SSOneTimeCodeViewController.swift in Sources */,
				9FB7ACA5357449F43662EF3F /* SSOneTimeCodePresenter.swift in Sources */,
				77B58BD6637B726D817689E0 /* SSOneTimeCodeInteractor.swift in Sources */,
				8B83C28F7F7D035A56691620 /* SSOneTimeCodeProtocols.swift in Sources */,
				476D6274619001A99BE3C8CB /* SSOneTimeCodeWireFrame.swift in Sources */,
				1FCC1AA437232EEEF49BE7D8 /* SSOneTimeCode+DIResolver.swift in Sources */,
			);
			runOnlyForDeploymentPostprocessing = 0;
		};
		B11ECCAC225B42E700B2CC4E /* Sources */ = {
			isa = PBXSourcesBuildPhase;
			buildActionMask = 2147483647;
			files = (
				B11ECCB5225B42E700B2CC4E /* SecurePlace2Tests.swift in Sources */,
			);
			runOnlyForDeploymentPostprocessing = 0;
		};
		B11ECCB7225B42E700B2CC4E /* Sources */ = {
			isa = PBXSourcesBuildPhase;
			buildActionMask = 2147483647;
			files = (
				B11ECCC0225B42E700B2CC4E /* SecurePlace2UITests.swift in Sources */,
			);
			runOnlyForDeploymentPostprocessing = 0;
		};
/* End PBXSourcesBuildPhase section */

/* Begin PBXTargetDependency section */
		B11ECCB2225B42E700B2CC4E /* PBXTargetDependency */ = {
			isa = PBXTargetDependency;
			target = B11ECC9B225B42E500B2CC4E /* SecurePlace2 */;
			targetProxy = B11ECCB1225B42E700B2CC4E /* PBXContainerItemProxy */;
		};
		B11ECCBD225B42E700B2CC4E /* PBXTargetDependency */ = {
			isa = PBXTargetDependency;
			target = B11ECC9B225B42E500B2CC4E /* SecurePlace2 */;
			targetProxy = B11ECCBC225B42E700B2CC4E /* PBXContainerItemProxy */;
		};
/* End PBXTargetDependency section */

/* Begin PBXVariantGroup section */
		B11ECCA3225B42E500B2CC4E /* Main.storyboard */ = {
			isa = PBXVariantGroup;
			children = (
				B11ECCA4225B42E500B2CC4E /* Base */,
			);
			name = Main.storyboard;
			sourceTree = "<group>";
		};
		B11ECCA8225B42E700B2CC4E /* LaunchScreen.storyboard */ = {
			isa = PBXVariantGroup;
			children = (
				B11ECCA9225B42E700B2CC4E /* Base */,
			);
			name = LaunchScreen.storyboard;
			sourceTree = "<group>";
		};
/* End PBXVariantGroup section */

/* Begin XCBuildConfiguration section */
		B11ECCC2225B42E700B2CC4E /* Debug */ = {
			isa = XCBuildConfiguration;
			buildSettings = {
				ALWAYS_SEARCH_USER_PATHS = NO;
				CLANG_ANALYZER_NONNULL = YES;
				CLANG_ANALYZER_NUMBER_OBJECT_CONVERSION = YES_AGGRESSIVE;
				CLANG_CXX_LANGUAGE_STANDARD = "gnu++14";
				CLANG_CXX_LIBRARY = "libc++";
				CLANG_ENABLE_MODULES = YES;
				CLANG_ENABLE_OBJC_ARC = YES;
				CLANG_ENABLE_OBJC_WEAK = YES;
				CLANG_WARN_BLOCK_CAPTURE_AUTORELEASING = YES;
				CLANG_WARN_BOOL_CONVERSION = YES;
				CLANG_WARN_COMMA = YES;
				CLANG_WARN_CONSTANT_CONVERSION = YES;
				CLANG_WARN_DEPRECATED_OBJC_IMPLEMENTATIONS = YES;
				CLANG_WARN_DIRECT_OBJC_ISA_USAGE = YES_ERROR;
				CLANG_WARN_DOCUMENTATION_COMMENTS = YES;
				CLANG_WARN_EMPTY_BODY = YES;
				CLANG_WARN_ENUM_CONVERSION = YES;
				CLANG_WARN_INFINITE_RECURSION = YES;
				CLANG_WARN_INT_CONVERSION = YES;
				CLANG_WARN_NON_LITERAL_NULL_CONVERSION = YES;
				CLANG_WARN_OBJC_IMPLICIT_RETAIN_SELF = YES;
				CLANG_WARN_OBJC_LITERAL_CONVERSION = YES;
				CLANG_WARN_OBJC_ROOT_CLASS = YES_ERROR;
				CLANG_WARN_RANGE_LOOP_ANALYSIS = YES;
				CLANG_WARN_STRICT_PROTOTYPES = YES;
				CLANG_WARN_SUSPICIOUS_MOVE = YES;
				CLANG_WARN_UNGUARDED_AVAILABILITY = YES_AGGRESSIVE;
				CLANG_WARN_UNREACHABLE_CODE = YES;
				CLANG_WARN__DUPLICATE_METHOD_MATCH = YES;
				CODE_SIGN_IDENTITY = "iPhone Developer";
				COPY_PHASE_STRIP = NO;
				DEBUG_INFORMATION_FORMAT = dwarf;
				ENABLE_STRICT_OBJC_MSGSEND = YES;
				ENABLE_TESTABILITY = YES;
				GCC_C_LANGUAGE_STANDARD = gnu11;
				GCC_DYNAMIC_NO_PIC = NO;
				GCC_NO_COMMON_BLOCKS = YES;
				GCC_OPTIMIZATION_LEVEL = 0;
				GCC_PREPROCESSOR_DEFINITIONS = (
					"DEBUG=1",
					"$(inherited)",
				);
				GCC_WARN_64_TO_32_BIT_CONVERSION = YES;
				GCC_WARN_ABOUT_RETURN_TYPE = YES_ERROR;
				GCC_WARN_UNDECLARED_SELECTOR = YES;
				GCC_WARN_UNINITIALIZED_AUTOS = YES_AGGRESSIVE;
				GCC_WARN_UNUSED_FUNCTION = YES;
				GCC_WARN_UNUSED_VARIABLE = YES;
				IPHONEOS_DEPLOYMENT_TARGET = 12.0;
				MTL_ENABLE_DEBUG_INFO = INCLUDE_SOURCE;
				MTL_FAST_MATH = YES;
				ONLY_ACTIVE_ARCH = YES;
				SDKROOT = iphoneos;
				SWIFT_ACTIVE_COMPILATION_CONDITIONS = DEBUG;
				SWIFT_OPTIMIZATION_LEVEL = "-Onone";
			};
			name = Debug;
		};
		B11ECCC3225B42E700B2CC4E /* Release */ = {
			isa = XCBuildConfiguration;
			buildSettings = {
				ALWAYS_SEARCH_USER_PATHS = NO;
				CLANG_ANALYZER_NONNULL = YES;
				CLANG_ANALYZER_NUMBER_OBJECT_CONVERSION = YES_AGGRESSIVE;
				CLANG_CXX_LANGUAGE_STANDARD = "gnu++14";
				CLANG_CXX_LIBRARY = "libc++";
				CLANG_ENABLE_MODULES = YES;
				CLANG_ENABLE_OBJC_ARC = YES;
				CLANG_ENABLE_OBJC_WEAK = YES;
				CLANG_WARN_BLOCK_CAPTURE_AUTORELEASING = YES;
				CLANG_WARN_BOOL_CONVERSION = YES;
				CLANG_WARN_COMMA = YES;
				CLANG_WARN_CONSTANT_CONVERSION = YES;
				CLANG_WARN_DEPRECATED_OBJC_IMPLEMENTATIONS = YES;
				CLANG_WARN_DIRECT_OBJC_ISA_USAGE = YES_ERROR;
				CLANG_WARN_DOCUMENTATION_COMMENTS = YES;
				CLANG_WARN_EMPTY_BODY = YES;
				CLANG_WARN_ENUM_CONVERSION = YES;
				CLANG_WARN_INFINITE_RECURSION = YES;
				CLANG_WARN_INT_CONVERSION = YES;
				CLANG_WARN_NON_LITERAL_NULL_CONVERSION = YES;
				CLANG_WARN_OBJC_IMPLICIT_RETAIN_SELF = YES;
				CLANG_WARN_OBJC_LITERAL_CONVERSION = YES;
				CLANG_WARN_OBJC_ROOT_CLASS = YES_ERROR;
				CLANG_WARN_RANGE_LOOP_ANALYSIS = YES;
				CLANG_WARN_STRICT_PROTOTYPES = YES;
				CLANG_WARN_SUSPICIOUS_MOVE = YES;
				CLANG_WARN_UNGUARDED_AVAILABILITY = YES_AGGRESSIVE;
				CLANG_WARN_UNREACHABLE_CODE = YES;
				CLANG_WARN__DUPLICATE_METHOD_MATCH = YES;
				CODE_SIGN_IDENTITY = "iPhone Developer";
				COPY_PHASE_STRIP = NO;
				DEBUG_INFORMATION_FORMAT = "dwarf-with-dsym";
				ENABLE_NS_ASSERTIONS = NO;
				ENABLE_STRICT_OBJC_MSGSEND = YES;
				GCC_C_LANGUAGE_STANDARD = gnu11;
				GCC_NO_COMMON_BLOCKS = YES;
				GCC_WARN_64_TO_32_BIT_CONVERSION = YES;
				GCC_WARN_ABOUT_RETURN_TYPE = YES_ERROR;
				GCC_WARN_UNDECLARED_SELECTOR = YES;
				GCC_WARN_UNINITIALIZED_AUTOS = YES_AGGRESSIVE;
				GCC_WARN_UNUSED_FUNCTION = YES;
				GCC_WARN_UNUSED_VARIABLE = YES;
				IPHONEOS_DEPLOYMENT_TARGET = 12.0;
				MTL_ENABLE_DEBUG_INFO = NO;
				MTL_FAST_MATH = YES;
				SDKROOT = iphoneos;
				SWIFT_OPTIMIZATION_LEVEL = "-Owholemodule";
				VALIDATE_PRODUCT = YES;
			};
			name = Release;
		};
		B11ECCC5225B42E700B2CC4E /* Debug */ = {
			isa = XCBuildConfiguration;
			baseConfigurationReference = 0DCAC7194D6FF4E921CB3858 /* Pods-SecurePlace2.debug.xcconfig */;
			buildSettings = {
				ASSETCATALOG_COMPILER_APPICON_NAME = AppIcon;
				CLANG_ENABLE_MODULES = YES;
				CODE_SIGN_STYLE = Automatic;
				DEVELOPMENT_TEAM = 42HSZXZUT7;
				INFOPLIST_FILE = SecurePlace2/Info.plist;
				IPHONEOS_DEPLOYMENT_TARGET = 11.0;
				LD_RUNPATH_SEARCH_PATHS = "$(inherited) @executable_path/Frameworks";
				PRODUCT_BUNDLE_IDENTIFIER = com.hilton.SecurePlace2;
				PRODUCT_NAME = "$(TARGET_NAME)";
				SWIFT_OBJC_BRIDGING_HEADER = "SecurePlace2/SecurePlace2-Bridging-Header.h";
				SWIFT_OPTIMIZATION_LEVEL = "-Onone";
				SWIFT_VERSION = 4.2;
				TARGETED_DEVICE_FAMILY = "1,2";
			};
			name = Debug;
		};
		B11ECCC6225B42E700B2CC4E /* Release */ = {
			isa = XCBuildConfiguration;
			baseConfigurationReference = 18576D8D7B6371DC86266A36 /* Pods-SecurePlace2.release.xcconfig */;
			buildSettings = {
				ASSETCATALOG_COMPILER_APPICON_NAME = AppIcon;
				CLANG_ENABLE_MODULES = YES;
				CODE_SIGN_STYLE = Automatic;
				DEVELOPMENT_TEAM = 42HSZXZUT7;
				INFOPLIST_FILE = SecurePlace2/Info.plist;
				IPHONEOS_DEPLOYMENT_TARGET = 11.0;
				LD_RUNPATH_SEARCH_PATHS = "$(inherited) @executable_path/Frameworks";
				PRODUCT_BUNDLE_IDENTIFIER = com.hilton.SecurePlace2;
				PRODUCT_NAME = "$(TARGET_NAME)";
				SWIFT_OBJC_BRIDGING_HEADER = "SecurePlace2/SecurePlace2-Bridging-Header.h";
				SWIFT_VERSION = 4.2;
				TARGETED_DEVICE_FAMILY = "1,2";
			};
			name = Release;
		};
		B11ECCC8225B42E700B2CC4E /* Debug */ = {
			isa = XCBuildConfiguration;
			baseConfigurationReference = 3738E0B3DC8DBA6927AC2F8F /* Pods-SecurePlace2Tests.debug.xcconfig */;
			buildSettings = {
				ALWAYS_EMBED_SWIFT_STANDARD_LIBRARIES = YES;
				BUNDLE_LOADER = "$(TEST_HOST)";
				CODE_SIGN_STYLE = Automatic;
				DEVELOPMENT_TEAM = 42HSZXZUT7;
				INFOPLIST_FILE = SecurePlace2Tests/Info.plist;
				LD_RUNPATH_SEARCH_PATHS = "$(inherited) @executable_path/Frameworks @loader_path/Frameworks";
				PRODUCT_BUNDLE_IDENTIFIER = com.hilton.SecurePlace2Tests;
				PRODUCT_NAME = "$(TARGET_NAME)";
				SWIFT_VERSION = 4.2;
				TARGETED_DEVICE_FAMILY = "1,2";
				TEST_HOST = "$(BUILT_PRODUCTS_DIR)/SecurePlace2.app/SecurePlace2";
			};
			name = Debug;
		};
		B11ECCC9225B42E700B2CC4E /* Release */ = {
			isa = XCBuildConfiguration;
			baseConfigurationReference = 1ABE821EF7B1DD76EB288C4F /* Pods-SecurePlace2Tests.release.xcconfig */;
			buildSettings = {
				ALWAYS_EMBED_SWIFT_STANDARD_LIBRARIES = YES;
				BUNDLE_LOADER = "$(TEST_HOST)";
				CODE_SIGN_STYLE = Automatic;
				DEVELOPMENT_TEAM = 42HSZXZUT7;
				INFOPLIST_FILE = SecurePlace2Tests/Info.plist;
				LD_RUNPATH_SEARCH_PATHS = "$(inherited) @executable_path/Frameworks @loader_path/Frameworks";
				PRODUCT_BUNDLE_IDENTIFIER = com.hilton.SecurePlace2Tests;
				PRODUCT_NAME = "$(TARGET_NAME)";
				SWIFT_VERSION = 4.2;
				TARGETED_DEVICE_FAMILY = "1,2";
				TEST_HOST = "$(BUILT_PRODUCTS_DIR)/SecurePlace2.app/SecurePlace2";
			};
			name = Release;
		};
		B11ECCCB225B42E700B2CC4E /* Debug */ = {
			isa = XCBuildConfiguration;
			baseConfigurationReference = 387D9ECA4C3BC75C254AB373 /* Pods-SecurePlace2UITests.debug.xcconfig */;
			buildSettings = {
				ALWAYS_EMBED_SWIFT_STANDARD_LIBRARIES = YES;
				CODE_SIGN_STYLE = Automatic;
				DEVELOPMENT_TEAM = 42HSZXZUT7;
				INFOPLIST_FILE = SecurePlace2UITests/Info.plist;
				LD_RUNPATH_SEARCH_PATHS = "$(inherited) @executable_path/Frameworks @loader_path/Frameworks";
				PRODUCT_BUNDLE_IDENTIFIER = com.hilton.SecurePlace2UITests;
				PRODUCT_NAME = "$(TARGET_NAME)";
				SWIFT_VERSION = 4.2;
				TARGETED_DEVICE_FAMILY = "1,2";
				TEST_TARGET_NAME = SecurePlace2;
			};
			name = Debug;
		};
		B11ECCCC225B42E700B2CC4E /* Release */ = {
			isa = XCBuildConfiguration;
			baseConfigurationReference = 4A0D77BB0CE786C1EBE7323F /* Pods-SecurePlace2UITests.release.xcconfig */;
			buildSettings = {
				ALWAYS_EMBED_SWIFT_STANDARD_LIBRARIES = YES;
				CODE_SIGN_STYLE = Automatic;
				DEVELOPMENT_TEAM = 42HSZXZUT7;
				INFOPLIST_FILE = SecurePlace2UITests/Info.plist;
				LD_RUNPATH_SEARCH_PATHS = "$(inherited) @executable_path/Frameworks @loader_path/Frameworks";
				PRODUCT_BUNDLE_IDENTIFIER = com.hilton.SecurePlace2UITests;
				PRODUCT_NAME = "$(TARGET_NAME)";
				SWIFT_VERSION = 4.2;
				TARGETED_DEVICE_FAMILY = "1,2";
				TEST_TARGET_NAME = SecurePlace2;
			};
			name = Release;
		};
/* End XCBuildConfiguration section */

/* Begin XCConfigurationList section */
		B11ECC97225B42E500B2CC4E /* Build configuration list for PBXProject "SecurePlace2" */ = {
			isa = XCConfigurationList;
			buildConfigurations = (
				B11ECCC2225B42E700B2CC4E /* Debug */,
				B11ECCC3225B42E700B2CC4E /* Release */,
			);
			defaultConfigurationIsVisible = 0;
			defaultConfigurationName = Release;
		};
		B11ECCC4225B42E700B2CC4E /* Build configuration list for PBXNativeTarget "SecurePlace2" */ = {
			isa = XCConfigurationList;
			buildConfigurations = (
				B11ECCC5225B42E700B2CC4E /* Debug */,
				B11ECCC6225B42E700B2CC4E /* Release */,
			);
			defaultConfigurationIsVisible = 0;
			defaultConfigurationName = Release;
		};
		B11ECCC7225B42E700B2CC4E /* Build configuration list for PBXNativeTarget "SecurePlace2Tests" */ = {
			isa = XCConfigurationList;
			buildConfigurations = (
				B11ECCC8225B42E700B2CC4E /* Debug */,
				B11ECCC9225B42E700B2CC4E /* Release */,
			);
			defaultConfigurationIsVisible = 0;
			defaultConfigurationName = Release;
		};
		B11ECCCA225B42E700B2CC4E /* Build configuration list for PBXNativeTarget "SecurePlace2UITests" */ = {
			isa = XCConfigurationList;
			buildConfigurations = (
				B11ECCCB225B42E700B2CC4E /* Debug */,
				B11ECCCC225B42E700B2CC4E /* Release */,
			);
			defaultConfigurationIsVisible = 0;
			defaultConfigurationName = Release;
		};
/* End XCConfigurationList section */
	};
	rootObject = B11ECC94225B42E500B2CC4E /* Project object */;
}
