// !$*UTF8*$!
{
	archiveVersion = 1;
	classes = {
	};
	objectVersion = 50;
	objects = {

/* Begin PBXBuildFile section */
		B11ECCA0225B42E500B2CC4E /* AppDelegate.swift in Sources */ = {isa = PBXBuildFile; fileRef = B11ECC9F225B42E500B2CC4E /* AppDelegate.swift */; };
		B11ECCA2225B42E500B2CC4E /* ViewController.swift in Sources */ = {isa = PBXBuildFile; fileRef = B11ECCA1225B42E500B2CC4E /* ViewController.swift */; };
		B11ECCA5225B42E500B2CC4E /* Main.storyboard in Resources */ = {isa = PBXBuildFile; fileRef = B11ECCA3225B42E500B2CC4E /* Main.storyboard */; };
		B11ECCA7225B42E700B2CC4E /* Assets.xcassets in Resources */ = {isa = PBXBuildFile; fileRef = B11ECCA6225B42E700B2CC4E /* Assets.xcassets */; };
		B11ECCAA225B42E700B2CC4E /* LaunchScreen.storyboard in Resources */ = {isa = PBXBuildFile; fileRef = B11ECCA8225B42E700B2CC4E /* LaunchScreen.storyboard */; };
		B11ECCB5225B42E700B2CC4E /* SecurePlace2Tests.swift in Sources */ = {isa = PBXBuildFile; fileRef = B11ECCB4225B42E700B2CC4E /* SecurePlace2Tests.swift */; };
		B11ECCC0225B42E700B2CC4E /* SecurePlace2UITests.swift in Sources */ = {isa = PBXBuildFile; fileRef = B11ECCBF225B42E700B2CC4E /* SecurePlace2UITests.swift */; };
/* End PBXBuildFile section */

/* Begin PBXContainerItemProxy section */
		B11ECCB1225B42E700B2CC4E /* PBXContainerItemProxy */ = {
			isa = PBXContainerItemProxy;
			containerPortal = B11ECC94225B42E500B2CC4E /* Project object */;
			proxyType = 1;
			remoteGlobalIDString = B11ECC9B225B42E500B2CC4E;
			remoteInfo = SecurePlace2;
		};
		B11ECCBC225B42E700B2CC4E /* PBXContainerItemProxy */ = {
			isa = PBXContainerItemProxy;
			containerPortal = B11ECC94225B42E500B2CC4E /* Project object */;
			proxyType = 1;
			remoteGlobalIDString = B11ECC9B225B42E500B2CC4E;
			remoteInfo = SecurePlace2;
		};
/* End PBXContainerItemProxy section */

/* Begin PBXFileReference section */
		B11ECC9C225B42E500B2CC4E /* SecurePlace2.app */ = {isa = PBXFileReference; explicitFileType = wrapper.application; includeInIndex = 0; path = SecurePlace2.app; sourceTree = BUILT_PRODUCTS_DIR; };
		B11ECC9F225B42E500B2CC4E /* AppDelegate.swift */ = {isa = PBXFileReference; lastKnownFileType = sourcecode.swift; path = AppDelegate.swift; sourceTree = "<group>"; };
		B11ECCA1225B42E500B2CC4E /* ViewController.swift */ = {isa = PBXFileReference; lastKnownFileType = sourcecode.swift; path = ViewController.swift; sourceTree = "<group>"; };
		B11ECCA4225B42E500B2CC4E /* Base */ = {isa = PBXFileReference; lastKnownFileType = file.storyboard; name = Base; path = Base.lproj/Main.storyboard; sourceTree = "<group>"; };
		B11ECCA6225B42E700B2CC4E /* Assets.xcassets */ = {isa = PBXFileReference; lastKnownFileType = folder.assetcatalog; path = Assets.xcassets; sourceTree = "<group>"; };
		B11ECCA9225B42E700B2CC4E /* Base */ = {isa = PBXFileReference; lastKnownFileType = file.storyboard; name = Base; path = Base.lproj/LaunchScreen.storyboard; sourceTree = "<group>"; };
		B11ECCAB225B42E700B2CC4E /* Info.plist */ = {isa = PBXFileReference; lastKnownFileType = text.plist.xml; path = Info.plist; sourceTree = "<group>"; };
		B11ECCB0225B42E700B2CC4E /* SecurePlace2Tests.xctest */ = {isa = PBXFileReference; explicitFileType = wrapper.cfbundle; includeInIndex = 0; path = SecurePlace2Tests.xctest; sourceTree = BUILT_PRODUCTS_DIR; };
		B11ECCB4225B42E700B2CC4E /* SecurePlace2Tests.swift */ = {isa = PBXFileReference; lastKnownFileType = sourcecode.swift; path = SecurePlace2Tests.swift; sourceTree = "<group>"; };
		B11ECCB6225B42E700B2CC4E /* Info.plist */ = {isa = PBXFileReference; lastKnownFileType = text.plist.xml; path = Info.plist; sourceTree = "<group>"; };
		B11ECCBB225B42E700B2CC4E /* SecurePlace2UITests.xctest */ = {isa = PBXFileReference; explicitFileType = wrapper.cfbundle; includeInIndex = 0; path = SecurePlace2UITests.xctest; sourceTree = BUILT_PRODUCTS_DIR; };
		B11ECCBF225B42E700B2CC4E /* SecurePlace2UITests.swift */ = {isa = PBXFileReference; lastKnownFileType = sourcecode.swift; path = SecurePlace2UITests.swift; sourceTree = "<group>"; };
		B11ECCC1225B42E700B2CC4E /* Info.plist */ = {isa = PBXFileReference; lastKnownFileType = text.plist.xml; path = Info.plist; sourceTree = "<group>"; };
/* End PBXFileReference section */

/* Begin PBXFrameworksBuildPhase section */
		B11ECC99225B42E500B2CC4E /* Frameworks */ = {
			isa = PBXFrameworksBuildPhase;
			buildActionMask = 2147483647;
			files = (
			);
			runOnlyForDeploymentPostprocessing = 0;
		};
		B11ECCAD225B42E700B2CC4E /* Frameworks */ = {
			isa = PBXFrameworksBuildPhase;
			buildActionMask = 2147483647;
			files = (
			);
			runOnlyForDeploymentPostprocessing = 0;
		};
		B11ECCB8225B42E700B2CC4E /* Frameworks */ = {
			isa = PBXFrameworksBuildPhase;
			buildActionMask = 2147483647;
			files = (
			);
			runOnlyForDeploymentPostprocessing = 0;
		};
/* End PBXFrameworksBuildPhase section */

/* Begin PBXGroup section */
		B11ECC93225B42E500B2CC4E = {
			isa = PBXGroup;
			children = (
				B11ECC9E225B42E500B2CC4E /* SecurePlace2 */,
				B11ECCB3225B42E700B2CC4E /* SecurePlace2Tests */,
				B11ECCBE225B42E700B2CC4E /* SecurePlace2UITests */,
				B11ECC9D225B42E500B2CC4E /* Products */,
			);
			sourceTree = "<group>";
		};
		B11ECC9D225B42E500B2CC4E /* Products */ = {
			isa = PBXGroup;
			children = (
				B11ECC9C225B42E500B2CC4E /* SecurePlace2.app */,
				B11ECCB0225B42E700B2CC4E /* SecurePlace2Tests.xctest */,
				B11ECCBB225B42E700B2CC4E /* SecurePlace2UITests.xctest */,
			);
			name = Products;
			sourceTree = "<group>";
		};
		B11ECC9E225B42E500B2CC4E /* SecurePlace2 */ = {
			isa = PBXGroup;
			children = (
				B11ECC9F225B42E500B2CC4E /* AppDelegate.swift */,
				B11ECCA1225B42E500B2CC4E /* ViewController.swift */,
				B11ECCA3225B42E500B2CC4E /* Main.storyboard */,
				B11ECCA6225B42E700B2CC4E /* Assets.xcassets */,
				B11ECCA8225B42E700B2CC4E /* LaunchScreen.storyboard */,
				B11ECCAB225B42E700B2CC4E /* Info.plist */,
			);
			path = SecurePlace2;
			sourceTree = "<group>";
		};
		B11ECCB3225B42E700B2CC4E /* SecurePlace2Tests */ = {
			isa = PBXGroup;
			children = (
				B11ECCB4225B42E700B2CC4E /* SecurePlace2Tests.swift */,
				B11ECCB6225B42E700B2CC4E /* Info.plist */,
			);
			path = SecurePlace2Tests;
			sourceTree = "<group>";
		};
		B11ECCBE225B42E700B2CC4E /* SecurePlace2UITests */ = {
			isa = PBXGroup;
			children = (
				B11ECCBF225B42E700B2CC4E /* SecurePlace2UITests.swift */,
				B11ECCC1225B42E700B2CC4E /* Info.plist */,
			);
			path = SecurePlace2UITests;
			sourceTree = "<group>";
		};
/* End PBXGroup section */

/* Begin PBXNativeTarget section */
		B11ECC9B225B42E500B2CC4E /* SecurePlace2 */ = {
			isa = PBXNativeTarget;
			buildConfigurationList = B11ECCC4225B42E700B2CC4E /* Build configuration list for PBXNativeTarget "SecurePlace2" */;
			buildPhases = (
				B11ECC98225B42E500B2CC4E /* Sources */,
				B11ECC99225B42E500B2CC4E /* Frameworks */,
				B11ECC9A225B42E500B2CC4E /* Resources */,
			);
			buildRules = (
			);
			dependencies = (
			);
			name = SecurePlace2;
			productName = SecurePlace2;
			productReference = B11ECC9C225B42E500B2CC4E /* SecurePlace2.app */;
			productType = "com.apple.product-type.application";
		};
		B11ECCAF225B42E700B2CC4E /* SecurePlace2Tests */ = {
			isa = PBXNativeTarget;
			buildConfigurationList = B11ECCC7225B42E700B2CC4E /* Build configuration list for PBXNativeTarget "SecurePlace2Tests" */;
			buildPhases = (
				B11ECCAC225B42E700B2CC4E /* Sources */,
				B11ECCAD225B42E700B2CC4E /* Frameworks */,
				B11ECCAE225B42E700B2CC4E /* Resources */,
			);
			buildRules = (
			);
			dependencies = (
				B11ECCB2225B42E700B2CC4E /* PBXTargetDependency */,
			);
			name = SecurePlace2Tests;
			productName = SecurePlace2Tests;
			productReference = B11ECCB0225B42E700B2CC4E /* SecurePlace2Tests.xctest */;
			productType = "com.apple.product-type.bundle.unit-test";
		};
		B11ECCBA225B42E700B2CC4E /* SecurePlace2UITests */ = {
			isa = PBXNativeTarget;
			buildConfigurationList = B11ECCCA225B42E700B2CC4E /* Build configuration list for PBXNativeTarget "SecurePlace2UITests" */;
			buildPhases = (
				B11ECCB7225B42E700B2CC4E /* Sources */,
				B11ECCB8225B42E700B2CC4E /* Frameworks */,
				B11ECCB9225B42E700B2CC4E /* Resources */,
			);
			buildRules = (
			);
			dependencies = (
				B11ECCBD225B42E700B2CC4E /* PBXTargetDependency */,
			);
			name = SecurePlace2UITests;
			productName = SecurePlace2UITests;
			productReference = B11ECCBB225B42E700B2CC4E /* SecurePlace2UITests.xctest */;
			productType = "com.apple.product-type.bundle.ui-testing";
		};
/* End PBXNativeTarget section */

/* Begin PBXProject section */
		B11ECC94225B42E500B2CC4E /* Project object */ = {
			isa = PBXProject;
			attributes = {
				LastSwiftUpdateCheck = 1000;
				LastUpgradeCheck = 1000;
				ORGANIZATIONNAME = "Oleksandr Bambulyak";
				TargetAttributes = {
					B11ECC9B225B42E500B2CC4E = {
						CreatedOnToolsVersion = 10.0;
					};
					B11ECCAF225B42E700B2CC4E = {
						CreatedOnToolsVersion = 10.0;
						TestTargetID = B11ECC9B225B42E500B2CC4E;
					};
					B11ECCBA225B42E700B2CC4E = {
						CreatedOnToolsVersion = 10.0;
						TestTargetID = B11ECC9B225B42E500B2CC4E;
					};
				};
			};
			buildConfigurationList = B11ECC97225B42E500B2CC4E /* Build configuration list for PBXProject "SecurePlace2" */;
			compatibilityVersion = "Xcode 9.3";
			developmentRegion = en;
			hasScannedForEncodings = 0;
			knownRegions = (
				en,
				Base,
			);
			mainGroup = B11ECC93225B42E500B2CC4E;
			productRefGroup = B11ECC9D225B42E500B2CC4E /* Products */;
			projectDirPath = "";
			projectRoot = "";
			targets = (
				B11ECC9B225B42E500B2CC4E /* SecurePlace2 */,
				B11ECCAF225B42E700B2CC4E /* SecurePlace2Tests */,
				B11ECCBA225B42E700B2CC4E /* SecurePlace2UITests */,
			);
		};
/* End PBXProject section */

/* Begin PBXResourcesBuildPhase section */
		B11ECC9A225B42E500B2CC4E /* Resources */ = {
			isa = PBXResourcesBuildPhase;
			buildActionMask = 2147483647;
			files = (
				B11ECCAA225B42E700B2CC4E /* LaunchScreen.storyboard in Resources */,
				B11ECCA7225B42E700B2CC4E /* Assets.xcassets in Resources */,
				B11ECCA5225B42E500B2CC4E /* Main.storyboard in Resources */,
			);
			runOnlyForDeploymentPostprocessing = 0;
		};
		B11ECCAE225B42E700B2CC4E /* Resources */ = {
			isa = PBXResourcesBuildPhase;
			buildActionMask = 2147483647;
			files = (
			);
			runOnlyForDeploymentPostprocessing = 0;
		};
		B11ECCB9225B42E700B2CC4E /* Resources */ = {
			isa = PBXResourcesBuildPhase;
			buildActionMask = 2147483647;
			files = (
			);
			runOnlyForDeploymentPostprocessing = 0;
		};
/* End PBXResourcesBuildPhase section */

/* Begin PBXSourcesBuildPhase section */
		B11ECC98225B42E500B2CC4E /* Sources */ = {
			isa = PBXSourcesBuildPhase;
			buildActionMask = 2147483647;
			files = (
				B11ECCA2225B42E500B2CC4E /* ViewController.swift in Sources */,
				B11ECCA0225B42E500B2CC4E /* AppDelegate.swift in Sources */,
			);
			runOnlyForDeploymentPostprocessing = 0;
		};
		B11ECCAC225B42E700B2CC4E /* Sources */ = {
			isa = PBXSourcesBuildPhase;
			buildActionMask = 2147483647;
			files = (
				B11ECCB5225B42E700B2CC4E /* SecurePlace2Tests.swift in Sources */,
			);
			runOnlyForDeploymentPostprocessing = 0;
		};
		B11ECCB7225B42E700B2CC4E /* Sources */ = {
			isa = PBXSourcesBuildPhase;
			buildActionMask = 2147483647;
			files = (
				B11ECCC0225B42E700B2CC4E /* SecurePlace2UITests.swift in Sources */,
			);
			runOnlyForDeploymentPostprocessing = 0;
		};
/* End PBXSourcesBuildPhase section */

/* Begin PBXTargetDependency section */
		B11ECCB2225B42E700B2CC4E /* PBXTargetDependency */ = {
			isa = PBXTargetDependency;
			target = B11ECC9B225B42E500B2CC4E /* SecurePlace2 */;
			targetProxy = B11ECCB1225B42E700B2CC4E /* PBXContainerItemProxy */;
		};
		B11ECCBD225B42E700B2CC4E /* PBXTargetDependency */ = {
			isa = PBXTargetDependency;
			target = B11ECC9B225B42E500B2CC4E /* SecurePlace2 */;
			targetProxy = B11ECCBC225B42E700B2CC4E /* PBXContainerItemProxy */;
		};
/* End PBXTargetDependency section */

/* Begin PBXVariantGroup section */
		B11ECCA3225B42E500B2CC4E /* Main.storyboard */ = {
			isa = PBXVariantGroup;
			children = (
				B11ECCA4225B42E500B2CC4E /* Base */,
			);
			name = Main.storyboard;
			sourceTree = "<group>";
		};
		B11ECCA8225B42E700B2CC4E /* LaunchScreen.storyboard */ = {
			isa = PBXVariantGroup;
			children = (
				B11ECCA9225B42E700B2CC4E /* Base */,
			);
			name = LaunchScreen.storyboard;
			sourceTree = "<group>";
		};
/* End PBXVariantGroup section */

/* Begin XCBuildConfiguration section */
		B11ECCC2225B42E700B2CC4E /* Debug */ = {
			isa = XCBuildConfiguration;
			buildSettings = {
				ALWAYS_SEARCH_USER_PATHS = NO;
				CLANG_ANALYZER_NONNULL = YES;
				CLANG_ANALYZER_NUMBER_OBJECT_CONVERSION = YES_AGGRESSIVE;
				CLANG_CXX_LANGUAGE_STANDARD = "gnu++14";
				CLANG_CXX_LIBRARY = "libc++";
				CLANG_ENABLE_MODULES = YES;
				CLANG_ENABLE_OBJC_ARC = YES;
				CLANG_ENABLE_OBJC_WEAK = YES;
				CLANG_WARN_BLOCK_CAPTURE_AUTORELEASING = YES;
				CLANG_WARN_BOOL_CONVERSION = YES;
				CLANG_WARN_COMMA = YES;
				CLANG_WARN_CONSTANT_CONVERSION = YES;
				CLANG_WARN_DEPRECATED_OBJC_IMPLEMENTATIONS = YES;
				CLANG_WARN_DIRECT_OBJC_ISA_USAGE = YES_ERROR;
				CLANG_WARN_DOCUMENTATION_COMMENTS = YES;
				CLANG_WARN_EMPTY_BODY = YES;
				CLANG_WARN_ENUM_CONVERSION = YES;
				CLANG_WARN_INFINITE_RECURSION = YES;
				CLANG_WARN_INT_CONVERSION = YES;
				CLANG_WARN_NON_LITERAL_NULL_CONVERSION = YES;
				CLANG_WARN_OBJC_IMPLICIT_RETAIN_SELF = YES;
				CLANG_WARN_OBJC_LITERAL_CONVERSION = YES;
				CLANG_WARN_OBJC_ROOT_CLASS = YES_ERROR;
				CLANG_WARN_RANGE_LOOP_ANALYSIS = YES;
				CLANG_WARN_STRICT_PROTOTYPES = YES;
				CLANG_WARN_SUSPICIOUS_MOVE = YES;
				CLANG_WARN_UNGUARDED_AVAILABILITY = YES_AGGRESSIVE;
				CLANG_WARN_UNREACHABLE_CODE = YES;
				CLANG_WARN__DUPLICATE_METHOD_MATCH = YES;
				CODE_SIGN_IDENTITY = "iPhone Developer";
				COPY_PHASE_STRIP = NO;
				DEBUG_INFORMATION_FORMAT = dwarf;
				ENABLE_STRICT_OBJC_MSGSEND = YES;
				ENABLE_TESTABILITY = YES;
				GCC_C_LANGUAGE_STANDARD = gnu11;
				GCC_DYNAMIC_NO_PIC = NO;
				GCC_NO_COMMON_BLOCKS = YES;
				GCC_OPTIMIZATION_LEVEL = 0;
				GCC_PREPROCESSOR_DEFINITIONS = (
					"DEBUG=1",
					"$(inherited)",
				);
				GCC_WARN_64_TO_32_BIT_CONVERSION = YES;
				GCC_WARN_ABOUT_RETURN_TYPE = YES_ERROR;
				GCC_WARN_UNDECLARED_SELECTOR = YES;
				GCC_WARN_UNINITIALIZED_AUTOS = YES_AGGRESSIVE;
				GCC_WARN_UNUSED_FUNCTION = YES;
				GCC_WARN_UNUSED_VARIABLE = YES;
				IPHONEOS_DEPLOYMENT_TARGET = 12.0;
				MTL_ENABLE_DEBUG_INFO = INCLUDE_SOURCE;
				MTL_FAST_MATH = YES;
				ONLY_ACTIVE_ARCH = YES;
				SDKROOT = iphoneos;
				SWIFT_ACTIVE_COMPILATION_CONDITIONS = DEBUG;
				SWIFT_OPTIMIZATION_LEVEL = "-Onone";
			};
			name = Debug;
		};
		B11ECCC3225B42E700B2CC4E /* Release */ = {
			isa = XCBuildConfiguration;
			buildSettings = {
				ALWAYS_SEARCH_USER_PATHS = NO;
				CLANG_ANALYZER_NONNULL = YES;
				CLANG_ANALYZER_NUMBER_OBJECT_CONVERSION = YES_AGGRESSIVE;
				CLANG_CXX_LANGUAGE_STANDARD = "gnu++14";
				CLANG_CXX_LIBRARY = "libc++";
				CLANG_ENABLE_MODULES = YES;
				CLANG_ENABLE_OBJC_ARC = YES;
				CLANG_ENABLE_OBJC_WEAK = YES;
				CLANG_WARN_BLOCK_CAPTURE_AUTORELEASING = YES;
				CLANG_WARN_BOOL_CONVERSION = YES;
				CLANG_WARN_COMMA = YES;
				CLANG_WARN_CONSTANT_CONVERSION = YES;
				CLANG_WARN_DEPRECATED_OBJC_IMPLEMENTATIONS = YES;
				CLANG_WARN_DIRECT_OBJC_ISA_USAGE = YES_ERROR;
				CLANG_WARN_DOCUMENTATION_COMMENTS = YES;
				CLANG_WARN_EMPTY_BODY = YES;
				CLANG_WARN_ENUM_CONVERSION = YES;
				CLANG_WARN_INFINITE_RECURSION = YES;
				CLANG_WARN_INT_CONVERSION = YES;
				CLANG_WARN_NON_LITERAL_NULL_CONVERSION = YES;
				CLANG_WARN_OBJC_IMPLICIT_RETAIN_SELF = YES;
				CLANG_WARN_OBJC_LITERAL_CONVERSION = YES;
				CLANG_WARN_OBJC_ROOT_CLASS = YES_ERROR;
				CLANG_WARN_RANGE_LOOP_ANALYSIS = YES;
				CLANG_WARN_STRICT_PROTOTYPES = YES;
				CLANG_WARN_SUSPICIOUS_MOVE = YES;
				CLANG_WARN_UNGUARDED_AVAILABILITY = YES_AGGRESSIVE;
				CLANG_WARN_UNREACHABLE_CODE = YES;
				CLANG_WARN__DUPLICATE_METHOD_MATCH = YES;
				CODE_SIGN_IDENTITY = "iPhone Developer";
				COPY_PHASE_STRIP = NO;
				DEBUG_INFORMATION_FORMAT = "dwarf-with-dsym";
				ENABLE_NS_ASSERTIONS = NO;
				ENABLE_STRICT_OBJC_MSGSEND = YES;
				GCC_C_LANGUAGE_STANDARD = gnu11;
				GCC_NO_COMMON_BLOCKS = YES;
				GCC_WARN_64_TO_32_BIT_CONVERSION = YES;
				GCC_WARN_ABOUT_RETURN_TYPE = YES_ERROR;
				GCC_WARN_UNDECLARED_SELECTOR = YES;
				GCC_WARN_UNINITIALIZED_AUTOS = YES_AGGRESSIVE;
				GCC_WARN_UNUSED_FUNCTION = YES;
				GCC_WARN_UNUSED_VARIABLE = YES;
				IPHONEOS_DEPLOYMENT_TARGET = 12.0;
				MTL_ENABLE_DEBUG_INFO = NO;
				MTL_FAST_MATH = YES;
				SDKROOT = iphoneos;
				SWIFT_COMPILATION_MODE = wholemodule;
				SWIFT_OPTIMIZATION_LEVEL = "-O";
				VALIDATE_PRODUCT = YES;
			};
			name = Release;
		};
		B11ECCC5225B42E700B2CC4E /* Debug */ = {
			isa = XCBuildConfiguration;
			buildSettings = {
				ASSETCATALOG_COMPILER_APPICON_NAME = AppIcon;
				CODE_SIGN_STYLE = Automatic;
				DEVELOPMENT_TEAM = 42HSZXZUT7;
				INFOPLIST_FILE = SecurePlace2/Info.plist;
				LD_RUNPATH_SEARCH_PATHS = (
					"$(inherited)",
					"@executable_path/Frameworks",
				);
				PRODUCT_BUNDLE_IDENTIFIER = com.hilton.SecurePlace2;
				PRODUCT_NAME = "$(TARGET_NAME)";
				SWIFT_VERSION = 4.2;
				TARGETED_DEVICE_FAMILY = "1,2";
			};
			name = Debug;
		};
		B11ECCC6225B42E700B2CC4E /* Release */ = {
			isa = XCBuildConfiguration;
			buildSettings = {
				ASSETCATALOG_COMPILER_APPICON_NAME = AppIcon;
				CODE_SIGN_STYLE = Automatic;
				DEVELOPMENT_TEAM = 42HSZXZUT7;
				INFOPLIST_FILE = SecurePlace2/Info.plist;
				LD_RUNPATH_SEARCH_PATHS = (
					"$(inherited)",
					"@executable_path/Frameworks",
				);
				PRODUCT_BUNDLE_IDENTIFIER = com.hilton.SecurePlace2;
				PRODUCT_NAME = "$(TARGET_NAME)";
				SWIFT_VERSION = 4.2;
				TARGETED_DEVICE_FAMILY = "1,2";
			};
			name = Release;
		};
		B11ECCC8225B42E700B2CC4E /* Debug */ = {
			isa = XCBuildConfiguration;
			buildSettings = {
				ALWAYS_EMBED_SWIFT_STANDARD_LIBRARIES = YES;
				BUNDLE_LOADER = "$(TEST_HOST)";
				CODE_SIGN_STYLE = Automatic;
				DEVELOPMENT_TEAM = 42HSZXZUT7;
				INFOPLIST_FILE = SecurePlace2Tests/Info.plist;
				LD_RUNPATH_SEARCH_PATHS = (
					"$(inherited)",
					"@executable_path/Frameworks",
					"@loader_path/Frameworks",
				);
				PRODUCT_BUNDLE_IDENTIFIER = com.hilton.SecurePlace2Tests;
				PRODUCT_NAME = "$(TARGET_NAME)";
				SWIFT_VERSION = 4.2;
				TARGETED_DEVICE_FAMILY = "1,2";
				TEST_HOST = "$(BUILT_PRODUCTS_DIR)/SecurePlace2.app/SecurePlace2";
			};
			name = Debug;
		};
		B11ECCC9225B42E700B2CC4E /* Release */ = {
			isa = XCBuildConfiguration;
			buildSettings = {
				ALWAYS_EMBED_SWIFT_STANDARD_LIBRARIES = YES;
				BUNDLE_LOADER = "$(TEST_HOST)";
				CODE_SIGN_STYLE = Automatic;
				DEVELOPMENT_TEAM = 42HSZXZUT7;
				INFOPLIST_FILE = SecurePlace2Tests/Info.plist;
				LD_RUNPATH_SEARCH_PATHS = (
					"$(inherited)",
					"@executable_path/Frameworks",
					"@loader_path/Frameworks",
				);
				PRODUCT_BUNDLE_IDENTIFIER = com.hilton.SecurePlace2Tests;
				PRODUCT_NAME = "$(TARGET_NAME)";
				SWIFT_VERSION = 4.2;
				TARGETED_DEVICE_FAMILY = "1,2";
				TEST_HOST = "$(BUILT_PRODUCTS_DIR)/SecurePlace2.app/SecurePlace2";
			};
			name = Release;
		};
		B11ECCCB225B42E700B2CC4E /* Debug */ = {
			isa = XCBuildConfiguration;
			buildSettings = {
				ALWAYS_EMBED_SWIFT_STANDARD_LIBRARIES = YES;
				CODE_SIGN_STYLE = Automatic;
				DEVELOPMENT_TEAM = 42HSZXZUT7;
				INFOPLIST_FILE = SecurePlace2UITests/Info.plist;
				LD_RUNPATH_SEARCH_PATHS = (
					"$(inherited)",
					"@executable_path/Frameworks",
					"@loader_path/Frameworks",
				);
				PRODUCT_BUNDLE_IDENTIFIER = com.hilton.SecurePlace2UITests;
				PRODUCT_NAME = "$(TARGET_NAME)";
				SWIFT_VERSION = 4.2;
				TARGETED_DEVICE_FAMILY = "1,2";
				TEST_TARGET_NAME = SecurePlace2;
			};
			name = Debug;
		};
		B11ECCCC225B42E700B2CC4E /* Release */ = {
			isa = XCBuildConfiguration;
			buildSettings = {
				ALWAYS_EMBED_SWIFT_STANDARD_LIBRARIES = YES;
				CODE_SIGN_STYLE = Automatic;
				DEVELOPMENT_TEAM = 42HSZXZUT7;
				INFOPLIST_FILE = SecurePlace2UITests/Info.plist;
				LD_RUNPATH_SEARCH_PATHS = (
					"$(inherited)",
					"@executable_path/Frameworks",
					"@loader_path/Frameworks",
				);
				PRODUCT_BUNDLE_IDENTIFIER = com.hilton.SecurePlace2UITests;
				PRODUCT_NAME = "$(TARGET_NAME)";
				SWIFT_VERSION = 4.2;
				TARGETED_DEVICE_FAMILY = "1,2";
				TEST_TARGET_NAME = SecurePlace2;
			};
			name = Release;
		};
/* End XCBuildConfiguration section */

/* Begin XCConfigurationList section */
		B11ECC97225B42E500B2CC4E /* Build configuration list for PBXProject "SecurePlace2" */ = {
			isa = XCConfigurationList;
			buildConfigurations = (
				B11ECCC2225B42E700B2CC4E /* Debug */,
				B11ECCC3225B42E700B2CC4E /* Release */,
			);
			defaultConfigurationIsVisible = 0;
			defaultConfigurationName = Release;
		};
		B11ECCC4225B42E700B2CC4E /* Build configuration list for PBXNativeTarget "SecurePlace2" */ = {
			isa = XCConfigurationList;
			buildConfigurations = (
				B11ECCC5225B42E700B2CC4E /* Debug */,
				B11ECCC6225B42E700B2CC4E /* Release */,
			);
			defaultConfigurationIsVisible = 0;
			defaultConfigurationName = Release;
		};
		B11ECCC7225B42E700B2CC4E /* Build configuration list for PBXNativeTarget "SecurePlace2Tests" */ = {
			isa = XCConfigurationList;
			buildConfigurations = (
				B11ECCC8225B42E700B2CC4E /* Debug */,
				B11ECCC9225B42E700B2CC4E /* Release */,
			);
			defaultConfigurationIsVisible = 0;
			defaultConfigurationName = Release;
		};
		B11ECCCA225B42E700B2CC4E /* Build configuration list for PBXNativeTarget "SecurePlace2UITests" */ = {
			isa = XCConfigurationList;
			buildConfigurations = (
				B11ECCCB225B42E700B2CC4E /* Debug */,
				B11ECCCC225B42E700B2CC4E /* Release */,
			);
			defaultConfigurationIsVisible = 0;
			defaultConfigurationName = Release;
		};
/* End XCConfigurationList section */
	};
	rootObject = B11ECC94225B42E500B2CC4E /* Project object */;
}
